<?xml version="1.0" encoding="utf-8"?>
<Project ToolsVersion="4.0" xmlns="http://schemas.microsoft.com/developer/msbuild/2003">
  <ItemGroup>
    <Filter Include="ui.core.gdt">
      <UniqueIdentifier>{40e8f24e-a0d5-44bb-9b89-b91b5c78828d}</UniqueIdentifier>
    </Filter>
    <Filter Include="ui.core.iceapple">
      <UniqueIdentifier>{2c585664-6e90-4bd4-9618-0d9db0759390}</UniqueIdentifier>
    </Filter>
    <Filter Include="autogen">
      <UniqueIdentifier>{873feb10-0813-4e20-a1be-6f2709a1eaf1}</UniqueIdentifier>
    </Filter>
    <Filter Include="ui.core.services">
      <UniqueIdentifier>{d9ea72dd-aec8-427f-b374-a390f50b2578}</UniqueIdentifier>
    </Filter>
  </ItemGroup>
  <ItemGroup>
    <ClCompile Include="..\..\..\..\ui.core.iceapple\animation.core.02\src\hmi_gfx_anim_engine.c">
      <Filter>ui.core.iceapple</Filter>
    </ClCompile>
    <ClCompile Include="..\..\..\..\ui.core.iceapple\animation.core.02\src\hmi_gfx_anim_vm02_if.c">
      <Filter>ui.core.iceapple</Filter>
    </ClCompile>
    <ClCompile Include="..\..\..\..\ui.core.iceapple\language.core.01\src\hmi_language_interface.c">
      <Filter>ui.core.iceapple</Filter>
    </ClCompile>
    <ClCompile Include="..\..\..\..\ui.core.iceapple\view.manager.02\src\hmi_logic_state_handler.c">
      <Filter>ui.core.iceapple</Filter>
    </ClCompile>
    <ClCompile Include="..\..\..\..\ui.core.iceapple\view.manager.02\src\hmi_view_manager_02.c">
      <Filter>ui.core.iceapple</Filter>
    </ClCompile>
    <ClCompile Include="..\..\..\..\ui.core.iceapple\view.manager.02\src\hmi_view_manager_02_autocode.c">
      <Filter>ui.core.iceapple</Filter>
    </ClCompile>
    <ClCompile Include="..\autogen\Default_Font.c">
      <Filter>autogen</Filter>
    </ClCompile>
    <ClCompile Include="..\autogen\hmi_gfx_mgr02_clut_table.c">
      <Filter>autogen</Filter>
    </ClCompile>
    <ClCompile Include="..\autogen\hmi_gfx_mgr02_font.c">
      <Filter>autogen</Filter>
    </ClCompile>
    <ClCompile Include="..\autogen\hmi_gfx_mgr02_vgfont.c">
      <Filter>autogen</Filter>
    </ClCompile>
    <ClCompile Include="..\language\hmi_language_1.c">
      <Filter>autogen</Filter>
    </ClCompile>
    <ClCompile Include="..\common\gui_ogl_sim_main.c" />
    <ClCompile Include="..\..\..\..\..\services\ui.core.services\hmi.bidi.algo.01\src\hmi_arabic_cursive_join.c">
      <Filter>ui.core.services</Filter>
    </ClCompile>
    <ClCompile Include="..\..\..\..\..\services\ui.core.services\hmi.bidi.algo.01\src\hmi_bidi_algo.c">
      <Filter>ui.core.services</Filter>
    </ClCompile>
    <ClCompile Include="..\..\..\..\..\gdt\ui_core_gdt\ui.core.gdt\hmi.gfx.manager.02\src\hmi_gfx_mgr02_context.c">
      <Filter>ui.core.gdt</Filter>
    </ClCompile>
    <ClCompile Include="..\..\..\..\..\gdt\ui_core_gdt\ui.core.gdt\hmi.gfx.manager.02\src\hmi_gfx_mgr02_dcu.c">
      <Filter>ui.core.gdt</Filter>
    </ClCompile>
    <ClCompile Include="..\..\..\..\..\gdt\ui_core_gdt\ui.core.gdt\hmi.gfx.manager.02\src\hmi_gfx_mgr02_dirty_area.c">
      <Filter>ui.core.gdt</Filter>
    </ClCompile>
    <ClCompile Include="..\..\..\..\..\gdt\ui_core_gdt\ui.core.gdt\hmi.gfx.manager.02\src\hmi_gfx_mgr02_driver.c">
      <Filter>ui.core.gdt</Filter>
    </ClCompile>
    <ClCompile Include="..\..\..\..\..\gdt\ui_core_gdt\ui.core.gdt\hmi.gfx.manager.02\src\hmi_gfx_mgr02_generic.c">
      <Filter>ui.core.gdt</Filter>
    </ClCompile>
    <ClCompile Include="..\..\..\..\..\gdt\ui_core_gdt\ui.core.gdt\osal\sosa\hmi_gfx_mgr02_if.c">
      <Filter>ui.core.gdt</Filter>
    </ClCompile>
    <ClCompile Include="..\..\..\..\..\gdt\ui_core_gdt\ui.core.gdt\osal\sosa\hmi_gfx_mgr02_if_chart.c">
      <Filter>ui.core.gdt</Filter>
    </ClCompile>
    <ClCompile Include="..\..\..\..\..\gdt\ui_core_gdt\ui.core.gdt\osal\sosa\hmi_gfx_mgr02_if_model_autocode.c">
      <Filter>ui.core.gdt</Filter>
    </ClCompile>
    <ClCompile Include="..\..\..\..\..\gdt\ui_core_gdt\ui.core.gdt\hmi.gfx.manager.02\src\hmi_gfx_mgr02_layout.c">
      <Filter>ui.core.gdt</Filter>
    </ClCompile>
    <ClCompile Include="..\..\..\..\..\gdt\ui_core_gdt\ui.core.gdt\hmi.gfx.manager.02\src\hmi_gfx_mgr02_mem.c">
      <Filter>ui.core.gdt</Filter>
    </ClCompile>
    <ClCompile Include="..\..\..\..\..\gdt\ui_core_gdt\ui.core.gdt\hmi.gfx.manager.02\src\hmi_gfx_mgr02_ogllib.c">
      <Filter>ui.core.gdt</Filter>
    </ClCompile>
    <ClCompile Include="..\..\..\..\..\gdt\ui_core_gdt\ui.core.gdt\hmi.gfx.manager.02\src\hmi_gfx_mgr02_ovglib.c">
      <Filter>ui.core.gdt</Filter>
    </ClCompile>
    <ClCompile Include="..\..\..\..\..\gdt\ui_core_gdt\ui.core.gdt\hmi.gfx.manager.02\src\hmi_gfx_mgr02_perflog.c">
      <Filter>ui.core.gdt</Filter>
    </ClCompile>
    <ClCompile Include="..\..\..\..\..\gdt\ui_core_gdt\ui.core.gdt\hmi.gfx.manager.02\src\hmi_gfx_mgr02_swrlib.c">
      <Filter>ui.core.gdt</Filter>
    </ClCompile>
    <ClCompile Include="..\..\..\..\..\gdt\ui_core_gdt\ui.core.gdt\hmi.gfx.manager.02\src\hmi_gfx_mgr02_text.c">
      <Filter>ui.core.gdt</Filter>
    </ClCompile>
    <ClCompile Include="..\..\..\..\..\gdt\ui_core_gdt\ui.core.gdt\hmi.gfx.manager.02\src\hmi_gfx_mgr02_cache.c">
      <Filter>ui.core.gdt</Filter>
    </ClCompile>
    <ClCompile Include="..\common\scr_presentation.c" />
  </ItemGroup>
  <ItemGroup>
    <ClInclude Include="..\..\..\..\ui.core.iceapple\animation.core.02\src\hmi_gfx_anim_engine.h">
      <Filter>ui.core.iceapple</Filter>
    </ClInclude>
    <ClInclude Include="..\..\..\..\ui.core.iceapple\animation.core.02\src\hmi_gfx_anim_engine_types.h">
      <Filter>ui.core.iceapple</Filter>
    </ClInclude>
    <ClInclude Include="..\..\..\..\ui.core.iceapple\language.core.01\src\hmi_language_interface.h">
      <Filter>ui.core.iceapple</Filter>
    </ClInclude>
    <ClInclude Include="..\..\..\..\ui.core.iceapple\view.manager.02\src\hmi_logic_state_handler.h">
      <Filter>ui.core.iceapple</Filter>
    </ClInclude>
    <ClInclude Include="..\..\..\..\ui.core.iceapple\view.manager.02\src\hmi_view_manager_02.h">
      <Filter>ui.core.iceapple</Filter>
    </ClInclude>
    <ClInclude Include="..\..\..\..\ui.core.iceapple\view.manager.02\src\hmi_view_manager_02_autocode.h">
      <Filter>ui.core.iceapple</Filter>
    </ClInclude>
    <ClInclude Include="..\..\..\..\..\services\ui.core.services\hmi.bidi.algo.01\src\hmi_arabic_cursive_join.h">
      <Filter>ui.core.services</Filter>
    </ClInclude>
    <ClInclude Include="..\..\..\..\..\services\ui.core.services\hmi.bidi.algo.01\src\hmi_bidi_algo.h">
      <Filter>ui.core.services</Filter>
    </ClInclude>
    <ClInclude Include="..\..\..\..\..\gdt\ui_core_gdt\ui.core.gdt\hmi.gfx.manager.02\src\hmi_gfx_mgr02_cache.h">
      <Filter>ui.core.gdt</Filter>
    </ClInclude>
    <ClInclude Include="..\..\..\..\..\gdt\ui_core_gdt\ui.core.gdt\hmi.gfx.manager.02\src\hmi_gfx_mgr02_context.h">
      <Filter>ui.core.gdt</Filter>
    </ClInclude>
    <ClInclude Include="..\..\..\..\..\gdt\ui_core_gdt\ui.core.gdt\hmi.gfx.manager.02\src\hmi_gfx_mgr02_dcu.h">
      <Filter>ui.core.gdt</Filter>
    </ClInclude>
    <ClInclude Include="..\..\..\..\..\gdt\ui_core_gdt\ui.core.gdt\hmi.gfx.manager.02\src\hmi_gfx_mgr02_defs.h">
      <Filter>ui.core.gdt</Filter>
    </ClInclude>
    <ClInclude Include="..\..\..\..\..\gdt\ui_core_gdt\ui.core.gdt\hmi.gfx.manager.02\src\hmi_gfx_mgr02_dirty_area.h">
      <Filter>ui.core.gdt</Filter>
    </ClInclude>
    <ClInclude Include="..\..\..\..\..\gdt\ui_core_gdt\ui.core.gdt\hmi.gfx.manager.02\src\hmi_gfx_mgr02_driver.h">
      <Filter>ui.core.gdt</Filter>
    </ClInclude>
    <ClInclude Include="..\..\..\..\..\gdt\ui_core_gdt\ui.core.gdt\hmi.gfx.manager.02\src\hmi_gfx_mgr02_generic.h">
      <Filter>ui.core.gdt</Filter>
    </ClInclude>
    <ClInclude Include="..\..\..\..\..\gdt\ui_core_gdt\ui.core.gdt\osal\sosa\hmi_gfx_mgr02_if.h">
      <Filter>ui.core.gdt</Filter>
    </ClInclude>
    <ClInclude Include="..\..\..\..\..\gdt\ui_core_gdt\ui.core.gdt\osal\sosa\hmi_gfx_mgr02_if_chart.h">
      <Filter>ui.core.gdt</Filter>
    </ClInclude>
    <ClInclude Include="..\..\..\..\..\gdt\ui_core_gdt\ui.core.gdt\osal\sosa\hmi_gfx_mgr02_if_model_autocode.h">
      <Filter>ui.core.gdt</Filter>
    </ClInclude>
    <ClInclude Include="..\..\..\..\..\gdt\ui_core_gdt\ui.core.gdt\hmi.gfx.manager.02\src\hmi_gfx_mgr02_layout.h">
      <Filter>ui.core.gdt</Filter>
    </ClInclude>
    <ClInclude Include="..\..\..\..\..\gdt\ui_core_gdt\ui.core.gdt\hmi.gfx.manager.02\src\hmi_gfx_mgr02_mem.h">
      <Filter>ui.core.gdt</Filter>
    </ClInclude>
    <ClInclude Include="..\..\..\..\..\gdt\ui_core_gdt\ui.core.gdt\hmi.gfx.manager.02\src\hmi_gfx_mgr02_ogllib.h">
      <Filter>ui.core.gdt</Filter>
    </ClInclude>
    <ClInclude Include="..\..\..\..\..\gdt\ui_core_gdt\ui.core.gdt\hmi.gfx.manager.02\src\hmi_gfx_mgr02_ovglib.h">
      <Filter>ui.core.gdt</Filter>
    </ClInclude>
    <ClInclude Include="..\..\..\..\..\gdt\ui_core_gdt\ui.core.gdt\hmi.gfx.manager.02\src\hmi_gfx_mgr02_perflog.h">
      <Filter>ui.core.gdt</Filter>
    </ClInclude>
    <ClInclude Include="..\..\..\..\..\gdt\ui_core_gdt\ui.core.gdt\hmi.gfx.manager.02\src\hmi_gfx_mgr02_swrlib.h">
      <Filter>ui.core.gdt</Filter>
    </ClInclude>
    <ClInclude Include="..\..\..\..\..\gdt\ui_core_gdt\ui.core.gdt\hmi.gfx.manager.02\src\hmi_gfx_mgr02_text.h">
      <Filter>ui.core.gdt</Filter>
    </ClInclude>
    <ClInclude Include="..\..\..\..\..\gdt\ui_core_gdt\ui.core.gdt\hmi.gfx.manager.02\src\hmi_gfx_mgr02_theme.h">
      <Filter>ui.core.gdt</Filter>
    </ClInclude>
    <ClInclude Include="..\..\..\..\..\gdt\ui_core_gdt\ui.core.gdt\hmi.gfx.manager.02\src\hmi_gfx_mgr02_types.h">
      <Filter>ui.core.gdt</Filter>
    </ClInclude>
  </ItemGroup>
</Project>