
Microsoft Visual Studio Solution File, Format Version 10.00
# Visual C++ Express 2008
Project("{8BC9CEB8-8B4A-11D0-8D11-00A0C91BC942}") = "ui_ia_build", "..\src\ui_ia_build\ui_ia_build.vcproj", "{E6361721-7F5F-444F-9049-E3CBDCB442CC}"
EndProject
Global
	GlobalSection(SolutionConfigurationPlatforms) = preSolution
		Debug|Win32 = Debug|Win32
		Release|Win32 = Release|Win32
	EndGlobalSection
	GlobalSection(ProjectConfigurationPlatforms) = postSolution
		{E6361721-7F5F-444F-9049-E3CBDCB442CC}.Debug|Win32.ActiveCfg = Debug|Win32
		{E6361721-7F5F-444F-9049-E3CBDCB442CC}.Debug|Win32.Build.0 = Debug|Win32
		{E6361721-7F5F-444F-9049-E3CBDCB442CC}.Release|Win32.ActiveCfg = Release|Win32
		{E6361721-7F5F-444F-9049-E3CBDCB442CC}.Release|Win32.Build.0 = Release|Win32
	EndGlobalSection
	GlobalSection(SolutionProperties) = preSolution
		HideSolutionNode = FALSE
	EndGlobalSection
EndGlobal
