<?xml version="1.0" encoding="utf-8"?>
<Project ToolsVersion="4.0" xmlns="http://schemas.microsoft.com/developer/msbuild/2003">
  <ItemGroup>
    <Filter Include="Resource Files">
      <UniqueIdentifier>{67DA6AB6-F800-4c08-8B7A-83BB121AAD01}</UniqueIdentifier>
      <Extensions>rc;ico;cur;bmp;dlg;rc2;rct;bin;rgs;gif;jpg;jpeg;jpe;resx;tiff;tif;png;wav;mfcribbon-ms</Extensions>
    </Filter>
    <Filter Include="HmiSimul">
      <UniqueIdentifier>{4FC737F1-C7A5-4376-A066-2A32D752A2FF}</UniqueIdentifier>
      <Extensions>cpp;c;cc;cxx;def;odl;idl;hpj;bat;asm;asmx</Extensions>
    </Filter>
    <Filter Include="HmiSimul\BSW">
      <UniqueIdentifier>{32402091-e42d-42cf-8df7-631d3fa73afd}</UniqueIdentifier>
    </Filter>
    <Filter Include="HmiSimul\IrisEmul">
      <UniqueIdentifier>{cdaa46b7-adba-4115-a698-8929f4de671c}</UniqueIdentifier>
    </Filter>
    <Filter Include="GDT">
      <UniqueIdentifier>{c79e6c7f-2064-4fb9-ac79-5099f46903ee}</UniqueIdentifier>
    </Filter>
    <Filter Include="GDT\gdtcdd">
      <UniqueIdentifier>{08ea58e9-db2b-4c75-b94b-3b0d63d86ce4}</UniqueIdentifier>
    </Filter>
    <Filter Include="GDT\gdtctrl">
      <UniqueIdentifier>{2a9f308c-eff0-412f-a5de-9fb77569e8fb}</UniqueIdentifier>
      <Extensions>
      </Extensions>
      <ParseFiles>true</ParseFiles>
    </Filter>
    <Filter Include="GDT\ui.core.gdt">
      <UniqueIdentifier>{deaedb7c-77b7-42a0-841c-58468ff66b1a}</UniqueIdentifier>
    </Filter>
    <Filter Include="GDT\iceapple">
      <UniqueIdentifier>{933a3283-3a93-4f1b-8581-428fe91568cd}</UniqueIdentifier>
    </Filter>
    <Filter Include="HmiSimul\rte">
      <UniqueIdentifier>{3fd56248-72ba-487a-a5cd-bfe1855a713b}</UniqueIdentifier>
    </Filter>
    <Filter Include="HmiSimul\swc">
      <UniqueIdentifier>{2d33bfe7-c4a4-42c2-bd3b-4d8e58f0a213}</UniqueIdentifier>
    </Filter>
    <Filter Include="HmiSimul\libs">
      <UniqueIdentifier>{6e30df83-a59e-41e3-bde6-a6f75c62d5e7}</UniqueIdentifier>
    </Filter>
    <Filter Include="HmiSimul\AppStubs">
      <UniqueIdentifier>{ef381f06-3174-47d2-b4e3-28949c299c6a}</UniqueIdentifier>
    </Filter>
    <Filter Include="HmiSimul\DriverStub">
      <UniqueIdentifier>{52a63d4a-2559-4dd1-93da-4266108e8296}</UniqueIdentifier>
    </Filter>
    <Filter Include="HmiSimul\CoreCfg">
      <UniqueIdentifier>{bede3f6b-6bc1-473d-bf8a-0114ad1a2853}</UniqueIdentifier>
    </Filter>
    <Filter Include="GDT\drivers">
      <UniqueIdentifier>{326a24ac-ff98-468b-8be8-91ae90a06184}</UniqueIdentifier>
    </Filter>
  </ItemGroup>
  <ItemGroup>
    <ResourceCompile Include="HmiSimul.rc">
      <Filter>Resource Files</Filter>
    </ResourceCompile>
  </ItemGroup>
  <ItemGroup>
    <ClInclude Include="..\..\..\gdt\ui_core_gdt\ui.core.gdt\hmi.gfx.manager.02\src\hmi_gfx_mgr02_context.h">
      <Filter>GDT\ui.core.gdt</Filter>
    </ClInclude>
    <ClInclude Include="..\..\..\gdt\ui_core_gdt\ui.core.gdt\hmi.gfx.manager.02\src\hmi_gfx_mgr02_dcu.h">
      <Filter>GDT\ui.core.gdt</Filter>
    </ClInclude>
    <ClInclude Include="..\..\..\gdt\ui_core_gdt\ui.core.gdt\hmi.gfx.manager.02\src\hmi_gfx_mgr02_defs.h">
      <Filter>GDT\ui.core.gdt</Filter>
    </ClInclude>
    <ClInclude Include="..\..\..\gdt\ui_core_gdt\ui.core.gdt\hmi.gfx.manager.02\src\hmi_gfx_mgr02_dirty_area.h">
      <Filter>GDT\ui.core.gdt</Filter>
    </ClInclude>
    <ClInclude Include="..\..\..\gdt\ui_core_gdt\ui.core.gdt\hmi.gfx.manager.02\src\hmi_gfx_mgr02_driver.h">
      <Filter>GDT\ui.core.gdt</Filter>
    </ClInclude>
    <ClInclude Include="..\..\..\gdt\ui_core_gdt\ui.core.gdt\hmi.gfx.manager.02\src\hmi_gfx_mgr02_generic.h">
      <Filter>GDT\ui.core.gdt</Filter>
    </ClInclude>
    <ClInclude Include="..\..\..\gdt\ui_core_gdt\ui.core.gdt\hmi.gfx.manager.02\src\hmi_gfx_mgr02_irislib.h">
      <Filter>GDT\ui.core.gdt</Filter>
    </ClInclude>
    <ClInclude Include="..\..\..\gdt\ui_core_gdt\ui.core.gdt\hmi.gfx.manager.02\src\hmi_gfx_mgr02_layout.h">
      <Filter>GDT\ui.core.gdt</Filter>
    </ClInclude>
    <ClInclude Include="..\..\..\gdt\ui_core_gdt\ui.core.gdt\hmi.gfx.manager.02\src\hmi_gfx_mgr02_mem.h">
      <Filter>GDT\ui.core.gdt</Filter>
    </ClInclude>
    <ClInclude Include="..\..\..\gdt\ui_core_gdt\ui.core.gdt\hmi.gfx.manager.02\src\hmi_gfx_mgr02_ogllib.h">
      <Filter>GDT\ui.core.gdt</Filter>
    </ClInclude>
    <ClInclude Include="..\..\..\gdt\ui_core_gdt\ui.core.gdt\hmi.gfx.manager.02\src\hmi_gfx_mgr02_ovglib.h">
      <Filter>GDT\ui.core.gdt</Filter>
    </ClInclude>
    <ClInclude Include="..\..\..\gdt\ui_core_gdt\ui.core.gdt\hmi.gfx.manager.02\src\hmi_gfx_mgr02_perflog.h">
      <Filter>GDT\ui.core.gdt</Filter>
    </ClInclude>
    <ClInclude Include="..\..\..\gdt\ui_core_gdt\ui.core.gdt\hmi.gfx.manager.02\src\hmi_gfx_mgr02_safety.h">
      <Filter>GDT\ui.core.gdt</Filter>
    </ClInclude>
    <ClInclude Include="..\..\..\gdt\ui_core_gdt\ui.core.gdt\hmi.gfx.manager.02\src\hmi_gfx_mgr02_swrlib.h">
      <Filter>GDT\ui.core.gdt</Filter>
    </ClInclude>
    <ClInclude Include="..\..\..\gdt\ui_core_gdt\ui.core.gdt\hmi.gfx.manager.02\src\hmi_gfx_mgr02_test.h">
      <Filter>GDT\ui.core.gdt</Filter>
    </ClInclude>
    <ClInclude Include="..\..\..\gdt\ui_core_gdt\ui.core.gdt\hmi.gfx.manager.02\src\hmi_gfx_mgr02_text.h">
      <Filter>GDT\ui.core.gdt</Filter>
    </ClInclude>
    <ClInclude Include="..\..\..\gdt\ui_core_gdt\ui.core.gdt\hmi.gfx.manager.02\src\hmi_gfx_mgr02_theme.h">
      <Filter>GDT\ui.core.gdt</Filter>
    </ClInclude>
    <ClInclude Include="..\..\..\gdt\ui_core_gdt\ui.core.gdt\hmi.gfx.manager.02\src\hmi_gfx_mgr02_types.h">
      <Filter>GDT\ui.core.gdt</Filter>
    </ClInclude>
    <ClInclude Include="gdtcdd\cfg\panel_definition.h">
      <Filter>GDT\gdtcdd</Filter>
    </ClInclude>
    <ClInclude Include="gdtcdd\src\sched.h">
      <Filter>GDT\gdtcdd</Filter>
    </ClInclude>
    <ClInclude Include="gdtcdd\src\system.h">
      <Filter>GDT\gdtcdd</Filter>
    </ClInclude>
    <ClInclude Include="gdtcdd\src\tmwtypes.h">
      <Filter>GDT\gdtcdd</Filter>
    </ClInclude>
    <ClInclude Include="stubs\rte\GdtCdd_MemMap.h">
      <Filter>HmiSimul\rte</Filter>
    </ClInclude>
    <ClInclude Include="stubs\rte\GdtCtrl_MemMap.h">
      <Filter>HmiSimul\rte</Filter>
    </ClInclude>
    <ClInclude Include="stubs\rte\Os_MemMap.h">
      <Filter>HmiSimul\rte</Filter>
    </ClInclude>
    <ClInclude Include="stubs\rte\Rte.h">
      <Filter>HmiSimul\rte</Filter>
    </ClInclude>
    <ClInclude Include="stubs\rte\Rte_Cfg.h">
      <Filter>HmiSimul\rte</Filter>
    </ClInclude>
    <ClInclude Include="stubs\rte\Rte_Compiler_Cfg.h">
      <Filter>HmiSimul\rte</Filter>
    </ClInclude>
    <ClInclude Include="stubs\rte\Rte_DataHandleType.h">
      <Filter>HmiSimul\rte</Filter>
    </ClInclude>
    <ClInclude Include="stubs\rte\Rte_GdtCdd.h">
      <Filter>HmiSimul\rte</Filter>
    </ClInclude>
    <ClInclude Include="stubs\rte\Rte_GdtCdd_Type.h">
      <Filter>HmiSimul\rte</Filter>
    </ClInclude>
    <ClInclude Include="stubs\rte\Rte_GdtCtrl.h">
      <Filter>HmiSimul\rte</Filter>
    </ClInclude>
    <ClInclude Include="stubs\rte\Rte_GdtCtrl_Type.h">
      <Filter>HmiSimul\rte</Filter>
    </ClInclude>
    <ClInclude Include="stubs\rte\Rte_Main.h">
      <Filter>HmiSimul\rte</Filter>
    </ClInclude>
    <ClInclude Include="stubs\rte\Rte_MemMap.h">
      <Filter>HmiSimul\rte</Filter>
    </ClInclude>
    <ClInclude Include="stubs\rte\Rte_Type.h">
      <Filter>HmiSimul\rte</Filter>
    </ClInclude>
    <ClInclude Include="stubs\libs\TmExt_Cfg.h">
      <Filter>HmiSimul\libs</Filter>
    </ClInclude>
    <ClInclude Include="stubs\libs\TmExt_Timer.h">
      <Filter>HmiSimul\libs</Filter>
    </ClInclude>
    <ClInclude Include="stubs\libs\vstdlib.h">
      <Filter>HmiSimul\libs</Filter>
    </ClInclude>
    <ClInclude Include="stubs\libs\VStdLib_cfg.h">
      <Filter>HmiSimul\libs</Filter>
    </ClInclude>
    <ClInclude Include="stubs\bsw\Dio.h">
      <Filter>HmiSimul\BSW</Filter>
    </ClInclude>
    <ClInclude Include="stubs\bsw\Os.h">
      <Filter>HmiSimul\BSW</Filter>
    </ClInclude>
    <ClInclude Include="IrisEmul\gdc.h">
      <Filter>HmiSimul\IrisEmul</Filter>
    </ClInclude>
    <ClInclude Include="IrisEmul\idd_driver.h">
      <Filter>HmiSimul\IrisEmul</Filter>
    </ClInclude>
    <ClInclude Include="IrisEmul\iris_eng.h">
      <Filter>HmiSimul\IrisEmul</Filter>
    </ClInclude>
    <ClInclude Include="IrisEmul\iris_pixformat.h">
      <Filter>HmiSimul\IrisEmul</Filter>
    </ClInclude>
    <ClInclude Include="stubs\libs\AssertLib.h">
      <Filter>HmiSimul\libs</Filter>
    </ClInclude>
    <ClInclude Include="stubs\libs\CmpLib.h">
      <Filter>HmiSimul\libs</Filter>
    </ClInclude>
    <ClInclude Include="IrisEmul\EGL\egl.h">
      <Filter>HmiSimul\IrisEmul</Filter>
    </ClInclude>
    <ClInclude Include="IrisEmul\glew\include\GL\wglew.h">
      <Filter>HmiSimul\IrisEmul</Filter>
    </ClInclude>
    <ClInclude Include="IrisEmul\EGL\eglext.h">
      <Filter>HmiSimul\IrisEmul</Filter>
    </ClInclude>
    <ClInclude Include="IrisEmul\GLES\gl.h">
      <Filter>HmiSimul\IrisEmul</Filter>
    </ClInclude>
    <ClInclude Include="IrisEmul\glew\include\GL\glew.h">
      <Filter>HmiSimul\IrisEmul</Filter>
    </ClInclude>
    <ClInclude Include="IrisEmul\GLES\glext.h">
      <Filter>HmiSimul\IrisEmul</Filter>
    </ClInclude>
    <ClInclude Include="IrisEmul\glew\include\GL\glxew.h">
      <Filter>HmiSimul\IrisEmul</Filter>
    </ClInclude>
    <ClInclude Include="IrisEmul\iris_DrwEng.h">
      <Filter>HmiSimul\IrisEmul</Filter>
    </ClInclude>
    <ClInclude Include="IrisEmul\iris_DrwEngWrp.h">
      <Filter>HmiSimul\IrisEmul</Filter>
    </ClInclude>
    <ClInclude Include="gdtctrl\cfg\hmi_button.h">
      <Filter>GDT\gdtctrl</Filter>
    </ClInclude>
    <ClInclude Include="gdtctrl\GdtAppSrc\GdtAutoGenerated\hmi_gfx_anim_engine_cfg.h">
      <Filter>GDT\gdtctrl</Filter>
    </ClInclude>
    <ClInclude Include="gdtctrl\GdtAppSrc\GdtAutoGenerated\hmi_gfx_mgr02_cfg.h">
      <Filter>GDT\gdtctrl</Filter>
    </ClInclude>
    <ClInclude Include="gdtctrl\GdtAppSrc\GdtAutoGenerated\hmi_gfx_mgr02_clut_table.h">
      <Filter>GDT\gdtctrl</Filter>
    </ClInclude>
    <ClInclude Include="gdtctrl\GdtAppSrc\GdtAutoGenerated\hmi_gfx_mgr02_font.h">
      <Filter>GDT\gdtctrl</Filter>
    </ClInclude>
    <ClInclude Include="gdtctrl\GdtAppSrc\GdtAutoGenerated\hmi_gfx_mgr02_image_data.h">
      <Filter>GDT\gdtctrl</Filter>
    </ClInclude>
    <ClInclude Include="SimulMain.h">
      <Filter>HmiSimul</Filter>
    </ClInclude>
    <ClInclude Include="gdtctrl\GdtAppSrc\Presentation\png.h">
      <Filter>GDT\gdtctrl</Filter>
    </ClInclude>
    <ClInclude Include="gdtctrl\cfg\hmi_button.h" />
    <ClInclude Include="gdtctrl\cfg\hmi_button.h" />
    <ClInclude Include="..\..\..\gdt\ui_core_gdt\ui.core.gdt\osal\sosa\hmi_gfx_mgr02_if.h">
      <Filter>GDT\ui.core.gdt</Filter>
    </ClInclude>
    <ClInclude Include="..\..\..\gdt\ui_core_gdt\ui.core.gdt\osal\sosa\hmi_gfx_mgr02_if_chart.h">
      <Filter>GDT\ui.core.gdt</Filter>
    </ClInclude>
    <ClInclude Include="..\..\..\gdt\ui_core_gdt\ui.core.gdt\osal\sosa\hmi_gfx_mgr02_if_model_autocode.h">
      <Filter>GDT\ui.core.gdt</Filter>
    </ClInclude>
    <ClInclude Include="gdtctrl\cfg\hmi_button.h" />
    <ClInclude Include="gdtctrl\cfg\hmi_button.h" />
    <ClInclude Include="gdtctrl\cfg\hmi_button.h" />
    <ClInclude Include="..\..\..\iceapple\ui.core.iceapple\animation.core.02\src\hmi_gfx_anim_engine.h">
      <Filter>GDT\iceapple</Filter>
    </ClInclude>
    <ClInclude Include="..\..\..\iceapple\ui.core.iceapple\animation.core.02\src\hmi_gfx_anim_engine_types.h">
      <Filter>GDT\iceapple</Filter>
    </ClInclude>
    <ClInclude Include="..\..\..\iceapple\ui.core.iceapple\view.manager.02\src\hmi_view_manager_02.h">
      <Filter>GDT\iceapple</Filter>
    </ClInclude>
    <ClInclude Include="..\..\..\iceapple\ui.core.iceapple\view.manager.02\src\hmi_logic_state_handler.h">
      <Filter>GDT\iceapple</Filter>
    </ClInclude>
    <ClInclude Include="..\..\..\iceapple\ui.core.iceapple\language.core.01\src\hmi_language_interface.h">
      <Filter>GDT\iceapple</Filter>
    </ClInclude>
    <ClInclude Include="gdtctrl\cfg\hmi_button.h" />
    <ClInclude Include="gdtctrl\cfg\hmi_button.h" />
    <ClInclude Include="..\..\..\gdt\ui_core_gdt\ui.core.gdt\hmi.gfx.manager.02\src\hmi_gfx_mgr02_tv2.h">
      <Filter>GDT\ui.core.gdt</Filter>
    </ClInclude>
    <ClInclude Include="..\..\..\gdt\ui_core_gdt\ui.core.gdt\hmi.gfx.manager.02\src\hmi_gfx_mgr02_tv2_clut.h">
      <Filter>GDT\ui.core.gdt</Filter>
    </ClInclude>
    <ClInclude Include="..\..\..\gdt\ui_core_gdt\ui.core.gdt\hmi.gfx.manager.02\src\hmi_gfx_mgr02_tv2_iris.h">
      <Filter>GDT\ui.core.gdt</Filter>
    </ClInclude>
    <ClInclude Include="gdtctrl\cfg\hmi_button.h" />
    <ClInclude Include="gdtctrl\cfg\hmi_button.h" />
    <ClInclude Include="gdtctrl\cfg\hmi_button.h" />
    <ClInclude Include="gdtctrl\cfg\hmi_button.h" />
    <ClInclude Include="gdtctrl\cfg\hmi_button.h" />
    <ClInclude Include="gdtctrl\cfg\hmi_button.h" />
    <ClInclude Include="gdtctrl\cfg\hmi_button.h" />
    <ClInclude Include="gdtctrl\cfg\hmi_button.h" />
    <ClInclude Include="..\..\..\iceapple\ui.core.iceapple\view.manager.02\src\hmi_view_manager_02_autocode.h">
      <Filter>GDT\iceapple</Filter>
    </ClInclude>
    <ClInclude Include="..\..\..\iceapple\ui.core.iceapple\popup.core.02\src\hmi_popup_core.h">
      <Filter>GDT\iceapple</Filter>
    </ClInclude>
    <ClInclude Include="stubs\application\hmi_popup_core_if.h">
      <Filter>HmiSimul\AppStubs</Filter>
    </ClInclude>
    <ClInclude Include="stubs\application\hmi_timer_support.h">
      <Filter>HmiSimul\AppStubs</Filter>
    </ClInclude>
    <ClInclude Include="gdtctrl\cfg\hmi_button.h" />
    <ClInclude Include="..\..\..\iceapple\ui.core.iceapple\menu.core.01\src\hmi_menu_core_01_chart.h">
      <Filter>GDT\iceapple</Filter>
    </ClInclude>
    <ClInclude Include="..\..\..\iceapple\ui.core.iceapple\menu.core.01\src\hmi_menu_core_01_logic.h">
      <Filter>GDT\iceapple</Filter>
    </ClInclude>
    <ClInclude Include="..\..\..\iceapple\ui.core.iceapple\menu.core.01\src\hmi_menu_core_01_model_autocode.h">
      <Filter>GDT\iceapple</Filter>
    </ClInclude>
    <ClInclude Include="..\..\..\iceapple\ui.core.iceapple\menu.core.01\src\hmi_menu_core_01_types.h">
      <Filter>GDT\iceapple</Filter>
    </ClInclude>
    <ClInclude Include="stubs\application\hmi_menu_core_01_app_types.h">
      <Filter>HmiSimul\AppStubs</Filter>
    </ClInclude>
    <ClInclude Include="..\..\..\iceapple\ui.core.iceapple\message.core.01\src\hmi_msgArbitrator.h">
      <Filter>GDT\iceapple</Filter>
    </ClInclude>
    <ClInclude Include="..\..\..\iceapple\ui.core.iceapple\message.core.01\src\hmi_msgDefinition.h">
      <Filter>GDT\iceapple</Filter>
    </ClInclude>
    <ClInclude Include="..\..\..\iceapple\ui.core.iceapple\message.core.01\src\hmi_msgSequencer.h">
      <Filter>GDT\iceapple</Filter>
    </ClInclude>
    <ClInclude Include="..\..\..\iceapple\ui.core.iceapple\message.core.01\src\hmi_msgStore.h">
      <Filter>GDT\iceapple</Filter>
    </ClInclude>
    <ClInclude Include="..\..\..\iceapple\ui.core.iceapple\message.core.01\src\hmi_msgTask.h">
      <Filter>GDT\iceapple</Filter>
    </ClInclude>
    <ClInclude Include="..\..\..\iceapple\ui.core.iceapple\message.core.01\src\hmi_SIF.h">
      <Filter>GDT\iceapple</Filter>
    </ClInclude>
    <ClInclude Include="..\..\..\iceapple\ui.core.iceapple\message.core.01\src\localSemaphores.h">
      <Filter>GDT\iceapple</Filter>
    </ClInclude>
    <ClInclude Include="stubs\hmi_msgTest.h">
      <Filter>HmiSimul\AppStubs</Filter>
    </ClInclude>
    <ClInclude Include="stubs\hmi_TestFramework.h">
      <Filter>HmiSimul\AppStubs</Filter>
    </ClInclude>
    <ClInclude Include="stubs\application\hmiapp_stub.h">
      <Filter>HmiSimul\AppStubs</Filter>
    </ClInclude>
    <ClInclude Include="stubs\application\di_warnings_interface.h">
      <Filter>HmiSimul\AppStubs</Filter>
    </ClInclude>
    <ClInclude Include="stubs\swtmr.h">
      <Filter>HmiSimul\AppStubs</Filter>
    </ClInclude>
    <ClInclude Include="gdtctrl\cfg\hmi_button.h" />
    <ClInclude Include="gdtctrl\cfg\hmi_button.h" />
    <ClInclude Include="stubs\application\ui_warning_interface.h">
      <Filter>HmiSimul\AppStubs</Filter>
    </ClInclude>
    <ClInclude Include="gdtctrl\cfg\hmi_button.h" />
    <ClInclude Include="stubs\Compiler_Cfg.h">
      <Filter>HmiSimul\AppStubs</Filter>
    </ClInclude>
    <ClInclude Include="stubs\application\hmi_menu_config_if.h">
      <Filter>HmiSimul\AppStubs</Filter>
    </ClInclude>
    <ClInclude Include="gdtctrl\cfg\hmi_button.h" />
    <ClInclude Include="gdtctrl\cfg\hmi_button.h" />
    <ClInclude Include="stubs\driver\cy_device_headers.h">
      <Filter>HmiSimul\DriverStub</Filter>
    </ClInclude>
    <ClInclude Include="gdtctrl\cfg\hmi_button.h" />
    <ClInclude Include="gdtctrl\cfg\hmi_button.h" />
    <ClInclude Include="gdtctrl\cfg\hmi_button.h" />
    <ClInclude Include="stubs\Platform_Types.h">
      <Filter>HmiSimul\AppStubs</Filter>
    </ClInclude>
    <ClInclude Include="stubs\Std_Types.h">
      <Filter>HmiSimul\AppStubs</Filter>
    </ClInclude>
    <ClInclude Include="stubs\MemMap.h">
      <Filter>HmiSimul\AppStubs</Filter>
    </ClInclude>
    <ClInclude Include="stubs\Compiler.h">
      <Filter>HmiSimul\AppStubs</Filter>
    </ClInclude>
    <ClInclude Include="gdtctrl\src\hmi_language_identifiers.h">
      <Filter>GDT\gdtctrl</Filter>
    </ClInclude>
    <ClInclude Include="gdtctrl\cfg\hmi_button.h" />
    <ClInclude Include="gdtctrl\cfg\hmi_button.h" />
    <ClInclude Include="stdafx.h">
      <Filter>HmiSimul</Filter>
    </ClInclude>
    <ClInclude Include="targetver.h">
      <Filter>HmiSimul</Filter>
    </ClInclude>
    <ClInclude Include="gdtctrl\cfg\hmi_button.h" />
    <ClInclude Include="stubs\application\stubfunctions.h">
      <Filter>HmiSimul\AppStubs</Filter>
    </ClInclude>
    <ClInclude Include="gdtctrl\cfg\hmi_button.h" />
    <ClInclude Include="gdtctrl\cfg\hmi_button.h" />
    <ClInclude Include="gdtctrl\cfg\hmi_button.h" />
    <ClInclude Include="gdtctrl\cfg\hmi_button.h" />
    <ClInclude Include="..\..\..\drivers\amber\09_externals\freetype\include\freetype\ftxf86.h">
      <Filter>GDT\drivers</Filter>
    </ClInclude>
    <ClInclude Include="..\..\..\drivers\traveo2\09_externals\freetype\include\freetype\internal\autohint.h">
      <Filter>GDT\drivers</Filter>
    </ClInclude>
    <ClInclude Include="..\..\..\drivers\traveo2\05_util\utgraphic\include\cap_util.h">
      <Filter>GDT\drivers</Filter>
    </ClInclude>
    <ClInclude Include="..\..\..\drivers\traveo2\21_sdl_gfx\common\hdr\cmsis\include\core_cm7.h">
      <Filter>GDT\drivers</Filter>
    </ClInclude>
    <ClInclude Include="..\..\..\drivers\traveo2\21_sdl_gfx\tviic2d4m\src\drivers\fpdlink\cy_fpdlink.h">
      <Filter>GDT\drivers</Filter>
    </ClInclude>
    <ClInclude Include="..\..\..\drivers\traveo2\02_driver\basic_graphics\include\cygfx_basetypes.h">
      <Filter>GDT\drivers</Filter>
    </ClInclude>
    <ClInclude Include="..\..\..\drivers\traveo2\02_driver\basic_graphics\include\cygfx_bliteng.h">
      <Filter>GDT\drivers</Filter>
    </ClInclude>
    <ClInclude Include="..\..\..\drivers\traveo2\02_driver\basic_graphics\include\cygfx_capture.h">
      <Filter>GDT\drivers</Filter>
    </ClInclude>
    <ClInclude Include="..\..\..\drivers\traveo2\02_driver\basic_graphics\include\cygfx_cm.h">
      <Filter>GDT\drivers</Filter>
    </ClInclude>
    <ClInclude Include="..\..\..\drivers\traveo2\02_driver\basic_graphics\include\cygfx_config.h">
      <Filter>GDT\drivers</Filter>
    </ClInclude>
    <ClInclude Include="..\..\..\drivers\traveo2\02_driver\basic_graphics\include\cygfx_defines.h">
      <Filter>GDT\drivers</Filter>
    </ClInclude>
    <ClInclude Include="..\..\..\drivers\traveo2\02_driver\basic_graphics\include\cygfx_display.h">
      <Filter>GDT\drivers</Filter>
    </ClInclude>
    <ClInclude Include="..\..\..\drivers\traveo2\02_driver\basic_graphics\include\cygfx_draweng.h">
      <Filter>GDT\drivers</Filter>
    </ClInclude>
    <ClInclude Include="..\..\..\drivers\traveo2\02_driver\basic_graphics\include\cygfx_driver_api.h">
      <Filter>GDT\drivers</Filter>
    </ClInclude>
    <ClInclude Include="..\..\..\drivers\traveo2\02_driver\basic_graphics\include\cygfx_erp.h">
      <Filter>GDT\drivers</Filter>
    </ClInclude>
    <ClInclude Include="..\..\..\drivers\traveo2\02_driver\basic_graphics\include\cygfx_erp_types.h">
      <Filter>GDT\drivers</Filter>
    </ClInclude>
    <ClInclude Include="..\..\..\drivers\traveo2\02_driver\basic_graphics\include\cygfx_errors.h">
      <Filter>GDT\drivers</Filter>
    </ClInclude>
    <ClInclude Include="..\..\..\drivers\traveo2\02_driver\basic_graphics\include\cygfx_interrupthandler.h">
      <Filter>GDT\drivers</Filter>
    </ClInclude>
    <ClInclude Include="..\..\..\drivers\traveo2\02_driver\basic_graphics\include\cygfx_module_id.h">
      <Filter>GDT\drivers</Filter>
    </ClInclude>
    <ClInclude Include="..\..\..\drivers\traveo2\02_driver\basic_graphics\include\cygfx_palette.h">
      <Filter>GDT\drivers</Filter>
    </ClInclude>
    <ClInclude Include="..\..\..\drivers\traveo2\02_driver\basic_graphics\include\cygfx_surfman.h">
      <Filter>GDT\drivers</Filter>
    </ClInclude>
    <ClInclude Include="..\..\..\drivers\traveo2\02_driver\basic_graphics\include\cygfx_sync.h">
      <Filter>GDT\drivers</Filter>
    </ClInclude>
    <ClInclude Include="..\..\..\drivers\traveo2\02_driver\basic_graphics\include\cygfx_sysinit.h">
      <Filter>GDT\drivers</Filter>
    </ClInclude>
    <ClInclude Include="..\..\..\drivers\traveo2\02_driver\basic_graphics\include\cygfx_types.h">
      <Filter>GDT\drivers</Filter>
    </ClInclude>
    <ClInclude Include="..\..\..\drivers\traveo2\02_driver\basic_graphics\include\cygfx_window.h">
      <Filter>GDT\drivers</Filter>
    </ClInclude>
    <ClInclude Include="..\..\..\drivers\traveo2\02_driver\basic_graphics\include\cygfx_writeback.h">
      <Filter>GDT\drivers</Filter>
    </ClInclude>
    <ClInclude Include="..\..\..\drivers\traveo2\21_sdl_gfx\tviic2d4m\hdr\rev_a\ip\cyip_coredefines.h">
      <Filter>GDT\drivers</Filter>
    </ClInclude>
    <ClInclude Include="..\..\..\drivers\traveo2\05_util\utgraphic\include\de_util.h">
      <Filter>GDT\drivers</Filter>
    </ClInclude>
    <ClInclude Include="..\..\..\drivers\traveo2\05_util\utgraphic\include\de_util_type.h">
      <Filter>GDT\drivers</Filter>
    </ClInclude>
    <ClInclude Include="..\..\..\drivers\traveo2\09_externals\freetype\include\freetype\freetype.h">
      <Filter>GDT\drivers</Filter>
    </ClInclude>
    <ClInclude Include="..\..\..\drivers\traveo2\09_externals\freetype\include\ft2build.h">
      <Filter>GDT\drivers</Filter>
    </ClInclude>
    <ClInclude Include="..\..\..\drivers\traveo2\09_externals\freetype\include\freetype\ftadvanc.h">
      <Filter>GDT\drivers</Filter>
    </ClInclude>
    <ClInclude Include="..\..\..\drivers\amber\09_externals\freetype\include\freetype\ftautoh.h">
      <Filter>GDT\drivers</Filter>
    </ClInclude>
    <ClInclude Include="..\..\..\drivers\traveo2\09_externals\freetype\include\freetype\ftbbox.h">
      <Filter>GDT\drivers</Filter>
    </ClInclude>
    <ClInclude Include="..\..\..\drivers\traveo2\09_externals\freetype\include\freetype\ftbdf.h">
      <Filter>GDT\drivers</Filter>
    </ClInclude>
    <ClInclude Include="..\..\..\drivers\traveo2\09_externals\freetype\include\freetype\ftbitmap.h">
      <Filter>GDT\drivers</Filter>
    </ClInclude>
    <ClInclude Include="..\..\..\drivers\traveo2\09_externals\freetype\include\freetype\ftbzip2.h">
      <Filter>GDT\drivers</Filter>
    </ClInclude>
    <ClInclude Include="..\..\..\drivers\traveo2\09_externals\freetype\include\freetype\ftcache.h">
      <Filter>GDT\drivers</Filter>
    </ClInclude>
    <ClInclude Include="..\..\..\drivers\traveo2\09_externals\freetype\include\freetype\internal\ftcalc.h">
      <Filter>GDT\drivers</Filter>
    </ClInclude>
    <ClInclude Include="..\..\..\drivers\amber\09_externals\freetype\include\freetype\ftcffdrv.h">
      <Filter>GDT\drivers</Filter>
    </ClInclude>
    <ClInclude Include="..\..\..\drivers\traveo2\09_externals\freetype\include\freetype\ftchapters.h">
      <Filter>GDT\drivers</Filter>
    </ClInclude>
    <ClInclude Include="..\..\..\drivers\traveo2\09_externals\freetype\include\freetype\ftcid.h">
      <Filter>GDT\drivers</Filter>
    </ClInclude>
    <ClInclude Include="..\..\..\drivers\traveo2\09_externals\freetype\include\freetype\config\ftconfig.h">
      <Filter>GDT\drivers</Filter>
    </ClInclude>
    <ClInclude Include="..\..\..\drivers\traveo2\09_externals\freetype\include\freetype\internal\ftdebug.h">
      <Filter>GDT\drivers</Filter>
    </ClInclude>
    <ClInclude Include="..\..\..\drivers\traveo2\09_externals\freetype\include\freetype\ftdriver.h">
      <Filter>GDT\drivers</Filter>
    </ClInclude>
    <ClInclude Include="..\..\..\drivers\traveo2\09_externals\freetype\include\freetype\fterrdef.h">
      <Filter>GDT\drivers</Filter>
    </ClInclude>
    <ClInclude Include="..\..\..\drivers\traveo2\09_externals\freetype\include\freetype\fterrors.h">
      <Filter>GDT\drivers</Filter>
    </ClInclude>
    <ClInclude Include="..\..\..\drivers\traveo2\09_externals\freetype\include\freetype\ftgasp.h">
      <Filter>GDT\drivers</Filter>
    </ClInclude>
    <ClInclude Include="..\..\..\drivers\traveo2\09_externals\freetype\include\freetype\internal\ftgloadr.h">
      <Filter>GDT\drivers</Filter>
    </ClInclude>
    <ClInclude Include="..\..\..\drivers\traveo2\09_externals\freetype\include\freetype\ftglyph.h">
      <Filter>GDT\drivers</Filter>
    </ClInclude>
    <ClInclude Include="..\..\..\drivers\traveo2\09_externals\freetype\include\freetype\ftgxval.h">
      <Filter>GDT\drivers</Filter>
    </ClInclude>
    <ClInclude Include="..\..\..\drivers\traveo2\09_externals\freetype\include\freetype\ftgzip.h">
      <Filter>GDT\drivers</Filter>
    </ClInclude>
    <ClInclude Include="..\..\..\drivers\traveo2\09_externals\freetype\include\freetype\config\ftheader.h">
      <Filter>GDT\drivers</Filter>
    </ClInclude>
    <ClInclude Include="..\..\..\drivers\traveo2\09_externals\freetype\include\freetype\ftimage.h">
      <Filter>GDT\drivers</Filter>
    </ClInclude>
    <ClInclude Include="..\..\..\drivers\traveo2\09_externals\freetype\include\freetype\ftincrem.h">
      <Filter>GDT\drivers</Filter>
    </ClInclude>
    <ClInclude Include="..\..\..\drivers\traveo2\09_externals\freetype\include\freetype\ftlcdfil.h">
      <Filter>GDT\drivers</Filter>
    </ClInclude>
    <ClInclude Include="..\..\..\drivers\traveo2\09_externals\freetype\include\freetype\ftlist.h">
      <Filter>GDT\drivers</Filter>
    </ClInclude>
    <ClInclude Include="..\..\..\drivers\traveo2\09_externals\freetype\include\freetype\ftlzw.h">
      <Filter>GDT\drivers</Filter>
    </ClInclude>
    <ClInclude Include="..\..\..\drivers\traveo2\09_externals\freetype\include\freetype\ftmac.h">
      <Filter>GDT\drivers</Filter>
    </ClInclude>
    <ClInclude Include="..\..\..\drivers\traveo2\09_externals\freetype\include\freetype\internal\ftmemory.h">
      <Filter>GDT\drivers</Filter>
    </ClInclude>
    <ClInclude Include="..\..\..\drivers\traveo2\09_externals\freetype\include\freetype\ftmm.h">
      <Filter>GDT\drivers</Filter>
    </ClInclude>
    <ClInclude Include="..\..\..\drivers\traveo2\09_externals\freetype\include\freetype\ftmodapi.h">
      <Filter>GDT\drivers</Filter>
    </ClInclude>
    <ClInclude Include="..\..\..\drivers\traveo2\09_externals\freetype\include\freetype\ftmoderr.h">
      <Filter>GDT\drivers</Filter>
    </ClInclude>
    <ClInclude Include="..\..\..\drivers\traveo2\09_externals\freetype\include\freetype\config\ftmodule.h">
      <Filter>GDT\drivers</Filter>
    </ClInclude>
    <ClInclude Include="..\..\..\drivers\traveo2\09_externals\freetype\include\freetype\internal\ftobjs.h">
      <Filter>GDT\drivers</Filter>
    </ClInclude>
    <ClInclude Include="..\..\..\drivers\traveo2\09_externals\freetype\include\freetype\config\ftoption.h">
      <Filter>GDT\drivers</Filter>
    </ClInclude>
    <ClInclude Include="..\..\..\drivers\traveo2\09_externals\freetype\include\freetype\ftotval.h">
      <Filter>GDT\drivers</Filter>
    </ClInclude>
    <ClInclude Include="..\..\..\drivers\traveo2\09_externals\freetype\include\freetype\ftoutln.h">
      <Filter>GDT\drivers</Filter>
    </ClInclude>
    <ClInclude Include="..\..\..\drivers\traveo2\09_externals\freetype\include\freetype\ftpfr.h">
      <Filter>GDT\drivers</Filter>
    </ClInclude>
    <ClInclude Include="..\..\..\drivers\amber\09_externals\freetype\include\freetype\internal\ftpic.h">
      <Filter>GDT\drivers</Filter>
    </ClInclude>
    <ClInclude Include="..\..\..\drivers\traveo2\09_externals\freetype\include\freetype\ftrender.h">
      <Filter>GDT\drivers</Filter>
    </ClInclude>
    <ClInclude Include="..\..\..\drivers\traveo2\09_externals\freetype\include\freetype\internal\ftrfork.h">
      <Filter>GDT\drivers</Filter>
    </ClInclude>
    <ClInclude Include="..\..\..\drivers\traveo2\09_externals\freetype\include\freetype\internal\ftserv.h">
      <Filter>GDT\drivers</Filter>
    </ClInclude>
    <ClInclude Include="..\..\..\drivers\traveo2\09_externals\freetype\include\freetype\ftsizes.h">
      <Filter>GDT\drivers</Filter>
    </ClInclude>
    <ClInclude Include="..\..\..\drivers\traveo2\09_externals\freetype\include\freetype\ftsnames.h">
      <Filter>GDT\drivers</Filter>
    </ClInclude>
    <ClInclude Include="..\..\..\drivers\traveo2\09_externals\freetype\include\freetype\config\ftstdlib.h">
      <Filter>GDT\drivers</Filter>
    </ClInclude>
    <ClInclude Include="..\..\..\drivers\traveo2\09_externals\freetype\include\freetype\internal\ftstream.h">
      <Filter>GDT\drivers</Filter>
    </ClInclude>
    <ClInclude Include="..\..\..\drivers\traveo2\09_externals\freetype\include\freetype\ftstroke.h">
      <Filter>GDT\drivers</Filter>
    </ClInclude>
    <ClInclude Include="..\..\..\drivers\traveo2\09_externals\freetype\include\freetype\ftsynth.h">
      <Filter>GDT\drivers</Filter>
    </ClInclude>
    <ClInclude Include="..\..\..\drivers\traveo2\09_externals\freetype\include\freetype\ftsystem.h">
      <Filter>GDT\drivers</Filter>
    </ClInclude>
    <ClInclude Include="..\..\..\drivers\traveo2\09_externals\freetype\include\freetype\internal\fttrace.h">
      <Filter>GDT\drivers</Filter>
    </ClInclude>
    <ClInclude Include="..\..\..\drivers\traveo2\09_externals\freetype\include\freetype\fttrigon.h">
      <Filter>GDT\drivers</Filter>
    </ClInclude>
    <ClInclude Include="..\..\..\drivers\traveo2\09_externals\freetype\include\freetype\fttypes.h">
      <Filter>GDT\drivers</Filter>
    </ClInclude>
    <ClInclude Include="..\..\..\drivers\traveo2\09_externals\freetype\include\freetype\internal\ftvalid.h">
      <Filter>GDT\drivers</Filter>
    </ClInclude>
    <ClInclude Include="..\..\..\drivers\traveo2\09_externals\freetype\include\freetype\ftwinfnt.h">
      <Filter>GDT\drivers</Filter>
    </ClInclude>
    <ClInclude Include="..\..\..\drivers\traveo2\09_externals\freetype\include\freetype\internal\internal.h">
      <Filter>GDT\drivers</Filter>
    </ClInclude>
    <ClInclude Include="..\..\..\drivers\traveo2\05_util\compat\basic_graphics\include\mm_defines.h">
      <Filter>GDT\drivers</Filter>
    </ClInclude>
    <ClInclude Include="..\..\..\drivers\traveo2\05_util\compat\basic_graphics\include\mm_gdc_erp.h">
      <Filter>GDT\drivers</Filter>
    </ClInclude>
    <ClInclude Include="..\..\..\drivers\traveo2\05_util\compat\basic_graphics\include\mm_gdc_errors.h">
      <Filter>GDT\drivers</Filter>
    </ClInclude>
    <ClInclude Include="..\..\..\drivers\traveo2\05_util\compat\basic_graphics\include\mm_gdc_histo.h">
      <Filter>GDT\drivers</Filter>
    </ClInclude>
    <ClInclude Include="..\..\..\drivers\traveo2\05_util\compat\basic_graphics\include\mm_gdc_module_id.h">
      <Filter>GDT\drivers</Filter>
    </ClInclude>
    <ClInclude Include="..\..\..\drivers\traveo2\05_util\compat\basic_graphics\include\mm_types.h">
      <Filter>GDT\drivers</Filter>
    </ClInclude>
    <ClInclude Include="..\..\..\drivers\traveo2\05_util\compat\basic_graphics\include\mmd_gdc_interrupthandler.h">
      <Filter>GDT\drivers</Filter>
    </ClInclude>
    <ClInclude Include="..\..\..\drivers\traveo2\05_util\compat\basic_graphics\include\mml_gdc_capture.h">
      <Filter>GDT\drivers</Filter>
    </ClInclude>
    <ClInclude Include="..\..\..\drivers\traveo2\05_util\compat\basic_graphics\include\mml_gdc_config.h">
      <Filter>GDT\drivers</Filter>
    </ClInclude>
    <ClInclude Include="..\..\..\drivers\traveo2\05_util\compat\basic_graphics\include\mml_gdc_display.h">
      <Filter>GDT\drivers</Filter>
    </ClInclude>
    <ClInclude Include="..\..\..\drivers\traveo2\05_util\compat\basic_graphics\include\mml_gdc_draweng.h">
      <Filter>GDT\drivers</Filter>
    </ClInclude>
    <ClInclude Include="..\..\..\drivers\traveo2\05_util\compat\basic_graphics\include\mml_gdc_driver_api.h">
      <Filter>GDT\drivers</Filter>
    </ClInclude>
    <ClInclude Include="..\..\..\drivers\traveo2\05_util\compat\basic_graphics\include\mml_gdc_erp.h">
      <Filter>GDT\drivers</Filter>
    </ClInclude>
    <ClInclude Include="..\..\..\drivers\traveo2\05_util\compat\basic_graphics\include\mml_gdc_pixeng.h">
      <Filter>GDT\drivers</Filter>
    </ClInclude>
    <ClInclude Include="..\..\..\drivers\traveo2\05_util\compat\basic_graphics\include\mml_gdc_surfman.h">
      <Filter>GDT\drivers</Filter>
    </ClInclude>
    <ClInclude Include="..\..\..\drivers\traveo2\05_util\compat\basic_graphics\include\mml_gdc_sync.h">
      <Filter>GDT\drivers</Filter>
    </ClInclude>
    <ClInclude Include="..\..\..\drivers\traveo2\05_util\compat\basic_graphics\include\mml_gdc_sysinit.h">
      <Filter>GDT\drivers</Filter>
    </ClInclude>
    <ClInclude Include="..\..\..\drivers\traveo2\05_util\compat\basic_graphics\include\mml_gdc_types.h">
      <Filter>GDT\drivers</Filter>
    </ClInclude>
    <ClInclude Include="..\..\..\drivers\traveo2\05_util\compat\basic_graphics\include\mml_gdc_writeback.h">
      <Filter>GDT\drivers</Filter>
    </ClInclude>
    <ClInclude Include="..\..\..\drivers\traveo2\05_util\utgraphic\include\pe_drawing.h">
      <Filter>GDT\drivers</Filter>
    </ClInclude>
    <ClInclude Include="..\..\..\drivers\traveo2\05_util\utgraphic\include\pe_matrix.h">
      <Filter>GDT\drivers</Filter>
    </ClInclude>
    <ClInclude Include="..\..\..\drivers\traveo2\09_externals\freetype\include\freetype\internal\psaux.h">
      <Filter>GDT\drivers</Filter>
    </ClInclude>
    <ClInclude Include="..\..\..\drivers\traveo2\09_externals\freetype\include\freetype\internal\pshints.h">
      <Filter>GDT\drivers</Filter>
    </ClInclude>
    <ClInclude Include="..\..\..\drivers\traveo2\09_externals\freetype\include\freetype\internal\sfnt.h">
      <Filter>GDT\drivers</Filter>
    </ClInclude>
    <ClInclude Include="..\..\..\drivers\traveo2\05_util\utgraphic\include\sm_util.h">
      <Filter>GDT\drivers</Filter>
    </ClInclude>
    <ClInclude Include="..\..\..\drivers\traveo2\09_externals\freetype\include\freetype\internal\services\svbdf.h">
      <Filter>GDT\drivers</Filter>
    </ClInclude>
    <ClInclude Include="..\..\..\drivers\traveo2\09_externals\freetype\include\freetype\internal\services\svcid.h">
      <Filter>GDT\drivers</Filter>
    </ClInclude>
    <ClInclude Include="..\..\..\drivers\traveo2\09_externals\freetype\include\freetype\internal\services\svgldict.h">
      <Filter>GDT\drivers</Filter>
    </ClInclude>
    <ClInclude Include="..\..\..\drivers\traveo2\09_externals\freetype\include\freetype\internal\services\svgxval.h">
      <Filter>GDT\drivers</Filter>
    </ClInclude>
    <ClInclude Include="..\..\..\drivers\traveo2\09_externals\freetype\include\freetype\internal\services\svkern.h">
      <Filter>GDT\drivers</Filter>
    </ClInclude>
    <ClInclude Include="..\..\..\drivers\traveo2\09_externals\freetype\include\freetype\internal\services\svmm.h">
      <Filter>GDT\drivers</Filter>
    </ClInclude>
    <ClInclude Include="..\..\..\drivers\traveo2\09_externals\freetype\include\freetype\internal\services\svotval.h">
      <Filter>GDT\drivers</Filter>
    </ClInclude>
    <ClInclude Include="..\..\..\drivers\traveo2\09_externals\freetype\include\freetype\internal\services\svpfr.h">
      <Filter>GDT\drivers</Filter>
    </ClInclude>
    <ClInclude Include="..\..\..\drivers\traveo2\09_externals\freetype\include\freetype\internal\services\svpostnm.h">
      <Filter>GDT\drivers</Filter>
    </ClInclude>
    <ClInclude Include="..\..\..\drivers\traveo2\09_externals\freetype\include\freetype\internal\services\svprop.h">
      <Filter>GDT\drivers</Filter>
    </ClInclude>
    <ClInclude Include="..\..\..\drivers\traveo2\09_externals\freetype\include\freetype\internal\services\svpscmap.h">
      <Filter>GDT\drivers</Filter>
    </ClInclude>
    <ClInclude Include="..\..\..\drivers\traveo2\09_externals\freetype\include\freetype\internal\services\svpsinfo.h">
      <Filter>GDT\drivers</Filter>
    </ClInclude>
    <ClInclude Include="..\..\..\drivers\traveo2\09_externals\freetype\include\freetype\internal\services\svsfnt.h">
      <Filter>GDT\drivers</Filter>
    </ClInclude>
    <ClInclude Include="..\..\..\drivers\traveo2\09_externals\freetype\include\freetype\internal\services\svttcmap.h">
      <Filter>GDT\drivers</Filter>
    </ClInclude>
    <ClInclude Include="..\..\..\drivers\traveo2\09_externals\freetype\include\freetype\internal\services\svtteng.h">
      <Filter>GDT\drivers</Filter>
    </ClInclude>
    <ClInclude Include="..\..\..\drivers\traveo2\09_externals\freetype\include\freetype\internal\services\svttglyf.h">
      <Filter>GDT\drivers</Filter>
    </ClInclude>
    <ClInclude Include="..\..\..\drivers\traveo2\09_externals\freetype\include\freetype\internal\services\svwinfnt.h">
      <Filter>GDT\drivers</Filter>
    </ClInclude>
    <ClInclude Include="..\..\..\drivers\amber\09_externals\freetype\include\freetype\internal\services\svxf86nm.h">
      <Filter>GDT\drivers</Filter>
    </ClInclude>
    <ClInclude Include="..\..\..\drivers\traveo2\09_externals\freetype\include\freetype\t1tables.h">
      <Filter>GDT\drivers</Filter>
    </ClInclude>
    <ClInclude Include="..\..\..\drivers\traveo2\09_externals\freetype\include\freetype\internal\t1types.h">
      <Filter>GDT\drivers</Filter>
    </ClInclude>
    <ClInclude Include="..\..\..\drivers\traveo2\09_externals\freetype\include\freetype\ttnameid.h">
      <Filter>GDT\drivers</Filter>
    </ClInclude>
    <ClInclude Include="..\..\..\drivers\traveo2\09_externals\freetype\include\freetype\tttables.h">
      <Filter>GDT\drivers</Filter>
    </ClInclude>
    <ClInclude Include="..\..\..\drivers\traveo2\09_externals\freetype\include\freetype\tttags.h">
      <Filter>GDT\drivers</Filter>
    </ClInclude>
    <ClInclude Include="..\..\..\drivers\traveo2\09_externals\freetype\include\freetype\internal\tttypes.h">
      <Filter>GDT\drivers</Filter>
    </ClInclude>
    <ClInclude Include="..\..\..\drivers\amber\09_externals\freetype\include\freetype\ttunpat.h">
      <Filter>GDT\drivers</Filter>
    </ClInclude>
    <ClInclude Include="..\..\..\drivers\traveo2\05_util\utgraphic\include\ut_class_ctx.h">
      <Filter>GDT\drivers</Filter>
    </ClInclude>
    <ClInclude Include="..\..\..\drivers\traveo2\05_util\utgraphic\include\ut_class_device.h">
      <Filter>GDT\drivers</Filter>
    </ClInclude>
    <ClInclude Include="..\..\..\drivers\traveo2\05_util\utgraphic\include\ut_class_display.h">
      <Filter>GDT\drivers</Filter>
    </ClInclude>
    <ClInclude Include="..\..\..\drivers\traveo2\05_util\utgraphic\include\ut_class_menu.h">
      <Filter>GDT\drivers</Filter>
    </ClInclude>
    <ClInclude Include="..\..\..\drivers\traveo2\05_util\utgraphic\include\ut_class_rlad.h">
      <Filter>GDT\drivers</Filter>
    </ClInclude>
    <ClInclude Include="..\..\..\drivers\traveo2\05_util\utgraphic\include\ut_class_surface.h">
      <Filter>GDT\drivers</Filter>
    </ClInclude>
    <ClInclude Include="..\..\..\drivers\traveo2\05_util\utgraphic\include\ut_class_window.h">
      <Filter>GDT\drivers</Filter>
    </ClInclude>
    <ClInclude Include="..\..\..\drivers\traveo2\05_util\utgraphic\include\ut_compatibility.h">
      <Filter>GDT\drivers</Filter>
    </ClInclude>
    <ClInclude Include="..\..\..\drivers\traveo2\05_util\utgraphic\include\ut_compression.h">
      <Filter>GDT\drivers</Filter>
    </ClInclude>
    <ClInclude Include="..\..\..\drivers\traveo2\05_util\common\include\ut_config.h">
      <Filter>GDT\drivers</Filter>
    </ClInclude>
    <ClInclude Include="..\..\..\drivers\traveo2\05_util\utgraphic\include\ut_disp.h">
      <Filter>GDT\drivers</Filter>
    </ClInclude>
    <ClInclude Include="..\..\..\drivers\traveo2\05_util\utgraphic\include\ut_filter.h">
      <Filter>GDT\drivers</Filter>
    </ClInclude>
    <ClInclude Include="..\..\..\drivers\traveo2\05_util\utfreetype\include\ut_freetype.h">
      <Filter>GDT\drivers</Filter>
    </ClInclude>
    <ClInclude Include="..\..\..\drivers\traveo2\05_util\utgraphic\include\ut_histo.h">
      <Filter>GDT\drivers</Filter>
    </ClInclude>
    <ClInclude Include="..\..\..\drivers\traveo2\05_util\common\include\ut_memman.h">
      <Filter>GDT\drivers</Filter>
    </ClInclude>
    <ClInclude Include="..\..\..\drivers\traveo2\05_util\common\include\ut_printf.h">
      <Filter>GDT\drivers</Filter>
    </ClInclude>
    <ClInclude Include="..\..\..\drivers\traveo2\05_util\utgraphic\include\ut_rlc.h">
      <Filter>GDT\drivers</Filter>
    </ClInclude>
    <ClInclude Include="..\..\..\drivers\traveo2\05_util\common\include\ut_timer.h">
      <Filter>GDT\drivers</Filter>
    </ClInclude>
    <ClInclude Include="gdtctrl\cfg\hmi_button.h" />
    <ClInclude Include="gdtctrl\cfg\hmi_button.h" />
  </ItemGroup>
  <ItemGroup>
    <ClCompile Include="..\..\..\gdt\ui_core_gdt\ui.core.gdt\hmi.gfx.manager.02\src\hmi_gfx_mgr02_context.c">
      <Filter>GDT\ui.core.gdt</Filter>
    </ClCompile>
    <ClCompile Include="..\..\..\gdt\ui_core_gdt\ui.core.gdt\hmi.gfx.manager.02\src\hmi_gfx_mgr02_dcu.c">
      <Filter>GDT\ui.core.gdt</Filter>
    </ClCompile>
    <ClCompile Include="..\..\..\gdt\ui_core_gdt\ui.core.gdt\hmi.gfx.manager.02\src\hmi_gfx_mgr02_dirty_area.c">
      <Filter>GDT\ui.core.gdt</Filter>
    </ClCompile>
    <ClCompile Include="..\..\..\gdt\ui_core_gdt\ui.core.gdt\hmi.gfx.manager.02\src\hmi_gfx_mgr02_driver.c">
      <Filter>GDT\ui.core.gdt</Filter>
    </ClCompile>
    <ClCompile Include="..\..\..\gdt\ui_core_gdt\ui.core.gdt\hmi.gfx.manager.02\src\hmi_gfx_mgr02_generic.c">
      <Filter>GDT\ui.core.gdt</Filter>
    </ClCompile>
    <ClCompile Include="..\..\..\gdt\ui_core_gdt\ui.core.gdt\hmi.gfx.manager.02\src\hmi_gfx_mgr02_irislib.c">
      <Filter>GDT\ui.core.gdt</Filter>
    </ClCompile>
    <ClCompile Include="..\..\..\gdt\ui_core_gdt\ui.core.gdt\hmi.gfx.manager.02\src\hmi_gfx_mgr02_layout.c">
      <Filter>GDT\ui.core.gdt</Filter>
    </ClCompile>
    <ClCompile Include="..\..\..\gdt\ui_core_gdt\ui.core.gdt\hmi.gfx.manager.02\src\hmi_gfx_mgr02_mem.c">
      <Filter>GDT\ui.core.gdt</Filter>
    </ClCompile>
    <ClCompile Include="..\..\..\gdt\ui_core_gdt\ui.core.gdt\hmi.gfx.manager.02\src\hmi_gfx_mgr02_ogllib.c">
      <Filter>GDT\ui.core.gdt</Filter>
    </ClCompile>
    <ClCompile Include="..\..\..\gdt\ui_core_gdt\ui.core.gdt\hmi.gfx.manager.02\src\hmi_gfx_mgr02_ovglib.c">
      <Filter>GDT\ui.core.gdt</Filter>
    </ClCompile>
    <ClCompile Include="..\..\..\gdt\ui_core_gdt\ui.core.gdt\hmi.gfx.manager.02\src\hmi_gfx_mgr02_perflog.c">
      <Filter>GDT\ui.core.gdt</Filter>
    </ClCompile>
    <ClCompile Include="..\..\..\gdt\ui_core_gdt\ui.core.gdt\hmi.gfx.manager.02\src\hmi_gfx_mgr02_safety.c">
      <Filter>GDT\ui.core.gdt</Filter>
    </ClCompile>
    <ClCompile Include="..\..\..\gdt\ui_core_gdt\ui.core.gdt\hmi.gfx.manager.02\src\hmi_gfx_mgr02_swrlib.c">
      <Filter>GDT\ui.core.gdt</Filter>
    </ClCompile>
    <ClCompile Include="..\..\..\gdt\ui_core_gdt\ui.core.gdt\hmi.gfx.manager.02\src\hmi_gfx_mgr02_text.c">
      <Filter>GDT\ui.core.gdt</Filter>
    </ClCompile>
    <ClCompile Include="..\..\..\gdt\ui_core_gdt\ui.core.gdt\hmi.gfx.manager.02\src\hmi_gfx_mgr02_theme.c">
      <Filter>GDT\ui.core.gdt</Filter>
    </ClCompile>
    <ClCompile Include="gdtcdd\src\GdtCdd.c">
      <Filter>GDT\gdtcdd</Filter>
    </ClCompile>
    <ClCompile Include="..\..\..\iceapple\ui.core.iceapple\animation.core.02\src\hmi_gfx_anim_vm02_if.c">
      <Filter>GDT\iceapple</Filter>
    </ClCompile>
    <ClCompile Include="..\..\..\iceapple\ui.core.iceapple\language.core.01\src\hmi_language_interface.c">
      <Filter>GDT\iceapple</Filter>
    </ClCompile>
    <ClCompile Include="..\..\..\iceapple\ui.core.iceapple\view.manager.02\src\hmi_logic_state_handler.c">
      <Filter>GDT\iceapple</Filter>
    </ClCompile>
    <ClCompile Include="..\..\..\iceapple\ui.core.iceapple\view.manager.02\src\hmi_view_manager_02.c">
      <Filter>GDT\iceapple</Filter>
    </ClCompile>
    <ClCompile Include="..\..\..\iceapple\ui.core.iceapple\view.manager.02\src\hmi_view_manager_02_autocode.c">
      <Filter>GDT\iceapple</Filter>
    </ClCompile>
    <ClCompile Include="stubs\rte\rte.c">
      <Filter>HmiSimul\rte</Filter>
    </ClCompile>
    <ClCompile Include="stubs\swc\swc.c">
      <Filter>HmiSimul\swc</Filter>
    </ClCompile>
    <ClCompile Include="stubs\bsw\os.c">
      <Filter>HmiSimul\BSW</Filter>
    </ClCompile>
    <ClCompile Include="IrisEmul\gdc.c">
      <Filter>HmiSimul\IrisEmul</Filter>
    </ClCompile>
    <ClCompile Include="IrisEmul\iris.c">
      <Filter>HmiSimul\IrisEmul</Filter>
    </ClCompile>
    <ClCompile Include="IrisEmul\iris_eng.cpp">
      <Filter>HmiSimul\IrisEmul</Filter>
    </ClCompile>
    <ClCompile Include="IrisEmul\iris_pixformat.cpp">
      <Filter>HmiSimul\IrisEmul</Filter>
    </ClCompile>
    <ClCompile Include="IrisEmul\pe_matrix.c">
      <Filter>HmiSimul\IrisEmul</Filter>
    </ClCompile>
    <ClCompile Include="IrisEmul\EGL\egl.c">
      <Filter>HmiSimul</Filter>
    </ClCompile>
    <ClCompile Include="stubs\libs\AssertLib.c">
      <Filter>HmiSimul\libs</Filter>
    </ClCompile>
    <ClCompile Include="stubs\libs\CmpLib.c">
      <Filter>HmiSimul\libs</Filter>
    </ClCompile>
    <ClCompile Include="IrisEmul\iris_DrwEngWrp.c">
      <Filter>HmiSimul\IrisEmul</Filter>
    </ClCompile>
    <ClCompile Include="IrisEmul\iris_DrvEng.cpp">
      <Filter>HmiSimul\IrisEmul</Filter>
    </ClCompile>
    <ClCompile Include="gdtctrl\GdtAppSrc\GdtAutoGenerated\hmi_gfx02_image_data.c">
      <Filter>GDT\gdtctrl</Filter>
    </ClCompile>
    <ClCompile Include="gdtctrl\GdtAppSrc\GdtAutoGenerated\hmi_gfx_mgr02_clut_table.c">
      <Filter>GDT\gdtctrl</Filter>
    </ClCompile>
    <ClCompile Include="gdtctrl\GdtAppSrc\GdtAutoGenerated\hmi_gfx_mgr02_font.c">
      <Filter>GDT\gdtctrl</Filter>
    </ClCompile>
    <ClCompile Include="gdtctrl\GdtAppSrc\GdtAutoGenerated\hmi_gfx_mgr02_vgfont.c">
      <Filter>GDT\gdtctrl</Filter>
    </ClCompile>
    <ClCompile Include="gdtctrl\src\hmi_language_1.c">
      <Filter>GDT\gdtctrl</Filter>
    </ClCompile>
    <ClCompile Include="gdtctrl\GdtAppSrc\Presentation\hmi_default.c">
      <Filter>GDT\gdtctrl</Filter>
    </ClCompile>
    <ClCompile Include="gdtctrl\GdtAppSrc\Presentation\hmi_main.c">
      <Filter>GDT\gdtctrl</Filter>
    </ClCompile>
    <ClCompile Include="Simul_init.c">
      <Filter>HmiSimul</Filter>
    </ClCompile>
    <ClCompile Include="SimulMain.cpp">
      <Filter>HmiSimul</Filter>
    </ClCompile>
    <ClCompile Include="gdtctrl\GdtAppSrc\Presentation\png.c">
      <Filter>GDT\gdtctrl</Filter>
    </ClCompile>
    <ClCompile Include="..\..\..\gdt\ui_core_gdt\ui.core.gdt\osal\sosa\hmi_gfx_mgr02_if.c">
      <Filter>GDT\ui.core.gdt</Filter>
    </ClCompile>
    <ClCompile Include="..\..\..\gdt\ui_core_gdt\ui.core.gdt\osal\sosa\hmi_gfx_mgr02_if_chart.c">
      <Filter>GDT\ui.core.gdt</Filter>
    </ClCompile>
    <ClCompile Include="..\..\..\gdt\ui_core_gdt\ui.core.gdt\osal\sosa\hmi_gfx_mgr02_if_model_autocode.c">
      <Filter>GDT\ui.core.gdt</Filter>
    </ClCompile>
    <ClCompile Include="..\..\..\gdt\ui_core_gdt\ui.core.gdt\hmi.gfx.manager.02\src\hmi_gfx_mgr02_tv2.c">
      <Filter>GDT\ui.core.gdt</Filter>
    </ClCompile>
    <ClCompile Include="..\..\..\gdt\ui_core_gdt\ui.core.gdt\hmi.gfx.manager.02\src\hmi_gfx_mgr02_tv2_clut.c">
      <Filter>GDT\ui.core.gdt</Filter>
    </ClCompile>
    <ClCompile Include="..\..\..\gdt\ui_core_gdt\ui.core.gdt\hmi.gfx.manager.02\src\hmi_gfx_mgr02_tv2_iris.c">
      <Filter>GDT\ui.core.gdt</Filter>
    </ClCompile>
    <ClCompile Include="..\..\..\gdt\ui_core_gdt\ui.core.gdt\hmi.gfx.manager.02\src\hmi_gfx_mgr02_amber_iris.c">
      <Filter>GDT\ui.core.gdt</Filter>
    </ClCompile>
    <ClCompile Include="..\..\..\gdt\ui_core_gdt\ui.core.gdt\hmi.gfx.manager.02\src\hmi_gfx_mgr02_gsub.c">
      <Filter>GDT\ui.core.gdt</Filter>
    </ClCompile>
    <ClCompile Include="gdtctrl\GdtAppSrc\GdtAutoGenerated\fon_Size36.c">
      <Filter>GDT\gdtctrl</Filter>
    </ClCompile>
    <ClCompile Include="gdtctrl\GdtAppSrc\GdtAutoGenerated\fon_Size41.c">
      <Filter>GDT\gdtctrl</Filter>
    </ClCompile>
    <ClCompile Include="..\..\..\iceapple\ui.core.iceapple\popup.core.02\src\hmi_popup_core.c">
      <Filter>GDT\iceapple</Filter>
    </ClCompile>
    <ClCompile Include="stubs\application\hmiapp_stub.c">
      <Filter>HmiSimul\AppStubs</Filter>
    </ClCompile>
    <ClCompile Include="..\..\..\iceapple\ui.core.iceapple\menu.core.01\src\hmi_menu_core_01_model_autocode.c">
      <Filter>GDT\iceapple</Filter>
    </ClCompile>
    <ClCompile Include="..\..\..\iceapple\ui.core.iceapple\message.core.01\src\hmi_msgArbitrator.c">
      <Filter>GDT\iceapple</Filter>
    </ClCompile>
    <ClCompile Include="..\..\..\iceapple\ui.core.iceapple\message.core.01\src\hmi_msgDefinition.c">
      <Filter>GDT\iceapple</Filter>
    </ClCompile>
    <ClCompile Include="..\..\..\iceapple\ui.core.iceapple\message.core.01\src\hmi_msgSequencer.c">
      <Filter>GDT\iceapple</Filter>
    </ClCompile>
    <ClCompile Include="..\..\..\iceapple\ui.core.iceapple\message.core.01\src\hmi_msgStore.c">
      <Filter>GDT\iceapple</Filter>
    </ClCompile>
    <ClCompile Include="..\..\..\iceapple\ui.core.iceapple\message.core.01\src\hmi_msgTask.c">
      <Filter>GDT\iceapple</Filter>
    </ClCompile>
    <ClCompile Include="stubs\hmi_msgTest.c">
      <Filter>HmiSimul\AppStubs</Filter>
    </ClCompile>
    <ClCompile Include="..\..\..\iceapple\ui.core.iceapple\menu.core.01\src\hmi_menu_core_01_chart.c">
      <Filter>GDT\iceapple</Filter>
    </ClCompile>
    <ClCompile Include="..\..\..\iceapple\ui.core.iceapple\menu.core.01\src\hmi_menu_core_01_logic.c">
      <Filter>GDT\iceapple</Filter>
    </ClCompile>
    <ClCompile Include="..\..\..\gdt\ui_core_gdt\ui.core.gdt\hmi.gfx.manager.02\amber_mem\hmi_gfx_mgr02_amber_mem_mgmt.c">
      <Filter>GDT\ui.core.gdt</Filter>
    </ClCompile>
    <ClCompile Include="gdtctrl\src\GdtCtrl.c">
      <Filter>GDT\gdtctrl</Filter>
    </ClCompile>
    <ClCompile Include="..\..\..\iceapple\ui.core.iceapple\animation.core.02\src\hmi_gfx_anim_engine.c">
      <Filter>GDT\iceapple</Filter>
    </ClCompile>
    <ClCompile Include="..\..\..\iceapple\ui.core.iceapple\animation.core.02\src\hmi_gfx_anim_engine.c">
      <Filter>HmiSimul</Filter>
    </ClCompile>
    <ClCompile Include="..\..\..\iceapple\ui.core.iceapple\animation.core.02\src\hmi_gfx_anim_engine.c">
      <Filter>GDT\iceapple</Filter>
    </ClCompile>
    <ClCompile Include="..\..\..\drivers\traveo2\05_util\utfreetype\src\ut_freetype.c">
      <Filter>GDT\drivers</Filter>
    </ClCompile>
    <ClCompile Include="..\..\..\gdt\ui_core_gdt\ui.core.gdt\hmi.gfx.manager.02\src\hmi_gfx_mgr02_cache.c">
      <Filter>GDT\ui.core.gdt</Filter>
    </ClCompile>
  </ItemGroup>
  <ItemGroup>
    <None Include="gdtcdd\cfg\hmi_gfx_mgr02.cfg">
      <Filter>GDT\gdtcdd</Filter>
    </None>
    <None Include="gdtcdd\cfg\hmi_gfx_mgr02_clut_table.cfg">
      <Filter>GDT\gdtcdd</Filter>
    </None>
    <None Include="gdtcdd\cfg\hmi_gfx_mgr02_font.cfg">
      <Filter>GDT\gdtcdd</Filter>
    </None>
    <None Include="gdtctrl\GdtAppSrc\GdtAutoGenerated\hmi_logic_state_handler.inc">
      <Filter>GDT\gdtctrl</Filter>
    </None>
    <None Include="gdtctrl\GdtAppSrc\GdtAutoGenerated\hmi_gfx_mgr02_config.dat">
      <Filter>GDT\gdtctrl</Filter>
    </None>
    <None Include="gdtctrl\GdtAppSrc\GdtAutoGenerated\hmi_gfx_mgr02_ovg_table.dat">
      <Filter>GDT\gdtctrl</Filter>
    </None>
    <None Include="gdtctrl\GdtAppSrc\GdtAutoGenerated\hmi_gfx_mgr02_svg_table.dat">
      <Filter>GDT\gdtctrl</Filter>
    </None>
    <None Include="gdtctrl\GdtAppSrc\GdtAutoGenerated\hmi_logic_state_handler.dat">
      <Filter>GDT\gdtctrl</Filter>
    </None>
    <None Include="gdtctrl\cfg\hmi_gfx_anim_engine.cfg" />
    <None Include="gdtctrl\cfg\hmi_logic_state_handler.cfg" />
    <None Include="gdtctrl\cfg\dm_swch.cfg" />
    <None Include="gdtctrl\cfg\hmi_gfx_anim_engine.cfg" />
    <None Include="gdtctrl\cfg\hmi_logic_state_handler.cfg" />
    <None Include="gdtctrl\cfg\dm_swch.cfg" />
    <None Include="gdtctrl\cfg\hmi_gfx_anim_engine.cfg" />
    <None Include="gdtctrl\cfg\hmi_logic_state_handler.cfg" />
    <None Include="gdtctrl\cfg\dm_swch.cfg" />
    <None Include="gdtctrl\cfg\hmi_gfx_anim_engine.cfg" />
    <None Include="gdtctrl\cfg\hmi_logic_state_handler.cfg" />
    <None Include="gdtctrl\cfg\dm_swch.cfg" />
    <None Include="gdtctrl\cfg\hmi_gfx_anim_engine.cfg" />
    <None Include="gdtctrl\cfg\hmi_logic_state_handler.cfg" />
    <None Include="gdtctrl\cfg\dm_swch.cfg" />
    <None Include="gdtctrl\cfg\hmi_gfx_anim_engine.cfg" />
    <None Include="gdtctrl\cfg\hmi_logic_state_handler.cfg" />
    <None Include="gdtctrl\cfg\dm_swch.cfg" />
    <None Include="gdtctrl\cfg\hmi_gfx_anim_engine.cfg" />
    <None Include="gdtctrl\cfg\hmi_logic_state_handler.cfg" />
    <None Include="gdtctrl\cfg\dm_swch.cfg" />
    <None Include="gdtctrl\cfg\hmi_gfx_anim_engine.cfg" />
    <None Include="gdtctrl\cfg\hmi_logic_state_handler.cfg" />
    <None Include="stubs\application\hmi_popup_core.dat">
      <Filter>HmiSimul\AppStubs</Filter>
    </None>
    <None Include="gdtctrl\cfg\dm_swch.cfg" />
    <None Include="gdtctrl\cfg\hmi_gfx_anim_engine.cfg" />
    <None Include="gdtctrl\cfg\hmi_logic_state_handler.cfg" />
    <None Include="stubs\application\hmi_menu_config_1.inc">
      <Filter>HmiSimul\AppStubs</Filter>
    </None>
    <None Include="stubs\application\hmi_menu_def_1.inc">
      <Filter>HmiSimul\AppStubs</Filter>
    </None>
    <None Include="stubs\application\ui_common_msgPresentation.inc">
      <Filter>HmiSimul\AppStubs</Filter>
    </None>
    <None Include="stubs\application\ui_msgDefinition.inc">
      <Filter>HmiSimul\AppStubs</Filter>
    </None>
    <None Include="stubs\application\ui_msgPresentation.inc">
      <Filter>HmiSimul\AppStubs</Filter>
    </None>
    <None Include="stubs\application\di_warnings_constants.inc">
      <Filter>HmiSimul\AppStubs</Filter>
    </None>
    <None Include="gdtctrl\cfg\dm_swch.cfg" />
    <None Include="gdtctrl\cfg\hmi_gfx_anim_engine.cfg" />
    <None Include="gdtctrl\cfg\hmi_logic_state_handler.cfg" />
    <None Include="gdtctrl\cfg\dm_swch.cfg" />
    <None Include="gdtctrl\cfg\hmi_gfx_anim_engine.cfg" />
    <None Include="gdtctrl\cfg\hmi_logic_state_handler.cfg" />
    <None Include="gdtctrl\cfg\dm_swch.cfg" />
    <None Include="gdtctrl\cfg\hmi_gfx_anim_engine.cfg" />
    <None Include="gdtctrl\cfg\hmi_logic_state_handler.cfg" />
    <None Include="gdtctrl\cfg\dm_swch.cfg" />
    <None Include="gdtctrl\cfg\hmi_gfx_anim_engine.cfg" />
    <None Include="gdtctrl\cfg\hmi_logic_state_handler.cfg" />
    <None Include="gdtctrl\cfg\dm_swch.cfg" />
    <None Include="gdtctrl\cfg\hmi_gfx_anim_engine.cfg" />
    <None Include="gdtctrl\cfg\hmi_logic_state_handler.cfg" />
    <None Include="gdtctrl\cfg\dm_swch.cfg" />
    <None Include="gdtctrl\cfg\hmi_gfx_anim_engine.cfg" />
    <None Include="gdtctrl\cfg\hmi_logic_state_handler.cfg" />
    <None Include="gdtctrl\cfg\dm_swch.cfg" />
    <None Include="gdtctrl\cfg\hmi_gfx_anim_engine.cfg" />
    <None Include="gdtctrl\cfg\hmi_logic_state_handler.cfg" />
    <None Include="gdtctrl\cfg\dm_swch.cfg" />
    <None Include="gdtctrl\cfg\hmi_gfx_anim_engine.cfg" />
    <None Include="gdtctrl\cfg\hmi_logic_state_handler.cfg" />
    <None Include="gdtcdd\cfg\hmi_gfx_mgr02_warp_tables.cfg">
      <Filter>GDT\gdtcdd</Filter>
    </None>
    <None Include="gdtctrl\cfg\hmi_language_01.cfg">
      <Filter>HmiSimul\CoreCfg</Filter>
    </None>
    <None Include="stubs\configs\hmi_menu_core_01.cfg">
      <Filter>HmiSimul\CoreCfg</Filter>
    </None>
    <None Include="stubs\configs\hmi_msgArbitrator.cfg">
      <Filter>HmiSimul\CoreCfg</Filter>
    </None>
    <None Include="stubs\configs\hmi_msgDefinition.cfg">
      <Filter>HmiSimul\CoreCfg</Filter>
    </None>
    <None Include="stubs\configs\hmi_msgSequencer.cfg">
      <Filter>HmiSimul\CoreCfg</Filter>
    </None>
    <None Include="stubs\configs\hmi_msgStore.cfg">
      <Filter>HmiSimul\CoreCfg</Filter>
    </None>
    <None Include="stubs\configs\hmi_msgTask.cfg">
      <Filter>HmiSimul\CoreCfg</Filter>
    </None>
    <None Include="stubs\configs\ui_core_iceapple.cfg">
      <Filter>HmiSimul\CoreCfg</Filter>
    </None>
    <None Include="stubs\swtmr.cfg">
      <Filter>HmiSimul\CoreCfg</Filter>
    </None>
  </ItemGroup>
  <ItemGroup>
    <Library Include="freetype2412_D.lib">
      <Filter>HmiSimul\libs</Filter>
    </Library>
    <Library Include="stubs\libs\vcompd.lib">
      <Filter>HmiSimul\libs</Filter>
    </Library>
  </ItemGroup>
</Project>