
Microsoft Visual Studio Solution File, Format Version 10.00
# Visual C++ Express 2008
Project("{8BC9CEB8-8B4A-11D0-8D11-00A0C91BC942}") = "ia_core_windows", "ia_core.vcproj", "{82AE19D3-1944-4809-9617-9EB74EC71DB3}"
EndProject
Global
	GlobalSection(SolutionConfigurationPlatforms) = preSolution
		Debug Static Library|Win32 = Debug Static Library|Win32
		Debug|Win32 = Debug|Win32
		Release Static Library|Win32 = Release Static Library|Win32
		Release|Win32 = Release|Win32
	EndGlobalSection
	GlobalSection(ProjectConfigurationPlatforms) = postSolution
		{82AE19D3-1944-4809-9617-9EB74EC71DB3}.Debug Static Library|Win32.ActiveCfg = Debug|Win32
		{82AE19D3-1944-4809-9617-9EB74EC71DB3}.Debug Static Library|Win32.Build.0 = Debug|Win32
		{82AE19D3-1944-4809-9617-9EB74EC71DB3}.Debug|Win32.ActiveCfg = Debug|Win32
		{82AE19D3-1944-4809-9617-9EB74EC71DB3}.Debug|Win32.Build.0 = Debug|Win32
		{82AE19D3-1944-4809-9617-9EB74EC71DB3}.Release Static Library|Win32.ActiveCfg = Release|Win32
		{82AE19D3-1944-4809-9617-9EB74EC71DB3}.Release Static Library|Win32.Build.0 = Release|Win32
		{82AE19D3-1944-4809-9617-9EB74EC71DB3}.Release|Win32.ActiveCfg = Release|Win32
		{82AE19D3-1944-4809-9617-9EB74EC71DB3}.Release|Win32.Build.0 = Release|Win32
	EndGlobalSection
	GlobalSection(SolutionProperties) = preSolution
		HideSolutionNode = FALSE
	EndGlobalSection
EndGlobal
