<?xml version="1.0" encoding="utf-8"?>
<Project ToolsVersion="4.0" xmlns="http://schemas.microsoft.com/developer/msbuild/2003">
  <ItemGroup>
    <Filter Include="Resource Files">
      <UniqueIdentifier>{67DA6AB6-F800-4c08-8B7A-83BB121AAD01}</UniqueIdentifier>
      <Extensions>rc;ico;cur;bmp;dlg;rc2;rct;bin;rgs;gif;jpg;jpeg;jpe;resx;tiff;tif;png;wav;mfcribbon-ms</Extensions>
    </Filter>
    <Filter Include="HmiSimul">
      <UniqueIdentifier>{4FC737F1-C7A5-4376-A066-2A32D752A2FF}</UniqueIdentifier>
      <Extensions>cpp;c;cc;cxx;def;odl;idl;hpj;bat;asm;asmx</Extensions>
    </Filter>
    <Filter Include="HmiSimul\BSW">
      <UniqueIdentifier>{32402091-e42d-42cf-8df7-631d3fa73afd}</UniqueIdentifier>
    </Filter>
    <Filter Include="HmiSimul\IrisEmul">
      <UniqueIdentifier>{cdaa46b7-adba-4115-a698-8929f4de671c}</UniqueIdentifier>
    </Filter>
    <Filter Include="GDT">
      <UniqueIdentifier>{c79e6c7f-2064-4fb9-ac79-5099f46903ee}</UniqueIdentifier>
    </Filter>
    <Filter Include="GDT\gdtcdd">
      <UniqueIdentifier>{08ea58e9-db2b-4c75-b94b-3b0d63d86ce4}</UniqueIdentifier>
    </Filter>
    <Filter Include="GDT\gdtctrl">
      <UniqueIdentifier>{2a9f308c-eff0-412f-a5de-9fb77569e8fb}</UniqueIdentifier>
      <Extensions>
      </Extensions>
      <ParseFiles>true</ParseFiles>
    </Filter>
    <Filter Include="GDT\ui.core.gdt">
      <UniqueIdentifier>{deaedb7c-77b7-42a0-841c-58468ff66b1a}</UniqueIdentifier>
    </Filter>
    <Filter Include="GDT\iceapple">
      <UniqueIdentifier>{933a3283-3a93-4f1b-8581-428fe91568cd}</UniqueIdentifier>
    </Filter>
    <Filter Include="HmiSimul\rte">
      <UniqueIdentifier>{3fd56248-72ba-487a-a5cd-bfe1855a713b}</UniqueIdentifier>
    </Filter>
    <Filter Include="HmiSimul\swc">
      <UniqueIdentifier>{2d33bfe7-c4a4-42c2-bd3b-4d8e58f0a213}</UniqueIdentifier>
    </Filter>
    <Filter Include="HmiSimul\libs">
      <UniqueIdentifier>{6e30df83-a59e-41e3-bde6-a6f75c62d5e7}</UniqueIdentifier>
    </Filter>
    <Filter Include="GDT\services">
      <UniqueIdentifier>{393d5899-1bc1-43cc-a396-cee94975dc70}</UniqueIdentifier>
    </Filter>
  </ItemGroup>
  <ItemGroup>
    <ResourceCompile Include="HmiSimul.rc">
      <Filter>Resource Files</Filter>
    </ResourceCompile>
  </ItemGroup>
  <ItemGroup>
    <ClInclude Include="..\..\..\..\ui.core.gdt\hmi.bidi.algo.01\src\hmi_common.h">
      <Filter>GDT\ui.core.gdt</Filter>
    </ClInclude>
    <ClInclude Include="..\..\..\..\ui.core.gdt\hmi.gfx.manager.02\src\hmi_gfx_mgr02_amber.h">
      <Filter>GDT\ui.core.gdt</Filter>
    </ClInclude>
    <ClInclude Include="..\..\..\..\ui.core.gdt\hmi.gfx.manager.02\src\hmi_gfx_mgr02_amber_iris.h">
      <Filter>GDT\ui.core.gdt</Filter>
    </ClInclude>
    <ClInclude Include="..\..\..\..\ui.core.gdt\hmi.gfx.manager.02\src\hmi_gfx_mgr02_context.h">
      <Filter>GDT\ui.core.gdt</Filter>
    </ClInclude>
    <ClInclude Include="..\..\..\..\ui.core.gdt\hmi.gfx.manager.02\src\hmi_gfx_mgr02_dcu.h">
      <Filter>GDT\ui.core.gdt</Filter>
    </ClInclude>
    <ClInclude Include="..\..\..\..\ui.core.gdt\hmi.gfx.manager.02\src\hmi_gfx_mgr02_defs.h">
      <Filter>GDT\ui.core.gdt</Filter>
    </ClInclude>
    <ClInclude Include="..\..\..\..\ui.core.gdt\hmi.gfx.manager.02\src\hmi_gfx_mgr02_dirty_area.h">
      <Filter>GDT\ui.core.gdt</Filter>
    </ClInclude>
    <ClInclude Include="..\..\..\..\ui.core.gdt\hmi.gfx.manager.02\src\hmi_gfx_mgr02_driver.h">
      <Filter>GDT\ui.core.gdt</Filter>
    </ClInclude>
    <ClInclude Include="..\..\..\..\ui.core.gdt\hmi.gfx.manager.02\src\hmi_gfx_mgr02_generic.h">
      <Filter>GDT\ui.core.gdt</Filter>
    </ClInclude>
    <ClInclude Include="..\..\..\..\ui.core.gdt\hmi.gfx.manager.02\src\hmi_gfx_mgr02_irislib.h">
      <Filter>GDT\ui.core.gdt</Filter>
    </ClInclude>
    <ClInclude Include="..\..\..\..\ui.core.gdt\hmi.gfx.manager.02\src\hmi_gfx_mgr02_layout.h">
      <Filter>GDT\ui.core.gdt</Filter>
    </ClInclude>
    <ClInclude Include="..\..\..\..\ui.core.gdt\hmi.gfx.manager.02\src\hmi_gfx_mgr02_mem.h">
      <Filter>GDT\ui.core.gdt</Filter>
    </ClInclude>
    <ClInclude Include="..\..\..\..\ui.core.gdt\hmi.gfx.manager.02\src\hmi_gfx_mgr02_ogllib.h">
      <Filter>GDT\ui.core.gdt</Filter>
    </ClInclude>
    <ClInclude Include="..\..\..\..\ui.core.gdt\hmi.gfx.manager.02\src\hmi_gfx_mgr02_ovglib.h">
      <Filter>GDT\ui.core.gdt</Filter>
    </ClInclude>
    <ClInclude Include="..\..\..\..\ui.core.gdt\hmi.gfx.manager.02\src\hmi_gfx_mgr02_perflog.h">
      <Filter>GDT\ui.core.gdt</Filter>
    </ClInclude>
    <ClInclude Include="..\..\..\..\ui.core.gdt\hmi.gfx.manager.02\src\hmi_gfx_mgr02_safety.h">
      <Filter>GDT\ui.core.gdt</Filter>
    </ClInclude>
    <ClInclude Include="..\..\..\..\ui.core.gdt\hmi.gfx.manager.02\src\hmi_gfx_mgr02_swrlib.h">
      <Filter>GDT\ui.core.gdt</Filter>
    </ClInclude>
    <ClInclude Include="..\..\..\..\ui.core.gdt\hmi.gfx.manager.02\src\hmi_gfx_mgr02_test.h">
      <Filter>GDT\ui.core.gdt</Filter>
    </ClInclude>
    <ClInclude Include="..\..\..\..\ui.core.gdt\hmi.gfx.manager.02\src\hmi_gfx_mgr02_text.h">
      <Filter>GDT\ui.core.gdt</Filter>
    </ClInclude>
    <ClInclude Include="..\..\..\..\ui.core.gdt\hmi.gfx.manager.02\src\hmi_gfx_mgr02_theme.h">
      <Filter>GDT\ui.core.gdt</Filter>
    </ClInclude>
    <ClInclude Include="..\..\..\..\ui.core.gdt\hmi.gfx.manager.02\src\hmi_gfx_mgr02_types.h">
      <Filter>GDT\ui.core.gdt</Filter>
    </ClInclude>
    <ClInclude Include="gdtcdd\cfg\hmi_language_identifiers.h">
      <Filter>GDT\gdtcdd</Filter>
    </ClInclude>
    <ClInclude Include="gdtcdd\cfg\panel_definition.h">
      <Filter>GDT\gdtcdd</Filter>
    </ClInclude>
    <ClInclude Include="gdtcdd\src\sched.h">
      <Filter>GDT\gdtcdd</Filter>
    </ClInclude>
    <ClInclude Include="gdtcdd\src\tmwtypes.h">
      <Filter>GDT\gdtcdd</Filter>
    </ClInclude>
    <ClInclude Include="stubs\rte\GdtCdd_MemMap.h">
      <Filter>HmiSimul\rte</Filter>
    </ClInclude>
    <ClInclude Include="stubs\rte\GdtCtrl_MemMap.h">
      <Filter>HmiSimul\rte</Filter>
    </ClInclude>
    <ClInclude Include="stubs\rte\GdtDpConn_MemMap.h">
      <Filter>HmiSimul\rte</Filter>
    </ClInclude>
    <ClInclude Include="stubs\rte\Os_MemMap.h">
      <Filter>HmiSimul\rte</Filter>
    </ClInclude>
    <ClInclude Include="stubs\rte\Rte.h">
      <Filter>HmiSimul\rte</Filter>
    </ClInclude>
    <ClInclude Include="stubs\rte\Rte_Cbk.h">
      <Filter>HmiSimul\rte</Filter>
    </ClInclude>
    <ClInclude Include="stubs\rte\Rte_Cfg.h">
      <Filter>HmiSimul\rte</Filter>
    </ClInclude>
    <ClInclude Include="stubs\rte\Rte_Compiler_Cfg.h">
      <Filter>HmiSimul\rte</Filter>
    </ClInclude>
    <ClInclude Include="stubs\rte\Rte_DataHandleType.h">
      <Filter>HmiSimul\rte</Filter>
    </ClInclude>
    <ClInclude Include="stubs\rte\Rte_GdtCdd.h">
      <Filter>HmiSimul\rte</Filter>
    </ClInclude>
    <ClInclude Include="stubs\rte\Rte_GdtCdd_Type.h">
      <Filter>HmiSimul\rte</Filter>
    </ClInclude>
    <ClInclude Include="stubs\rte\Rte_GdtCtrl.h">
      <Filter>HmiSimul\rte</Filter>
    </ClInclude>
    <ClInclude Include="stubs\rte\Rte_GdtCtrl_Type.h">
      <Filter>HmiSimul\rte</Filter>
    </ClInclude>
    <ClInclude Include="stubs\rte\Rte_GdtDpConn.h">
      <Filter>HmiSimul\rte</Filter>
    </ClInclude>
    <ClInclude Include="stubs\rte\Rte_GdtDpConn_Type.h">
      <Filter>HmiSimul\rte</Filter>
    </ClInclude>
    <ClInclude Include="stubs\rte\Rte_Hook.h">
      <Filter>HmiSimul\rte</Filter>
    </ClInclude>
    <ClInclude Include="stubs\rte\Rte_Main.h">
      <Filter>HmiSimul\rte</Filter>
    </ClInclude>
    <ClInclude Include="stubs\rte\Rte_MemMap.h">
      <Filter>HmiSimul\rte</Filter>
    </ClInclude>
    <ClInclude Include="stubs\rte\Rte_Type.h">
      <Filter>HmiSimul\rte</Filter>
    </ClInclude>
    <ClInclude Include="stubs\rte\Rte_UserTypes.h">
      <Filter>HmiSimul\rte</Filter>
    </ClInclude>
    <ClInclude Include="stubs\rte\Rte_WrnCtrl.h">
      <Filter>HmiSimul\rte</Filter>
    </ClInclude>
    <ClInclude Include="stubs\rte\Rte_WrnCtrl_Type.h">
      <Filter>HmiSimul\rte</Filter>
    </ClInclude>
    <ClInclude Include="stubs\rte\WrnCtrl_MemMap.h">
      <Filter>HmiSimul\rte</Filter>
    </ClInclude>
    <ClInclude Include="stubs\swc\WrnCtrl_Cfg.h">
      <Filter>HmiSimul\swc</Filter>
    </ClInclude>
    <ClInclude Include="stubs\libs\TmExt_Cfg.h">
      <Filter>HmiSimul\libs</Filter>
    </ClInclude>
    <ClInclude Include="stubs\libs\TmExt_Timer.h">
      <Filter>HmiSimul\libs</Filter>
    </ClInclude>
    <ClInclude Include="stubs\libs\vstdlib.h">
      <Filter>HmiSimul\libs</Filter>
    </ClInclude>
    <ClInclude Include="stubs\libs\VStdLib_cfg.h">
      <Filter>HmiSimul\libs</Filter>
    </ClInclude>
    <ClInclude Include="stubs\bsw\_Can_GeneralTypes.h">
      <Filter>HmiSimul\BSW</Filter>
    </ClInclude>
    <ClInclude Include="stubs\bsw\Com.h">
      <Filter>HmiSimul\BSW</Filter>
    </ClInclude>
    <ClInclude Include="stubs\bsw\Com_Cfg.h">
      <Filter>HmiSimul\BSW</Filter>
    </ClInclude>
    <ClInclude Include="stubs\bsw\Com_Types.h">
      <Filter>HmiSimul\BSW</Filter>
    </ClInclude>
    <ClInclude Include="stubs\bsw\ComStack_Cfg.h">
      <Filter>HmiSimul\BSW</Filter>
    </ClInclude>
    <ClInclude Include="stubs\bsw\ComStack_Types.h">
      <Filter>HmiSimul\BSW</Filter>
    </ClInclude>
    <ClInclude Include="stubs\bsw\Det.h">
      <Filter>HmiSimul\BSW</Filter>
    </ClInclude>
    <ClInclude Include="stubs\bsw\Det_Cfg.h">
      <Filter>HmiSimul\BSW</Filter>
    </ClInclude>
    <ClInclude Include="stubs\bsw\Dio.h">
      <Filter>HmiSimul\BSW</Filter>
    </ClInclude>
    <ClInclude Include="stubs\bsw\Os.h">
      <Filter>HmiSimul\BSW</Filter>
    </ClInclude>
    <ClInclude Include="stubs\bsw\port.h">
      <Filter>HmiSimul\BSW</Filter>
    </ClInclude>
    <ClInclude Include="IrisEmul\gdc.h">
      <Filter>HmiSimul\IrisEmul</Filter>
    </ClInclude>
    <ClInclude Include="IrisEmul\idd_driver.h">
      <Filter>HmiSimul\IrisEmul</Filter>
    </ClInclude>
    <ClInclude Include="IrisEmul\iris_eng.h">
      <Filter>HmiSimul\IrisEmul</Filter>
    </ClInclude>
    <ClInclude Include="IrisEmul\iris_pixformat.h">
      <Filter>HmiSimul\IrisEmul</Filter>
    </ClInclude>
    <ClInclude Include="stubs\libs\AssertLib.h">
      <Filter>HmiSimul\libs</Filter>
    </ClInclude>
    <ClInclude Include="stubs\libs\CmpLib.h">
      <Filter>HmiSimul\libs</Filter>
    </ClInclude>
    <ClInclude Include="IrisEmul\EGL\egl.h">
      <Filter>HmiSimul\IrisEmul</Filter>
    </ClInclude>
    <ClInclude Include="IrisEmul\glew\include\GL\wglew.h">
      <Filter>HmiSimul\IrisEmul</Filter>
    </ClInclude>
    <ClInclude Include="IrisEmul\EGL\eglext.h">
      <Filter>HmiSimul\IrisEmul</Filter>
    </ClInclude>
    <ClInclude Include="IrisEmul\GLES\gl.h">
      <Filter>HmiSimul\IrisEmul</Filter>
    </ClInclude>
    <ClInclude Include="IrisEmul\GLES\glext.h">
      <Filter>HmiSimul\IrisEmul</Filter>
    </ClInclude>
    <ClInclude Include="IrisEmul\glew\include\GL\glxew.h">
      <Filter>HmiSimul\IrisEmul</Filter>
    </ClInclude>
    <ClInclude Include="IrisEmul\Dio.h">
      <Filter>HmiSimul\BSW</Filter>
    </ClInclude>
    <ClInclude Include="IrisEmul\iris_DrwEng.h">
      <Filter>HmiSimul\IrisEmul</Filter>
    </ClInclude>
    <ClInclude Include="IrisEmul\iris_DrwEngWrp.h">
      <Filter>HmiSimul\IrisEmul</Filter>
    </ClInclude>
    <ClInclude Include="gdtctrl\cfg\hmi_button.h">
      <Filter>GDT\gdtctrl</Filter>
    </ClInclude>
    <ClInclude Include="gdtctrl\GdtAppSrc\GdtAutoGenerated\hmi_gfx_anim_engine_cfg.h">
      <Filter>GDT\gdtctrl</Filter>
    </ClInclude>
    <ClInclude Include="gdtctrl\GdtAppSrc\GdtAutoGenerated\hmi_gfx_mgr02_cfg.h">
      <Filter>GDT\gdtctrl</Filter>
    </ClInclude>
    <ClInclude Include="gdtctrl\GdtAppSrc\GdtAutoGenerated\hmi_gfx_mgr02_clut_table.h">
      <Filter>GDT\gdtctrl</Filter>
    </ClInclude>
    <ClInclude Include="gdtctrl\GdtAppSrc\GdtAutoGenerated\hmi_gfx_mgr02_font.h">
      <Filter>GDT\gdtctrl</Filter>
    </ClInclude>
    <ClInclude Include="gdtctrl\GdtAppSrc\GdtAutoGenerated\hmi_gfx_mgr02_image_data.h">
      <Filter>GDT\gdtctrl</Filter>
    </ClInclude>
    <ClInclude Include="gdtctrl\GdtAppSrc\Presentation\hmi_gauges_cfg.h">
      <Filter>GDT\gdtctrl</Filter>
    </ClInclude>
    <ClInclude Include="gdtctrl\GdtAppSrc\Presentation\hmi_rte_interface.h">
      <Filter>GDT\gdtctrl</Filter>
    </ClInclude>
    <ClInclude Include="gdtctrl\GdtAppSrc\Presentation\ui_warnings_popup_presentation.h">
      <Filter>GDT\gdtctrl</Filter>
    </ClInclude>
    <ClInclude Include="gdtctrl\src\tmwtypes.h">
      <Filter>GDT\gdtctrl</Filter>
    </ClInclude>
    <ClInclude Include="SimulMain.h">
      <Filter>HmiSimul</Filter>
    </ClInclude>
    <ClInclude Include="gdtctrl\GdtAppSrc\Presentation\png.h">
      <Filter>GDT\gdtctrl</Filter>
    </ClInclude>
    <ClInclude Include="gdtctrl\cfg\hmi_button.h" />
    <ClInclude Include="gdtctrl\cfg\hmi_button.h" />
    <ClInclude Include="..\..\..\..\ui.core.gdt\osal\sosa\hmi_gfx_mgr02_if.h">
      <Filter>GDT\ui.core.gdt</Filter>
    </ClInclude>
    <ClInclude Include="..\..\..\..\ui.core.gdt\osal\sosa\hmi_gfx_mgr02_if_chart.h">
      <Filter>GDT\ui.core.gdt</Filter>
    </ClInclude>
    <ClInclude Include="..\..\..\..\ui.core.gdt\osal\sosa\hmi_gfx_mgr02_if_model_autocode.h">
      <Filter>GDT\ui.core.gdt</Filter>
    </ClInclude>
    <ClInclude Include="gdtctrl\cfg\hmi_button.h" />
    <ClInclude Include="gdtctrl\cfg\hmi_button.h" />
    <ClInclude Include="gdtctrl\cfg\hmi_button.h" />
    <ClInclude Include="gdtctrl\cfg\hmi_button.h" />
    <ClInclude Include="gdtctrl\cfg\hmi_button.h" />
    <ClInclude Include="gdtctrl\cfg\hmi_button.h" />
    <ClInclude Include="gdtctrl\cfg\hmi_button.h" />
    <ClInclude Include="gdtctrl\cfg\hmi_button.h" />
    <ClInclude Include="gdtctrl\cfg\hmi_button.h" />
    <ClInclude Include="..\..\..\..\ui.core.gdt\osal\sosa\hmi_gfx_mgr02_if_stub.h">
      <Filter>GDT\ui.core.gdt</Filter>
    </ClInclude>
    <ClInclude Include="hmi_language_identifiers.h">
      <Filter>GDT\ui.core.gdt</Filter>
    </ClInclude>
    <ClInclude Include="..\..\..\..\ui.core.gdt\hmi.gfx.manager.02\src\hmi_gfx_mgr02_capture_video.h">
      <Filter>GDT\ui.core.gdt</Filter>
    </ClInclude>
    <ClInclude Include="..\..\..\..\ui.core.gdt\hmi.gfx.manager.02\src\hmi_gfx_mgr02_devanagari.h">
      <Filter>GDT\ui.core.gdt</Filter>
    </ClInclude>
    <ClInclude Include="gdtctrl\cfg\hmi_button.h" />
    <ClInclude Include="gdtctrl\cfg\hmi_button.h" />
    <ClInclude Include="gdtctrl\cfg\hmi_button.h" />
    <ClInclude Include="..\..\..\..\..\..\iceapple\ui.core.iceapple\animation.core.02\src\hmi_gfx_anim_engine.h">
      <Filter>GDT\iceapple</Filter>
    </ClInclude>
    <ClInclude Include="..\..\..\..\..\..\iceapple\ui.core.iceapple\animation.core.02\src\hmi_gfx_anim_engine_types.h">
      <Filter>GDT\iceapple</Filter>
    </ClInclude>
    <ClInclude Include="..\..\..\..\..\..\iceapple\ui.core.iceapple\language.core.01\src\hmi_language_interface.h">
      <Filter>GDT\iceapple</Filter>
    </ClInclude>
    <ClInclude Include="..\..\..\..\..\..\iceapple\ui.core.iceapple\view.manager.02\src\hmi_logic_state_handler.h">
      <Filter>GDT\iceapple</Filter>
    </ClInclude>
    <ClInclude Include="..\..\..\..\..\..\iceapple\ui.core.iceapple\view.manager.02\src\hmi_view_manager_02.h">
      <Filter>GDT\iceapple</Filter>
    </ClInclude>
    <ClInclude Include="..\..\..\..\..\..\iceapple\ui.core.iceapple\view.manager.02\src\hmi_view_manager_02_autocode.h">
      <Filter>GDT\iceapple</Filter>
    </ClInclude>
    <ClInclude Include="..\..\..\..\..\..\services\ui.core.services\hmi.bidi.algo.01\src\hmi_arabic_cursive_join.h">
      <Filter>GDT\services</Filter>
    </ClInclude>
    <ClInclude Include="..\..\..\..\..\..\services\ui.core.services\hmi.bidi.algo.01\src\hmi_bidi_algo.h">
      <Filter>GDT\services</Filter>
    </ClInclude>
    <ClInclude Include="IrisEmul\glew\include\GL\glew.h">
      <Filter>HmiSimul\IrisEmul</Filter>
    </ClInclude>
  </ItemGroup>
  <ItemGroup>
    <ClCompile Include="..\..\..\..\ui.core.gdt\hmi.gfx.manager.02\src\hmi_gfx_mgr02_amber.c">
      <Filter>GDT\ui.core.gdt</Filter>
    </ClCompile>
    <ClCompile Include="..\..\..\..\ui.core.gdt\hmi.gfx.manager.02\src\hmi_gfx_mgr02_amber_iris.c">
      <Filter>GDT\ui.core.gdt</Filter>
    </ClCompile>
    <ClCompile Include="..\..\..\..\ui.core.gdt\hmi.gfx.manager.02\src\hmi_gfx_mgr02_context.c">
      <Filter>GDT\ui.core.gdt</Filter>
    </ClCompile>
    <ClCompile Include="..\..\..\..\ui.core.gdt\hmi.gfx.manager.02\src\hmi_gfx_mgr02_dcu.c">
      <Filter>GDT\ui.core.gdt</Filter>
    </ClCompile>
    <ClCompile Include="..\..\..\..\ui.core.gdt\hmi.gfx.manager.02\src\hmi_gfx_mgr02_dirty_area.c">
      <Filter>GDT\ui.core.gdt</Filter>
    </ClCompile>
    <ClCompile Include="..\..\..\..\ui.core.gdt\hmi.gfx.manager.02\src\hmi_gfx_mgr02_driver.c">
      <Filter>GDT\ui.core.gdt</Filter>
    </ClCompile>
    <ClCompile Include="..\..\..\..\ui.core.gdt\hmi.gfx.manager.02\src\hmi_gfx_mgr02_generic.c">
      <Filter>GDT\ui.core.gdt</Filter>
    </ClCompile>
    <ClCompile Include="..\..\..\..\ui.core.gdt\hmi.gfx.manager.02\src\hmi_gfx_mgr02_irislib.c">
      <Filter>GDT\ui.core.gdt</Filter>
    </ClCompile>
    <ClCompile Include="..\..\..\..\ui.core.gdt\hmi.gfx.manager.02\src\hmi_gfx_mgr02_layout.c">
      <Filter>GDT\ui.core.gdt</Filter>
    </ClCompile>
    <ClCompile Include="..\..\..\..\ui.core.gdt\hmi.gfx.manager.02\src\hmi_gfx_mgr02_mem.c">
      <Filter>GDT\ui.core.gdt</Filter>
    </ClCompile>
    <ClCompile Include="..\..\..\..\ui.core.gdt\hmi.gfx.manager.02\src\hmi_gfx_mgr02_ogllib.c">
      <Filter>GDT\ui.core.gdt</Filter>
    </ClCompile>
    <ClCompile Include="..\..\..\..\ui.core.gdt\hmi.gfx.manager.02\src\hmi_gfx_mgr02_ovglib.c">
      <Filter>GDT\ui.core.gdt</Filter>
    </ClCompile>
    <ClCompile Include="..\..\..\..\ui.core.gdt\hmi.gfx.manager.02\src\hmi_gfx_mgr02_perflog.c">
      <Filter>GDT\ui.core.gdt</Filter>
    </ClCompile>
    <ClCompile Include="..\..\..\..\ui.core.gdt\hmi.gfx.manager.02\src\hmi_gfx_mgr02_safety.c">
      <Filter>GDT\ui.core.gdt</Filter>
    </ClCompile>
    <ClCompile Include="..\..\..\..\ui.core.gdt\hmi.gfx.manager.02\src\hmi_gfx_mgr02_swrlib.c">
      <Filter>GDT\ui.core.gdt</Filter>
    </ClCompile>
    <ClCompile Include="..\..\..\..\ui.core.gdt\hmi.gfx.manager.02\src\hmi_gfx_mgr02_text.c">
      <Filter>GDT\ui.core.gdt</Filter>
    </ClCompile>
    <ClCompile Include="..\..\..\..\ui.core.gdt\hmi.gfx.manager.02\src\hmi_gfx_mgr02_theme.c">
      <Filter>GDT\ui.core.gdt</Filter>
    </ClCompile>
    <ClCompile Include="stubs\rte\rte.c">
      <Filter>HmiSimul\rte</Filter>
    </ClCompile>
    <ClCompile Include="stubs\swc\swc.c">
      <Filter>HmiSimul\swc</Filter>
    </ClCompile>
    <ClCompile Include="stubs\bsw\os.c">
      <Filter>HmiSimul\BSW</Filter>
    </ClCompile>
    <ClCompile Include="stubs\bsw\port.c">
      <Filter>HmiSimul\BSW</Filter>
    </ClCompile>
    <ClCompile Include="IrisEmul\gdc.c">
      <Filter>HmiSimul\IrisEmul</Filter>
    </ClCompile>
    <ClCompile Include="IrisEmul\iris.c">
      <Filter>HmiSimul\IrisEmul</Filter>
    </ClCompile>
    <ClCompile Include="IrisEmul\iris_eng.cpp">
      <Filter>HmiSimul\IrisEmul</Filter>
    </ClCompile>
    <ClCompile Include="IrisEmul\iris_pixformat.cpp">
      <Filter>HmiSimul\IrisEmul</Filter>
    </ClCompile>
    <ClCompile Include="IrisEmul\pe_matrix.c">
      <Filter>HmiSimul\IrisEmul</Filter>
    </ClCompile>
    <ClCompile Include="IrisEmul\EGL\egl.c">
      <Filter>HmiSimul</Filter>
    </ClCompile>
    <ClCompile Include="stubs\libs\AssertLib.c">
      <Filter>HmiSimul\libs</Filter>
    </ClCompile>
    <ClCompile Include="stubs\libs\CmpLib.c">
      <Filter>HmiSimul\libs</Filter>
    </ClCompile>
    <ClCompile Include="IrisEmul\iris_DrwEngWrp.c">
      <Filter>HmiSimul\IrisEmul</Filter>
    </ClCompile>
    <ClCompile Include="IrisEmul\iris_DrvEng.cpp">
      <Filter>HmiSimul\IrisEmul</Filter>
    </ClCompile>
    <ClCompile Include="gdtctrl\GdtAppSrc\GdtAutoGenerated\fon_Helv32Height.c">
      <Filter>GDT\gdtctrl</Filter>
    </ClCompile>
    <ClCompile Include="gdtctrl\GdtAppSrc\GdtAutoGenerated\fon_Helv37Height.c">
      <Filter>GDT\gdtctrl</Filter>
    </ClCompile>
    <ClCompile Include="gdtctrl\GdtAppSrc\GdtAutoGenerated\hmi_gfx02_image_data.c">
      <Filter>GDT\gdtctrl</Filter>
    </ClCompile>
    <ClCompile Include="gdtctrl\GdtAppSrc\GdtAutoGenerated\hmi_gfx_mgr02_clut_table.c">
      <Filter>GDT\gdtctrl</Filter>
    </ClCompile>
    <ClCompile Include="gdtctrl\GdtAppSrc\GdtAutoGenerated\hmi_gfx_mgr02_font.c">
      <Filter>GDT\gdtctrl</Filter>
    </ClCompile>
    <ClCompile Include="gdtctrl\GdtAppSrc\GdtAutoGenerated\hmi_gfx_mgr02_vgfont.c">
      <Filter>GDT\gdtctrl</Filter>
    </ClCompile>
    <ClCompile Include="gdtctrl\GdtAppSrc\GdtAutoGenerated\hmi_language_1.c">
      <Filter>GDT\gdtctrl</Filter>
    </ClCompile>
    <ClCompile Include="gdtctrl\GdtAppSrc\Presentation\hmi_default.c">
      <Filter>GDT\gdtctrl</Filter>
    </ClCompile>
    <ClCompile Include="gdtctrl\GdtAppSrc\Presentation\hmi_gauges_cfg.c">
      <Filter>GDT\gdtctrl</Filter>
    </ClCompile>
    <ClCompile Include="gdtctrl\GdtAppSrc\Presentation\hmi_main.c">
      <Filter>GDT\gdtctrl</Filter>
    </ClCompile>
    <ClCompile Include="gdtctrl\GdtAppSrc\Presentation\hmi_rte_interface.c">
      <Filter>GDT\gdtctrl</Filter>
    </ClCompile>
    <ClCompile Include="gdtctrl\GdtAppSrc\Presentation\hmi_trip.c">
      <Filter>GDT\gdtctrl</Filter>
    </ClCompile>
    <ClCompile Include="gdtctrl\GdtAppSrc\Presentation\hmi_warnings.c">
      <Filter>GDT\gdtctrl</Filter>
    </ClCompile>
    <ClCompile Include="gdtctrl\GdtAppSrc\Presentation\hmi_welcome.c">
      <Filter>GDT\gdtctrl</Filter>
    </ClCompile>
    <ClCompile Include="gdtctrl\GdtAppSrc\Presentation\hmi_wrn_review.c">
      <Filter>GDT\gdtctrl</Filter>
    </ClCompile>
    <ClCompile Include="Simul_init.c">
      <Filter>HmiSimul</Filter>
    </ClCompile>
    <ClCompile Include="SimulMain.cpp">
      <Filter>HmiSimul</Filter>
    </ClCompile>
    <ClCompile Include="gdtctrl\GdtAppSrc\Presentation\png.c">
      <Filter>GDT\gdtctrl</Filter>
    </ClCompile>
    <ClCompile Include="gdtctrl\src\GdtCtrl.c">
      <Filter>HmiSimul</Filter>
    </ClCompile>
    <ClCompile Include="..\..\..\..\ui.core.gdt\osal\sosa\hmi_gfx_mgr02_if.c">
      <Filter>GDT\ui.core.gdt</Filter>
    </ClCompile>
    <ClCompile Include="..\..\..\..\ui.core.gdt\osal\sosa\hmi_gfx_mgr02_if_chart.c">
      <Filter>GDT\ui.core.gdt</Filter>
    </ClCompile>
    <ClCompile Include="..\..\..\..\ui.core.gdt\osal\sosa\hmi_gfx_mgr02_if_model_autocode.c">
      <Filter>GDT\ui.core.gdt</Filter>
    </ClCompile>
    <ClCompile Include="..\..\..\..\ui.core.gdt\hmi.gfx.manager.02\amber_mem\hmi_gfx_mgr02_amber_mem_mgmt.c">
      <Filter>HmiSimul</Filter>
    </ClCompile>
    <ClCompile Include="..\..\..\..\ui.core.gdt\hmi.gfx.manager.02\src\hmi_gfx_mgr02_gsub.c">
      <Filter>GDT\ui.core.gdt</Filter>
    </ClCompile>
    <ClCompile Include="gdtctrl\GdtAppSrc\GdtAutoGenerated\fon_Size36.c">
      <Filter>GDT\gdtctrl</Filter>
    </ClCompile>
    <ClCompile Include="gdtctrl\GdtAppSrc\GdtAutoGenerated\fon_Size41.c">
      <Filter>GDT\gdtctrl</Filter>
    </ClCompile>
    <ClCompile Include="hmi_language_1.c">
      <Filter>GDT\ui.core.gdt</Filter>
    </ClCompile>
    <ClCompile Include="..\..\..\..\ui.core.gdt\hmi.gfx.manager.02\src\hmi_gfx_mgr02_devanagari.c">
      <Filter>GDT\ui.core.gdt</Filter>
    </ClCompile>
    <ClCompile Include="..\..\..\..\ui.core.gdt\hmi.gfx.manager.02\src\hmi_gfx_mgr02_text_thai.c">
      <Filter>GDT\ui.core.gdt</Filter>
    </ClCompile>
    <ClCompile Include="gdtcdd\src\GdtCdd.c">
      <Filter>GDT\gdtcdd</Filter>
    </ClCompile>
    <ClCompile Include="..\..\..\..\..\..\iceapple\ui.core.iceapple\animation.core.02\src\hmi_gfx_anim_engine.c">
      <Filter>GDT\iceapple</Filter>
    </ClCompile>
    <ClCompile Include="..\..\..\..\..\..\iceapple\ui.core.iceapple\animation.core.02\src\hmi_gfx_anim_vm02_if.c">
      <Filter>GDT\iceapple</Filter>
    </ClCompile>
    <ClCompile Include="..\..\..\..\..\..\iceapple\ui.core.iceapple\language.core.01\src\hmi_language_interface.c">
      <Filter>GDT\iceapple</Filter>
    </ClCompile>
    <ClCompile Include="..\..\..\..\..\..\iceapple\ui.core.iceapple\view.manager.02\src\hmi_logic_state_handler.c">
      <Filter>GDT\iceapple</Filter>
    </ClCompile>
    <ClCompile Include="..\..\..\..\..\..\iceapple\ui.core.iceapple\view.manager.02\src\hmi_view_manager_02.c">
      <Filter>GDT\iceapple</Filter>
    </ClCompile>
    <ClCompile Include="..\..\..\..\..\..\iceapple\ui.core.iceapple\view.manager.02\src\hmi_view_manager_02_autocode.c">
      <Filter>GDT\iceapple</Filter>
    </ClCompile>
    <ClCompile Include="..\..\..\..\..\..\services\ui.core.services\hmi.bidi.algo.01\src\hmi_arabic_cursive_join.c">
      <Filter>GDT\services</Filter>
    </ClCompile>
    <ClCompile Include="..\..\..\..\..\..\services\ui.core.services\hmi.bidi.algo.01\src\hmi_bidi_algo.c">
      <Filter>GDT\services</Filter>
    </ClCompile>
    <ClCompile Include="..\..\..\..\..\..\drivers\amber\05_util\utfreetype\src\ut_freetype.c">
      <Filter>HmiSimul</Filter>
    </ClCompile>
  </ItemGroup>
  <ItemGroup>
    <None Include="gdtcdd\cfg\hmi_gfx_mgr02.cfg">
      <Filter>GDT\gdtcdd</Filter>
    </None>
    <None Include="gdtcdd\cfg\hmi_gfx_mgr02_clut_table.cfg">
      <Filter>GDT\gdtcdd</Filter>
    </None>
    <None Include="gdtcdd\cfg\hmi_gfx_mgr02_font.cfg">
      <Filter>GDT\gdtcdd</Filter>
    </None>
    <None Include="gdtcdd\cfg\hmi_language_01.cfg">
      <Filter>GDT\gdtcdd</Filter>
    </None>
    <None Include="gdtctrl\GdtAppSrc\GdtAutoGenerated\hmi_logic_state_handler.inc">
      <Filter>GDT\gdtctrl</Filter>
    </None>
    <None Include="gdtctrl\cfg\dm_swch.cfg">
      <Filter>GDT\gdtctrl</Filter>
    </None>
    <None Include="gdtctrl\cfg\hmi_gfx_anim_engine.cfg">
      <Filter>GDT\gdtctrl</Filter>
    </None>
    <None Include="gdtctrl\cfg\hmi_logic_state_handler.cfg">
      <Filter>GDT\gdtctrl</Filter>
    </None>
    <None Include="gdtctrl\GdtAppSrc\GdtAutoGenerated\hmi_gfx_mgr02_config.dat">
      <Filter>GDT\gdtctrl</Filter>
    </None>
    <None Include="gdtctrl\GdtAppSrc\GdtAutoGenerated\hmi_gfx_mgr02_ovg_table.dat">
      <Filter>GDT\gdtctrl</Filter>
    </None>
    <None Include="gdtctrl\GdtAppSrc\GdtAutoGenerated\hmi_gfx_mgr02_svg_table.dat">
      <Filter>GDT\gdtctrl</Filter>
    </None>
    <None Include="gdtctrl\GdtAppSrc\GdtAutoGenerated\hmi_logic_state_handler.dat">
      <Filter>GDT\gdtctrl</Filter>
    </None>
    <None Include="gdtctrl\GdtAppSrc\GdtAutoGenerated\img_welcome_0.dat">
      <Filter>GDT\gdtctrl</Filter>
    </None>
    <None Include="gdtctrl\GdtAppSrc\GdtAutoGenerated\img_welcome_1.dat">
      <Filter>GDT\gdtctrl</Filter>
    </None>
    <None Include="gdtctrl\GdtAppSrc\GdtAutoGenerated\img_welcome_10.dat">
      <Filter>GDT\gdtctrl</Filter>
    </None>
    <None Include="gdtctrl\GdtAppSrc\GdtAutoGenerated\img_welcome_11.dat">
      <Filter>GDT\gdtctrl</Filter>
    </None>
    <None Include="gdtctrl\GdtAppSrc\GdtAutoGenerated\img_welcome_12.dat">
      <Filter>GDT\gdtctrl</Filter>
    </None>
    <None Include="gdtctrl\GdtAppSrc\GdtAutoGenerated\img_welcome_13.dat">
      <Filter>GDT\gdtctrl</Filter>
    </None>
    <None Include="gdtctrl\GdtAppSrc\GdtAutoGenerated\img_welcome_14.dat">
      <Filter>GDT\gdtctrl</Filter>
    </None>
    <None Include="gdtctrl\GdtAppSrc\GdtAutoGenerated\img_welcome_15.dat">
      <Filter>GDT\gdtctrl</Filter>
    </None>
    <None Include="gdtctrl\GdtAppSrc\GdtAutoGenerated\img_welcome_16.dat">
      <Filter>GDT\gdtctrl</Filter>
    </None>
    <None Include="gdtctrl\GdtAppSrc\GdtAutoGenerated\img_welcome_17.dat">
      <Filter>GDT\gdtctrl</Filter>
    </None>
    <None Include="gdtctrl\GdtAppSrc\GdtAutoGenerated\img_welcome_18.dat">
      <Filter>GDT\gdtctrl</Filter>
    </None>
    <None Include="gdtctrl\GdtAppSrc\GdtAutoGenerated\img_welcome_19.dat">
      <Filter>GDT\gdtctrl</Filter>
    </None>
    <None Include="gdtctrl\GdtAppSrc\GdtAutoGenerated\img_welcome_2.dat">
      <Filter>GDT\gdtctrl</Filter>
    </None>
    <None Include="gdtctrl\GdtAppSrc\GdtAutoGenerated\img_welcome_20.dat">
      <Filter>GDT\gdtctrl</Filter>
    </None>
    <None Include="gdtctrl\GdtAppSrc\GdtAutoGenerated\img_welcome_21.dat">
      <Filter>GDT\gdtctrl</Filter>
    </None>
    <None Include="gdtctrl\GdtAppSrc\GdtAutoGenerated\img_welcome_22.dat">
      <Filter>GDT\gdtctrl</Filter>
    </None>
    <None Include="gdtctrl\GdtAppSrc\GdtAutoGenerated\img_welcome_23.dat">
      <Filter>GDT\gdtctrl</Filter>
    </None>
    <None Include="gdtctrl\GdtAppSrc\GdtAutoGenerated\img_welcome_24.dat">
      <Filter>GDT\gdtctrl</Filter>
    </None>
    <None Include="gdtctrl\GdtAppSrc\GdtAutoGenerated\img_welcome_25.dat">
      <Filter>GDT\gdtctrl</Filter>
    </None>
    <None Include="gdtctrl\GdtAppSrc\GdtAutoGenerated\img_welcome_26.dat">
      <Filter>GDT\gdtctrl</Filter>
    </None>
    <None Include="gdtctrl\GdtAppSrc\GdtAutoGenerated\img_welcome_27.dat">
      <Filter>GDT\gdtctrl</Filter>
    </None>
    <None Include="gdtctrl\GdtAppSrc\GdtAutoGenerated\img_welcome_28.dat">
      <Filter>GDT\gdtctrl</Filter>
    </None>
    <None Include="gdtctrl\GdtAppSrc\GdtAutoGenerated\img_welcome_29.dat">
      <Filter>GDT\gdtctrl</Filter>
    </None>
    <None Include="gdtctrl\GdtAppSrc\GdtAutoGenerated\img_welcome_3.dat">
      <Filter>GDT\gdtctrl</Filter>
    </None>
    <None Include="gdtctrl\GdtAppSrc\GdtAutoGenerated\img_welcome_30.dat">
      <Filter>GDT\gdtctrl</Filter>
    </None>
    <None Include="gdtctrl\GdtAppSrc\GdtAutoGenerated\img_welcome_31.dat">
      <Filter>GDT\gdtctrl</Filter>
    </None>
    <None Include="gdtctrl\GdtAppSrc\GdtAutoGenerated\img_welcome_32.dat">
      <Filter>GDT\gdtctrl</Filter>
    </None>
    <None Include="gdtctrl\GdtAppSrc\GdtAutoGenerated\img_welcome_33.dat">
      <Filter>GDT\gdtctrl</Filter>
    </None>
    <None Include="gdtctrl\GdtAppSrc\GdtAutoGenerated\img_welcome_34.dat">
      <Filter>GDT\gdtctrl</Filter>
    </None>
    <None Include="gdtctrl\GdtAppSrc\GdtAutoGenerated\img_welcome_35.dat">
      <Filter>GDT\gdtctrl</Filter>
    </None>
    <None Include="gdtctrl\GdtAppSrc\GdtAutoGenerated\img_welcome_36.dat">
      <Filter>GDT\gdtctrl</Filter>
    </None>
    <None Include="gdtctrl\GdtAppSrc\GdtAutoGenerated\img_welcome_37.dat">
      <Filter>GDT\gdtctrl</Filter>
    </None>
    <None Include="gdtctrl\GdtAppSrc\GdtAutoGenerated\img_welcome_38.dat">
      <Filter>GDT\gdtctrl</Filter>
    </None>
    <None Include="gdtctrl\GdtAppSrc\GdtAutoGenerated\img_welcome_39.dat">
      <Filter>GDT\gdtctrl</Filter>
    </None>
    <None Include="gdtctrl\GdtAppSrc\GdtAutoGenerated\img_welcome_4.dat">
      <Filter>GDT\gdtctrl</Filter>
    </None>
    <None Include="gdtctrl\GdtAppSrc\GdtAutoGenerated\img_welcome_40.dat">
      <Filter>GDT\gdtctrl</Filter>
    </None>
    <None Include="gdtctrl\GdtAppSrc\GdtAutoGenerated\img_welcome_41.dat">
      <Filter>GDT\gdtctrl</Filter>
    </None>
    <None Include="gdtctrl\GdtAppSrc\GdtAutoGenerated\img_welcome_42.dat">
      <Filter>GDT\gdtctrl</Filter>
    </None>
    <None Include="gdtctrl\GdtAppSrc\GdtAutoGenerated\img_welcome_43.dat">
      <Filter>GDT\gdtctrl</Filter>
    </None>
    <None Include="gdtctrl\GdtAppSrc\GdtAutoGenerated\img_welcome_44.dat">
      <Filter>GDT\gdtctrl</Filter>
    </None>
    <None Include="gdtctrl\GdtAppSrc\GdtAutoGenerated\img_welcome_45.dat">
      <Filter>GDT\gdtctrl</Filter>
    </None>
    <None Include="gdtctrl\GdtAppSrc\GdtAutoGenerated\img_welcome_46.dat">
      <Filter>GDT\gdtctrl</Filter>
    </None>
    <None Include="gdtctrl\GdtAppSrc\GdtAutoGenerated\img_welcome_47.dat">
      <Filter>GDT\gdtctrl</Filter>
    </None>
    <None Include="gdtctrl\GdtAppSrc\GdtAutoGenerated\img_welcome_48.dat">
      <Filter>GDT\gdtctrl</Filter>
    </None>
    <None Include="gdtctrl\GdtAppSrc\GdtAutoGenerated\img_welcome_49.dat">
      <Filter>GDT\gdtctrl</Filter>
    </None>
    <None Include="gdtctrl\GdtAppSrc\GdtAutoGenerated\img_welcome_5.dat">
      <Filter>GDT\gdtctrl</Filter>
    </None>
    <None Include="gdtctrl\GdtAppSrc\GdtAutoGenerated\img_welcome_50.dat">
      <Filter>GDT\gdtctrl</Filter>
    </None>
    <None Include="gdtctrl\GdtAppSrc\GdtAutoGenerated\img_welcome_51.dat">
      <Filter>GDT\gdtctrl</Filter>
    </None>
    <None Include="gdtctrl\GdtAppSrc\GdtAutoGenerated\img_welcome_52.dat">
      <Filter>GDT\gdtctrl</Filter>
    </None>
    <None Include="gdtctrl\GdtAppSrc\GdtAutoGenerated\img_welcome_53.dat">
      <Filter>GDT\gdtctrl</Filter>
    </None>
    <None Include="gdtctrl\GdtAppSrc\GdtAutoGenerated\img_welcome_54.dat">
      <Filter>GDT\gdtctrl</Filter>
    </None>
    <None Include="gdtctrl\GdtAppSrc\GdtAutoGenerated\img_welcome_55.dat">
      <Filter>GDT\gdtctrl</Filter>
    </None>
    <None Include="gdtctrl\GdtAppSrc\GdtAutoGenerated\img_welcome_56.dat">
      <Filter>GDT\gdtctrl</Filter>
    </None>
    <None Include="gdtctrl\GdtAppSrc\GdtAutoGenerated\img_welcome_57.dat">
      <Filter>GDT\gdtctrl</Filter>
    </None>
    <None Include="gdtctrl\GdtAppSrc\GdtAutoGenerated\img_welcome_58.dat">
      <Filter>GDT\gdtctrl</Filter>
    </None>
    <None Include="gdtctrl\GdtAppSrc\GdtAutoGenerated\img_welcome_59.dat">
      <Filter>GDT\gdtctrl</Filter>
    </None>
    <None Include="gdtctrl\GdtAppSrc\GdtAutoGenerated\img_welcome_6.dat">
      <Filter>GDT\gdtctrl</Filter>
    </None>
    <None Include="gdtctrl\GdtAppSrc\GdtAutoGenerated\img_welcome_60.dat">
      <Filter>GDT\gdtctrl</Filter>
    </None>
    <None Include="gdtctrl\GdtAppSrc\GdtAutoGenerated\img_welcome_61.dat">
      <Filter>GDT\gdtctrl</Filter>
    </None>
    <None Include="gdtctrl\GdtAppSrc\GdtAutoGenerated\img_welcome_62.dat">
      <Filter>GDT\gdtctrl</Filter>
    </None>
    <None Include="gdtctrl\GdtAppSrc\GdtAutoGenerated\img_welcome_63.dat">
      <Filter>GDT\gdtctrl</Filter>
    </None>
    <None Include="gdtctrl\GdtAppSrc\GdtAutoGenerated\img_welcome_64.dat">
      <Filter>GDT\gdtctrl</Filter>
    </None>
    <None Include="gdtctrl\GdtAppSrc\GdtAutoGenerated\img_welcome_65.dat">
      <Filter>GDT\gdtctrl</Filter>
    </None>
    <None Include="gdtctrl\GdtAppSrc\GdtAutoGenerated\img_welcome_66.dat">
      <Filter>GDT\gdtctrl</Filter>
    </None>
    <None Include="gdtctrl\GdtAppSrc\GdtAutoGenerated\img_welcome_67.dat">
      <Filter>GDT\gdtctrl</Filter>
    </None>
    <None Include="gdtctrl\GdtAppSrc\GdtAutoGenerated\img_welcome_68.dat">
      <Filter>GDT\gdtctrl</Filter>
    </None>
    <None Include="gdtctrl\GdtAppSrc\GdtAutoGenerated\img_welcome_69.dat">
      <Filter>GDT\gdtctrl</Filter>
    </None>
    <None Include="gdtctrl\GdtAppSrc\GdtAutoGenerated\img_welcome_7.dat">
      <Filter>GDT\gdtctrl</Filter>
    </None>
    <None Include="gdtctrl\GdtAppSrc\GdtAutoGenerated\img_welcome_70.dat">
      <Filter>GDT\gdtctrl</Filter>
    </None>
    <None Include="gdtctrl\GdtAppSrc\GdtAutoGenerated\img_welcome_71.dat">
      <Filter>GDT\gdtctrl</Filter>
    </None>
    <None Include="gdtctrl\GdtAppSrc\GdtAutoGenerated\img_welcome_72.dat">
      <Filter>GDT\gdtctrl</Filter>
    </None>
    <None Include="gdtctrl\GdtAppSrc\GdtAutoGenerated\img_welcome_73.dat">
      <Filter>GDT\gdtctrl</Filter>
    </None>
    <None Include="gdtctrl\GdtAppSrc\GdtAutoGenerated\img_welcome_74.dat">
      <Filter>GDT\gdtctrl</Filter>
    </None>
    <None Include="gdtctrl\GdtAppSrc\GdtAutoGenerated\img_welcome_75.dat">
      <Filter>GDT\gdtctrl</Filter>
    </None>
    <None Include="gdtctrl\GdtAppSrc\GdtAutoGenerated\img_welcome_76.dat">
      <Filter>GDT\gdtctrl</Filter>
    </None>
    <None Include="gdtctrl\GdtAppSrc\GdtAutoGenerated\img_welcome_77.dat">
      <Filter>GDT\gdtctrl</Filter>
    </None>
    <None Include="gdtctrl\GdtAppSrc\GdtAutoGenerated\img_welcome_78.dat">
      <Filter>GDT\gdtctrl</Filter>
    </None>
    <None Include="gdtctrl\GdtAppSrc\GdtAutoGenerated\img_welcome_79.dat">
      <Filter>GDT\gdtctrl</Filter>
    </None>
    <None Include="gdtctrl\GdtAppSrc\GdtAutoGenerated\img_welcome_8.dat">
      <Filter>GDT\gdtctrl</Filter>
    </None>
    <None Include="gdtctrl\GdtAppSrc\GdtAutoGenerated\img_welcome_80.dat">
      <Filter>GDT\gdtctrl</Filter>
    </None>
    <None Include="gdtctrl\GdtAppSrc\GdtAutoGenerated\img_welcome_81.dat">
      <Filter>GDT\gdtctrl</Filter>
    </None>
    <None Include="gdtctrl\GdtAppSrc\GdtAutoGenerated\img_welcome_82.dat">
      <Filter>GDT\gdtctrl</Filter>
    </None>
    <None Include="gdtctrl\GdtAppSrc\GdtAutoGenerated\img_welcome_9.dat">
      <Filter>GDT\gdtctrl</Filter>
    </None>
    <None Include="gdtctrl\cfg\dm_swch.cfg" />
    <None Include="gdtctrl\cfg\hmi_gfx_anim_engine.cfg" />
    <None Include="gdtctrl\cfg\hmi_logic_state_handler.cfg" />
    <None Include="gdtctrl\cfg\dm_swch.cfg" />
    <None Include="gdtctrl\cfg\hmi_gfx_anim_engine.cfg" />
    <None Include="gdtctrl\cfg\hmi_logic_state_handler.cfg" />
    <None Include="gdtctrl\cfg\dm_swch.cfg" />
    <None Include="gdtctrl\cfg\hmi_gfx_anim_engine.cfg" />
    <None Include="gdtctrl\cfg\hmi_logic_state_handler.cfg" />
    <None Include="gdtctrl\cfg\dm_swch.cfg" />
    <None Include="gdtctrl\cfg\hmi_gfx_anim_engine.cfg" />
    <None Include="gdtctrl\cfg\hmi_logic_state_handler.cfg" />
    <None Include="gdtctrl\cfg\dm_swch.cfg" />
    <None Include="gdtctrl\cfg\hmi_gfx_anim_engine.cfg" />
    <None Include="gdtctrl\cfg\hmi_logic_state_handler.cfg" />
    <None Include="gdtctrl\cfg\dm_swch.cfg" />
    <None Include="gdtctrl\cfg\hmi_gfx_anim_engine.cfg" />
    <None Include="gdtctrl\cfg\hmi_logic_state_handler.cfg" />
    <None Include="gdtctrl\cfg\dm_swch.cfg" />
    <None Include="gdtctrl\cfg\hmi_gfx_anim_engine.cfg" />
    <None Include="gdtctrl\cfg\hmi_logic_state_handler.cfg" />
    <None Include="gdtctrl\cfg\dm_swch.cfg" />
    <None Include="gdtctrl\cfg\hmi_gfx_anim_engine.cfg" />
    <None Include="gdtctrl\cfg\hmi_logic_state_handler.cfg" />
    <None Include="gdtctrl\cfg\dm_swch.cfg" />
    <None Include="gdtctrl\cfg\hmi_gfx_anim_engine.cfg" />
    <None Include="gdtctrl\cfg\hmi_logic_state_handler.cfg" />
    <None Include="gdtctrl\cfg\dm_swch.cfg" />
    <None Include="gdtctrl\cfg\hmi_gfx_anim_engine.cfg" />
    <None Include="gdtctrl\cfg\hmi_logic_state_handler.cfg" />
    <None Include="gdtctrl\cfg\dm_swch.cfg" />
    <None Include="gdtctrl\cfg\hmi_gfx_anim_engine.cfg" />
    <None Include="gdtctrl\cfg\hmi_logic_state_handler.cfg" />
    <None Include="gdtctrl\cfg\dm_swch.cfg" />
    <None Include="gdtctrl\cfg\hmi_gfx_anim_engine.cfg" />
    <None Include="gdtctrl\cfg\hmi_logic_state_handler.cfg" />
    <None Include="gdtctrl\cfg\dm_swch.cfg" />
    <None Include="gdtctrl\cfg\hmi_gfx_anim_engine.cfg" />
    <None Include="gdtctrl\cfg\hmi_logic_state_handler.cfg" />
    <None Include="gdtctrl\cfg\dm_swch.cfg" />
    <None Include="gdtctrl\cfg\hmi_gfx_anim_engine.cfg" />
    <None Include="gdtctrl\cfg\hmi_logic_state_handler.cfg" />
  </ItemGroup>
  <ItemGroup>
    <Library Include="freetype2412_D.lib">
      <Filter>HmiSimul\libs</Filter>
    </Library>
    <Library Include="stubs\libs\vcompd.lib">
      <Filter>HmiSimul\libs</Filter>
    </Library>
  </ItemGroup>
  <ItemGroup>
    <Text Include="hmi_language_gen.txt">
      <Filter>GDT\ui.core.gdt</Filter>
    </Text>
  </ItemGroup>
</Project>