Microsoft Visual Studio Solution File, Format Version 11.00
# Visual C++ Express 2010
Project("{8BC9CEB8-8B4A-11D0-8D11-00A0C91BC942}") = "dummy", "dummy.vcxproj", "{584C6797-237D-4735-9AAB-7AFDBD67822C}"
EndProject
Project("{8BC9CEB8-8B4A-11D0-8D11-00A0C91BC942}") = "utcommon", "utcommon.vcxproj", "{8BBF7227-8E7D-4977-ACBE-C314EA476E43}"
EndProject
Project("{8BC9CEB8-8B4A-11D0-8D11-00A0C91BC942}") = "utgraphic", "utgraphic.vcxproj", "{DD30E8F4-5690-44AF-B259-BE6105934116}"
EndProject
Project("{8BC9CEB8-8B4A-11D0-8D11-00A0C91BC942}") = "application", "application.vcxproj", "{EFCE5DF6-FA1F-4064-A2C9-B3048BEBD73E}"
EndProject
Global
	GlobalSection(SolutionConfigurationPlatforms) = preSolution
		Debug|Win32 = Debug|Win32
		Release|Win32 = Release|Win32
	EndGlobalSection
	GlobalSection(ProjectConfigurationPlatforms) = postSolution
		{584C6797-237D-4735-9AAB-7AFDBD67822C}.Debug|Win32.ActiveCfg = Debug|Win32
		{584C6797-237D-4735-9AAB-7AFDBD67822C}.Debug|Win32.Build.0 = Debug|Win32
		{584C6797-237D-4735-9AAB-7AFDBD67822C}.Release|Win32.ActiveCfg = Debug|Win32
		{584C6797-237D-4735-9AAB-7AFDBD67822C}.Release|Win32.Build.0 = Debug|Win32
		{8BBF7227-8E7D-4977-ACBE-C314EA476E43}.Debug|Win32.ActiveCfg = Debug|Win32
		{8BBF7227-8E7D-4977-ACBE-C314EA476E43}.Debug|Win32.Build.0 = Debug|Win32
		{8BBF7227-8E7D-4977-ACBE-C314EA476E43}.Release|Win32.ActiveCfg = Debug|Win32
		{8BBF7227-8E7D-4977-ACBE-C314EA476E43}.Release|Win32.Build.0 = Debug|Win32
		{DD30E8F4-5690-44AF-B259-BE6105934116}.Debug|Win32.ActiveCfg = Debug|Win32
		{DD30E8F4-5690-44AF-B259-BE6105934116}.Debug|Win32.Build.0 = Debug|Win32
		{DD30E8F4-5690-44AF-B259-BE6105934116}.Release|Win32.ActiveCfg = Debug|Win32
		{DD30E8F4-5690-44AF-B259-BE6105934116}.Release|Win32.Build.0 = Debug|Win32
		{EFCE5DF6-FA1F-4064-A2C9-B3048BEBD73E}.Debug|Win32.ActiveCfg = Debug|Win32
		{EFCE5DF6-FA1F-4064-A2C9-B3048BEBD73E}.Debug|Win32.Build.0 = Debug|Win32
		{EFCE5DF6-FA1F-4064-A2C9-B3048BEBD73E}.Release|Win32.ActiveCfg = Release|Win32
		{EFCE5DF6-FA1F-4064-A2C9-B3048BEBD73E}.Release|Win32.Build.0 = Release|Win32
	EndGlobalSection
	GlobalSection(SolutionProperties) = preSolution
		HideSolutionNode = FALSE
	EndGlobalSection
	GlobalSection(NestedProjects) = preSolution
		{B1E1721E-51EF-4A25-B1F2-2B31760B62A5} = {DF5068C8-8190-4B08-8FED-D64F8B7158E3}
		{914C046C-C709-499A-BCAC-BDF9A7948865} = {DF5068C8-8190-4B08-8FED-D64F8B7158E3}
		{1CD7F5BA-64F5-4135-8A49-B43D56860497} = {DF5068C8-8190-4B08-8FED-D64F8B7158E3}
		{B1004F4C-A9B7-41A8-BF71-3FE90121DFFE} = {DF5068C8-8190-4B08-8FED-D64F8B7158E3}
		{2AA56DD1-26F6-458A-919E-BB3374B9D7D3} = {DF5068C8-8190-4B08-8FED-D64F8B7158E3}
		{CE191988-2CC1-40CA-8F63-3EE2859B4A6E} = {DF5068C8-8190-4B08-8FED-D64F8B7158E3}
		{5FB76417-75F5-4A95-94AC-DD0B8D72444B} = {DF5068C8-8190-4B08-8FED-D64F8B7158E3}
		{FA4B8A86-11D3-4C48-BC23-592A0AF3E3C9} = {DF5068C8-8190-4B08-8FED-D64F8B7158E3}
		{51C2FA0A-23B7-45AD-93FB-D9E40D6FCED3} = {DF5068C8-8190-4B08-8FED-D64F8B7158E3}
		{8BBF7227-8E7D-4977-ACBE-C314EA476E43} = {D373386E-DD55-4F3D-9FF7-8DBCD7E5CB4B}
		{57B2BE63-3764-4162-86D6-9722CFB5515D} = {D373386E-DD55-4F3D-9FF7-8DBCD7E5CB4B}
		{DD30E8F4-5690-44AF-B259-BE6105934116} = {D373386E-DD55-4F3D-9FF7-8DBCD7E5CB4B}
		{BE879910-31DB-4B75-ACBE-6A62EBCC034E} = {D373386E-DD55-4F3D-9FF7-8DBCD7E5CB4B}
		{584C6797-237D-4735-9AAB-7AFDBD67822C} = {D373386E-DD55-4F3D-9FF7-8DBCD7E5CB4B}
		{D1E37F37-AE02-4833-99CE-FC96A9D567F3} = {CC2BBF33-D80C-4B09-85E8-AF45EA325B48}
		{6015C96A-8C8F-4363-B958-C1E885AADE8D} = {CC2BBF33-D80C-4B09-85E8-AF45EA325B48}
	EndGlobalSection
EndGlobal
