<?xml version="1.0" encoding="utf-8"?>
<Project ToolsVersion="4.0" xmlns="http://schemas.microsoft.com/developer/msbuild/2003">
  <ItemGroup>
    <ClCompile Include="..\Simul_init.c" />
    <ClCompile Include="..\SimulMain.cpp" />
    <ClCompile Include="..\stubs\application\hmiapp_stub.c" />
    <ClCompile Include="..\IrisEmul\iris.c">
      <Filter>HmiSimul\IrisEmul</Filter>
    </ClCompile>
    <ClCompile Include="..\IrisEmul\iris_DrvEng.cpp">
      <Filter>HmiSimul\IrisEmul</Filter>
    </ClCompile>
    <ClCompile Include="..\IrisEmul\iris_DrwEngWrp.c">
      <Filter>HmiSimul\IrisEmul</Filter>
    </ClCompile>
    <ClCompile Include="..\IrisEmul\iris_eng.cpp">
      <Filter>HmiSimul\IrisEmul</Filter>
    </ClCompile>
    <ClCompile Include="..\IrisEmul\iris_pixformat.cpp">
      <Filter>HmiSimul\IrisEmul</Filter>
    </ClCompile>
    <ClCompile Include="..\IrisEmul\pe_matrix.c">
      <Filter>HmiSimul\IrisEmul</Filter>
    </ClCompile>
    <ClCompile Include="..\stubs\GdtCdd.c">
      <Filter>core</Filter>
    </ClCompile>
    <ClCompile Include="..\stubs\GdtCtrl.c">
      <Filter>core</Filter>
    </ClCompile>
    <ClCompile Include="..\IrisEmul\EGL\egl.c">
      <Filter>HmiSimul</Filter>
    </ClCompile>
    <ClCompile Include="hmi_gfx02_image_data.c">
      <Filter>autogen</Filter>
    </ClCompile>
    <ClCompile Include="..\stubs\hmi_default.c">
      <Filter>HmiSimul</Filter>
    </ClCompile>
    <ClCompile Include="..\stubs\hmi_main.c">
      <Filter>HmiSimul</Filter>
    </ClCompile>
    <ClCompile Include="..\design\language\hmi_language_1.c">
      <Filter>autogen\ia_autogen</Filter>
    </ClCompile>
    <ClCompile Include="..\stubs\png.c">
      <Filter>HmiSimul</Filter>
    </ClCompile>
    <ClCompile Include="..\stubs\Platform\os.c">
      <Filter>HmiSimul\Platform</Filter>
    </ClCompile>
    <ClCompile Include="..\stubs\libs\CmpLib.c">
      <Filter>HmiSimul\Platform</Filter>
    </ClCompile>
    <ClCompile Include="gdt_design\autogen\fon_Size36.c">
      <Filter>autogen\gdt_autogen</Filter>
    </ClCompile>
    <ClCompile Include="gdt_design\autogen\fon_Size41.c">
      <Filter>autogen\gdt_autogen</Filter>
    </ClCompile>
    <ClCompile Include="gdt_design\autogen\hmi_gfx_mgr02_clut_table.c">
      <Filter>autogen\gdt_autogen</Filter>
    </ClCompile>
    <ClCompile Include="gdt_design\autogen\hmi_gfx_mgr02_font.c">
      <Filter>autogen\gdt_autogen</Filter>
    </ClCompile>
    <ClCompile Include="gdt_design\autogen\hmi_gfx_mgr02_vgfont.c">
      <Filter>autogen\gdt_autogen</Filter>
    </ClCompile>
    <ClCompile Include="gdt_design\autogen\font_color_icon.c">
      <Filter>autogen\gdt_autogen</Filter>
    </ClCompile>
    <ClCompile Include="..\..\..\..\..\..\gdt\ui_core_gdt\ui.core.gdt\hmi.gfx.manager.02\src\hmi_gfx_mgr02_amber.c">
      <Filter>core\ui.core.gdt</Filter>
    </ClCompile>
    <ClCompile Include="..\..\..\..\..\..\gdt\ui_core_gdt\ui.core.gdt\hmi.gfx.manager.02\src\hmi_gfx_mgr02_amber_iris.c">
      <Filter>core\ui.core.gdt</Filter>
    </ClCompile>
    <ClCompile Include="..\..\..\..\..\..\gdt\ui_core_gdt\ui.core.gdt\hmi.gfx.manager.02\amber_mem\hmi_gfx_mgr02_amber_mem_mgmt.c">
      <Filter>core\ui.core.gdt</Filter>
    </ClCompile>
    <ClCompile Include="..\..\..\..\..\..\gdt\ui_core_gdt\ui.core.gdt\hmi.gfx.manager.02\src\hmi_gfx_mgr02_cache.c">
      <Filter>core\ui.core.gdt</Filter>
    </ClCompile>
    <ClCompile Include="..\..\..\..\..\..\gdt\ui_core_gdt\ui.core.gdt\hmi.gfx.manager.02\src\hmi_gfx_mgr02_capture_video.c">
      <Filter>core\ui.core.gdt</Filter>
    </ClCompile>
    <ClCompile Include="..\..\..\..\..\..\gdt\ui_core_gdt\ui.core.gdt\hmi.gfx.manager.02\src\hmi_gfx_mgr02_context.c">
      <Filter>core\ui.core.gdt</Filter>
    </ClCompile>
    <ClCompile Include="..\..\..\..\..\..\gdt\ui_core_gdt\ui.core.gdt\hmi.gfx.manager.02\src\hmi_gfx_mgr02_dcu.c">
      <Filter>core\ui.core.gdt</Filter>
    </ClCompile>
    <ClCompile Include="..\..\..\..\..\..\gdt\ui_core_gdt\ui.core.gdt\hmi.gfx.manager.02\src\hmi_gfx_mgr02_devanagari.c">
      <Filter>core\ui.core.gdt</Filter>
    </ClCompile>
    <ClCompile Include="..\..\..\..\..\..\gdt\ui_core_gdt\ui.core.gdt\hmi.gfx.manager.02\src\hmi_gfx_mgr02_dirty_area.c">
      <Filter>core\ui.core.gdt</Filter>
    </ClCompile>
    <ClCompile Include="..\..\..\..\..\..\gdt\ui_core_gdt\ui.core.gdt\hmi.gfx.manager.02\src\hmi_gfx_mgr02_driver.c">
      <Filter>core\ui.core.gdt</Filter>
    </ClCompile>
    <ClCompile Include="..\..\..\..\..\..\gdt\ui_core_gdt\ui.core.gdt\hmi.gfx.manager.02\src\hmi_gfx_mgr02_generic.c">
      <Filter>core\ui.core.gdt</Filter>
    </ClCompile>
    <ClCompile Include="..\..\..\..\..\..\gdt\ui_core_gdt\ui.core.gdt\hmi.gfx.manager.02\src\hmi_gfx_mgr02_gsub.c">
      <Filter>core\ui.core.gdt</Filter>
    </ClCompile>
    <ClCompile Include="..\..\..\..\..\..\gdt\ui_core_gdt\ui.core.gdt\osal\sosa\hmi_gfx_mgr02_if.c">
      <Filter>core\ui.core.gdt</Filter>
    </ClCompile>
    <ClCompile Include="..\..\..\..\..\..\gdt\ui_core_gdt\ui.core.gdt\osal\sosa\hmi_gfx_mgr02_if_chart.c">
      <Filter>core\ui.core.gdt</Filter>
    </ClCompile>
    <ClCompile Include="..\..\..\..\..\..\gdt\ui_core_gdt\ui.core.gdt\osal\sosa\hmi_gfx_mgr02_if_model_autocode.c">
      <Filter>core\ui.core.gdt</Filter>
    </ClCompile>
    <ClCompile Include="..\..\..\..\..\..\gdt\ui_core_gdt\ui.core.gdt\hmi.gfx.manager.02\src\hmi_gfx_mgr02_imxrt.c">
      <Filter>core\ui.core.gdt</Filter>
    </ClCompile>
    <ClCompile Include="..\..\..\..\..\..\gdt\ui_core_gdt\ui.core.gdt\hmi.gfx.manager.02\src\hmi_gfx_mgr02_imxrt_lcdif.c">
      <Filter>core\ui.core.gdt</Filter>
    </ClCompile>
    <ClCompile Include="..\..\..\..\..\..\gdt\ui_core_gdt\ui.core.gdt\hmi.gfx.manager.02\src\hmi_gfx_mgr02_imxrt_pxp.c">
      <Filter>core\ui.core.gdt</Filter>
    </ClCompile>
    <ClCompile Include="..\..\..\..\..\..\gdt\ui_core_gdt\ui.core.gdt\hmi.gfx.manager.02\src\hmi_gfx_mgr02_irislib.c">
      <Filter>core\ui.core.gdt</Filter>
    </ClCompile>
    <ClCompile Include="..\..\..\..\..\..\gdt\ui_core_gdt\ui.core.gdt\hmi.gfx.manager.02\src\hmi_gfx_mgr02_layout.c">
      <Filter>core\ui.core.gdt</Filter>
    </ClCompile>
    <ClCompile Include="..\..\..\..\..\..\gdt\ui_core_gdt\ui.core.gdt\hmi.gfx.manager.02\src\hmi_gfx_mgr02_mem.c">
      <Filter>core\ui.core.gdt</Filter>
    </ClCompile>
    <ClCompile Include="..\..\..\..\..\..\gdt\ui_core_gdt\ui.core.gdt\hmi.gfx.manager.02\src\hmi_gfx_mgr02_monolib.c">
      <Filter>core\ui.core.gdt</Filter>
    </ClCompile>
    <ClCompile Include="..\..\..\..\..\..\gdt\ui_core_gdt\ui.core.gdt\hmi.gfx.manager.02\src\hmi_gfx_mgr02_ogllib.c">
      <Filter>core\ui.core.gdt</Filter>
    </ClCompile>
    <ClCompile Include="..\..\..\..\..\..\gdt\ui_core_gdt\ui.core.gdt\hmi.gfx.manager.02\src\hmi_gfx_mgr02_ovglib.c">
      <Filter>core\ui.core.gdt</Filter>
    </ClCompile>
    <ClCompile Include="..\..\..\..\..\..\gdt\ui_core_gdt\ui.core.gdt\hmi.gfx.manager.02\src\hmi_gfx_mgr02_perflog.c">
      <Filter>core\ui.core.gdt</Filter>
    </ClCompile>
    <ClCompile Include="..\..\..\..\..\..\gdt\ui_core_gdt\ui.core.gdt\hmi.gfx.manager.02\src\hmi_gfx_mgr02_safety.c">
      <Filter>core\ui.core.gdt</Filter>
    </ClCompile>
    <ClCompile Include="..\..\..\..\..\..\gdt\ui_core_gdt\ui.core.gdt\hmi.gfx.manager.02\src\hmi_gfx_mgr02_shape_engine.c">
      <Filter>core\ui.core.gdt</Filter>
    </ClCompile>
    <ClCompile Include="..\..\..\..\..\..\gdt\ui_core_gdt\ui.core.gdt\hmi.gfx.manager.02\src\hmi_gfx_mgr02_swrlib.c">
      <Filter>core\ui.core.gdt</Filter>
    </ClCompile>
    <ClCompile Include="..\..\..\..\..\..\gdt\ui_core_gdt\ui.core.gdt\hmi.gfx.manager.02\src\hmi_gfx_mgr02_text.c">
      <Filter>core\ui.core.gdt</Filter>
    </ClCompile>
    <ClCompile Include="..\..\..\..\..\..\gdt\ui_core_gdt\ui.core.gdt\hmi.gfx.manager.02\src\hmi_gfx_mgr02_text_thai.c">
      <Filter>core\ui.core.gdt</Filter>
    </ClCompile>
    <ClCompile Include="..\..\..\..\..\..\gdt\ui_core_gdt\ui.core.gdt\hmi.gfx.manager.02\src\hmi_gfx_mgr02_theme.c">
      <Filter>core\ui.core.gdt</Filter>
    </ClCompile>
    <ClCompile Include="..\..\..\..\..\..\gdt\ui_core_gdt\ui.core.gdt\hmi.gfx.manager.02\src\hmi_gfx_mgr02_tv2.c">
      <Filter>core\ui.core.gdt</Filter>
    </ClCompile>
    <ClCompile Include="..\..\..\..\..\..\gdt\ui_core_gdt\ui.core.gdt\hmi.gfx.manager.02\src\hmi_gfx_mgr02_tv2_clut.c">
      <Filter>core\ui.core.gdt</Filter>
    </ClCompile>
    <ClCompile Include="..\..\..\..\..\..\gdt\ui_core_gdt\ui.core.gdt\hmi.gfx.manager.02\src\hmi_gfx_mgr02_tv2_iris.c">
      <Filter>core\ui.core.gdt</Filter>
    </ClCompile>
    <ClCompile Include="..\..\..\..\..\..\gdt\ui_core_gdt\ui.core.gdt\hmi.gfx.manager.02\src\hmi_gfx_mgr02_vglite.c">
      <Filter>core\ui.core.gdt</Filter>
    </ClCompile>
    <ClCompile Include="..\..\..\..\..\ui.core.iceapple\animation.core.02\src\hmi_gfx_anim_engine.c">
      <Filter>core\ui.core.iceapple</Filter>
    </ClCompile>
    <ClCompile Include="..\..\..\..\..\ui.core.iceapple\animation.core.02\src\hmi_gfx_anim_vm02_if.c">
      <Filter>core\ui.core.iceapple</Filter>
    </ClCompile>
    <ClCompile Include="..\..\..\..\..\ui.core.iceapple\language.core.01\src\hmi_language_interface.c">
      <Filter>core\ui.core.iceapple</Filter>
    </ClCompile>
    <ClCompile Include="..\..\..\..\..\ui.core.iceapple\view.manager.02\src\hmi_logic_state_handler.c">
      <Filter>core\ui.core.iceapple</Filter>
    </ClCompile>
    <ClCompile Include="..\..\..\..\..\ui.core.iceapple\menu.core.01\src\hmi_menu_core_01_chart.c">
      <Filter>core\ui.core.iceapple</Filter>
    </ClCompile>
    <ClCompile Include="..\..\..\..\..\ui.core.iceapple\menu.core.01\src\hmi_menu_core_01_logic.c">
      <Filter>core\ui.core.iceapple</Filter>
    </ClCompile>
    <ClCompile Include="..\..\..\..\..\ui.core.iceapple\menu.core.01\src\hmi_menu_core_01_model_autocode.c">
      <Filter>core\ui.core.iceapple</Filter>
    </ClCompile>
    <ClCompile Include="..\..\..\..\..\ui.core.iceapple\message.core.01\src\hmi_msgArbitrator.c">
      <Filter>core\ui.core.iceapple</Filter>
    </ClCompile>
    <ClCompile Include="..\..\..\..\..\ui.core.iceapple\message.core.01\src\hmi_msgDefinition.c">
      <Filter>core\ui.core.iceapple</Filter>
    </ClCompile>
    <ClCompile Include="..\..\..\..\..\ui.core.iceapple\message.core.01\src\hmi_msgSequencer.c">
      <Filter>core\ui.core.iceapple</Filter>
    </ClCompile>
    <ClCompile Include="..\..\..\..\..\ui.core.iceapple\message.core.01\src\hmi_msgStore.c">
      <Filter>core\ui.core.iceapple</Filter>
    </ClCompile>
    <ClCompile Include="..\..\..\..\..\ui.core.iceapple\message.core.01\src\hmi_msgTask.c">
      <Filter>core\ui.core.iceapple</Filter>
    </ClCompile>
    <ClCompile Include="..\stubs\hmi_msgTest.c">
      <Filter>core\ui.core.iceapple</Filter>
    </ClCompile>
    <ClCompile Include="..\..\..\..\..\ui.core.iceapple\popup.core.02\src\hmi_popup_core.c">
      <Filter>core\ui.core.iceapple</Filter>
    </ClCompile>
    <ClCompile Include="..\..\..\..\..\ui.core.iceapple\view.manager.02\src\hmi_view_manager_02.c">
      <Filter>core\ui.core.iceapple</Filter>
    </ClCompile>
    <ClCompile Include="..\..\..\..\..\ui.core.iceapple\view.manager.02\src\hmi_view_manager_02_autocode.c">
      <Filter>core\ui.core.iceapple</Filter>
    </ClCompile>
    <ClCompile Include="..\..\..\..\..\..\services\ui.core.services\hmi.bidi.algo.01\src\hmi_arabic_cursive_join.c">
      <Filter>core\ui.core.services</Filter>
    </ClCompile>
    <ClCompile Include="..\..\..\..\..\..\services\ui.core.services\hmi.bidi.algo.01\src\hmi_bidi_algo.c">
      <Filter>core\ui.core.services</Filter>
    </ClCompile>
    <ClCompile Include="..\stubs\hmi_sid_automate.c" />
    <ClCompile Include="gdt_design\autogen\font_amiri_21.c">
      <Filter>autogen\gdt_autogen</Filter>
    </ClCompile>
    <ClCompile Include="gdt_design\autogen\font_CubeR_21.c">
      <Filter>autogen\gdt_autogen</Filter>
    </ClCompile>
  </ItemGroup>
  <ItemGroup>
    <Filter Include="autogen">
      <UniqueIdentifier>{bf655bba-e0a9-4f31-a66d-0b27207f6f62}</UniqueIdentifier>
    </Filter>
    <Filter Include="autogen\gdt_autogen">
      <UniqueIdentifier>{93426c0e-761f-42f5-a7b2-5c841e97dca4}</UniqueIdentifier>
    </Filter>
    <Filter Include="autogen\ia_autogen">
      <UniqueIdentifier>{8bbdcdfc-8f2b-4826-b54c-dea5ff84a49c}</UniqueIdentifier>
    </Filter>
    <Filter Include="HmiSimul">
      <UniqueIdentifier>{9dcb443b-20ba-4348-9039-a393420d3de1}</UniqueIdentifier>
    </Filter>
    <Filter Include="HmiSimul\IrisEmul">
      <UniqueIdentifier>{6ac929dd-70fe-4886-964e-15051e651d30}</UniqueIdentifier>
    </Filter>
    <Filter Include="core">
      <UniqueIdentifier>{86ac2651-7457-4373-b8df-ef57c91f5ff3}</UniqueIdentifier>
    </Filter>
    <Filter Include="core\ui.core.gdt">
      <UniqueIdentifier>{08897acb-87d4-4f83-a636-ef82fa9e6d57}</UniqueIdentifier>
    </Filter>
    <Filter Include="core\ui.core.iceapple">
      <UniqueIdentifier>{7c677f9c-305a-466a-a02f-efe61f6fcbda}</UniqueIdentifier>
    </Filter>
    <Filter Include="HmiSimul\Platform">
      <UniqueIdentifier>{3b0463b3-73be-47ce-9173-9a48fed0a8f1}</UniqueIdentifier>
    </Filter>
    <Filter Include="core\ui.core.services">
      <UniqueIdentifier>{9a2b1c99-6e1c-4faa-b70f-26756b2fef6f}</UniqueIdentifier>
    </Filter>
  </ItemGroup>
  <ItemGroup>
    <ResourceCompile Include="..\HmiSimul.rc">
      <Filter>HmiSimul</Filter>
    </ResourceCompile>
  </ItemGroup>
</Project>