<?xml version="1.0" encoding="utf-8"?>
<Project ToolsVersion="4.0" xmlns="http://schemas.microsoft.com/developer/msbuild/2003">
  <ItemGroup>
    <Filter Include="gfx02">
      <UniqueIdentifier>{ef29b591-9761-4460-be05-327b148dcc97}</UniqueIdentifier>
    </Filter>
    <Filter Include="sim_framework">
      <UniqueIdentifier>{f90a92e6-0e1b-4144-a6ce-6ddd04b9bb7a}</UniqueIdentifier>
    </Filter>
    <Filter Include="autogen">
      <UniqueIdentifier>{dca4ec7e-b180-4bcf-a27e-68fcd7fa68c6}</UniqueIdentifier>
    </Filter>
    <Filter Include="services">
      <UniqueIdentifier>{42e134c4-ba62-4a6f-b7b9-1911c1479366}</UniqueIdentifier>
    </Filter>
    <Filter Include="sim_app">
      <UniqueIdentifier>{df0333f3-b7cd-4043-b85f-72e6eecebc5a}</UniqueIdentifier>
    </Filter>
    <Filter Include="iceapple">
      <UniqueIdentifier>{ed05a549-afc1-462e-9912-e14438e9c06a}</UniqueIdentifier>
    </Filter>
  </ItemGroup>
  <ItemGroup>
    <ClInclude Include="..\..\..\..\ui.core.iceapple\view.manager.02\src\hmi_logic_state_handler.h">
      <Filter>iceapple</Filter>
    </ClInclude>
    <ClInclude Include="..\..\..\..\ui.core.iceapple\menu.core.01\src\hmi_menu_core_01_chart.h">
      <Filter>iceapple</Filter>
    </ClInclude>
    <ClInclude Include="..\..\..\..\ui.core.iceapple\menu.core.01\src\hmi_menu_core_01_logic.h">
      <Filter>iceapple</Filter>
    </ClInclude>
    <ClInclude Include="..\..\..\..\ui.core.iceapple\menu.core.01\src\hmi_menu_core_01_model_autocode.h">
      <Filter>iceapple</Filter>
    </ClInclude>
    <ClInclude Include="..\..\..\..\ui.core.iceapple\menu.core.01\src\hmi_menu_core_01_types.h">
      <Filter>iceapple</Filter>
    </ClInclude>
    <ClInclude Include="..\..\..\..\ui.core.iceapple\message.core.01\src\hmi_msgArbitrator.h">
      <Filter>iceapple</Filter>
    </ClInclude>
    <ClInclude Include="..\..\..\..\ui.core.iceapple\message.core.01\src\hmi_msgDefinition.h">
      <Filter>iceapple</Filter>
    </ClInclude>
    <ClInclude Include="..\..\..\..\ui.core.iceapple\message.core.01\src\hmi_msgSequencer.h">
      <Filter>iceapple</Filter>
    </ClInclude>
    <ClInclude Include="..\..\..\..\ui.core.iceapple\message.core.01\src\hmi_msgStore.h">
      <Filter>iceapple</Filter>
    </ClInclude>
    <ClInclude Include="..\..\..\..\ui.core.iceapple\message.core.01\src\hmi_msgTask.h">
      <Filter>iceapple</Filter>
    </ClInclude>
    <ClInclude Include="..\..\..\..\ui.core.iceapple\popup.core.02\src\hmi_popup_core.h">
      <Filter>iceapple</Filter>
    </ClInclude>
    <ClInclude Include="..\..\..\..\ui.core.iceapple\message.core.01\src\hmi_SIF.h">
      <Filter>iceapple</Filter>
    </ClInclude>
    <ClInclude Include="..\..\..\..\ui.core.iceapple\view.manager.02\src\hmi_view_manager_02.h">
      <Filter>iceapple</Filter>
    </ClInclude>
    <ClInclude Include="..\..\..\..\ui.core.iceapple\view.manager.02\src\hmi_view_manager_02_autocode.h">
      <Filter>iceapple</Filter>
    </ClInclude>
    <ClInclude Include="..\..\..\..\ui.core.iceapple\message.core.01\src\localSemaphores.h">
      <Filter>iceapple</Filter>
    </ClInclude>
    <ClInclude Include="..\..\..\..\ui.core.iceapple\message.core.01\src\sv_common_if.h">
      <Filter>iceapple</Filter>
    </ClInclude>
    <ClInclude Include="..\..\..\..\ui.core.iceapple\language.core.01\src\hmi_language_interface.h">
      <Filter>iceapple</Filter>
    </ClInclude>
    <ClInclude Include="..\..\..\..\..\gdt\ui_core_gdt\ui.core.gdt\hmi.gfx.manager.02\src\iType\product\source\common\fs_itype.h" />
    <ClInclude Include="..\..\..\..\..\gdt\ui_core_gdt\ui.core.gdt\hmi.gfx.manager.02\src\hmi_gfx_mgr02_amber.h">
      <Filter>gfx02</Filter>
    </ClInclude>
    <ClInclude Include="..\..\..\..\..\gdt\ui_core_gdt\ui.core.gdt\hmi.gfx.manager.02\src\hmi_gfx_mgr02_amber_iris.h">
      <Filter>gfx02</Filter>
    </ClInclude>
    <ClInclude Include="..\..\..\..\..\gdt\ui_core_gdt\ui.core.gdt\hmi.gfx.manager.02\src\hmi_gfx_mgr02_cache.h">
      <Filter>gfx02</Filter>
    </ClInclude>
    <ClInclude Include="..\..\..\..\..\gdt\ui_core_gdt\ui.core.gdt\hmi.gfx.manager.02\src\hmi_gfx_mgr02_context.h">
      <Filter>gfx02</Filter>
    </ClInclude>
    <ClInclude Include="..\..\..\..\..\gdt\ui_core_gdt\ui.core.gdt\hmi.gfx.manager.02\src\hmi_gfx_mgr02_dcu.h">
      <Filter>gfx02</Filter>
    </ClInclude>
    <ClInclude Include="..\..\..\..\..\gdt\ui_core_gdt\ui.core.gdt\hmi.gfx.manager.02\src\hmi_gfx_mgr02_defs.h">
      <Filter>gfx02</Filter>
    </ClInclude>
    <ClInclude Include="..\..\..\..\..\gdt\ui_core_gdt\ui.core.gdt\hmi.gfx.manager.02\src\hmi_gfx_mgr02_dirty_area.h">
      <Filter>gfx02</Filter>
    </ClInclude>
    <ClInclude Include="..\..\..\..\..\gdt\ui_core_gdt\ui.core.gdt\hmi.gfx.manager.02\src\hmi_gfx_mgr02_driver.h">
      <Filter>gfx02</Filter>
    </ClInclude>
    <ClInclude Include="..\..\..\..\..\gdt\ui_core_gdt\ui.core.gdt\hmi.gfx.manager.02\error_log\hmi_gfx_mgr02_fault.h">
      <Filter>gfx02</Filter>
    </ClInclude>
    <ClInclude Include="..\..\..\..\..\gdt\ui_core_gdt\ui.core.gdt\hmi.gfx.manager.02\src\hmi_gfx_mgr02_generic.h">
      <Filter>gfx02</Filter>
    </ClInclude>
    <ClInclude Include="..\..\..\..\..\gdt\ui_core_gdt\ui.core.gdt\osal\sosa\hmi_gfx_mgr02_if.h">
      <Filter>gfx02</Filter>
    </ClInclude>
    <ClInclude Include="..\..\..\..\..\gdt\ui_core_gdt\ui.core.gdt\osal\sosa\hmi_gfx_mgr02_if_chart.h">
      <Filter>gfx02</Filter>
    </ClInclude>
    <ClInclude Include="..\..\..\..\..\gdt\ui_core_gdt\ui.core.gdt\osal\sosa\hmi_gfx_mgr02_if_model_autocode.h">
      <Filter>gfx02</Filter>
    </ClInclude>
    <ClInclude Include="..\..\..\..\..\gdt\ui_core_gdt\ui.core.gdt\hmi.gfx.manager.02\src\hmi_gfx_mgr02_irislib.h">
      <Filter>gfx02</Filter>
    </ClInclude>
    <ClInclude Include="..\..\..\..\..\gdt\ui_core_gdt\ui.core.gdt\hmi.gfx.manager.02\src\hmi_gfx_mgr02_layout.h">
      <Filter>gfx02</Filter>
    </ClInclude>
    <ClInclude Include="..\..\..\..\..\gdt\ui_core_gdt\ui.core.gdt\hmi.gfx.manager.02\src\hmi_gfx_mgr02_mem.h">
      <Filter>gfx02</Filter>
    </ClInclude>
    <ClInclude Include="..\..\..\..\..\gdt\ui_core_gdt\ui.core.gdt\hmi.gfx.manager.02\src\hmi_gfx_mgr02_ogllib.h">
      <Filter>gfx02</Filter>
    </ClInclude>
    <ClInclude Include="..\..\..\..\..\gdt\ui_core_gdt\ui.core.gdt\hmi.gfx.manager.02\src\hmi_gfx_mgr02_ovglib.h">
      <Filter>gfx02</Filter>
    </ClInclude>
    <ClInclude Include="..\..\..\..\..\gdt\ui_core_gdt\ui.core.gdt\hmi.gfx.manager.02\src\hmi_gfx_mgr02_perflog.h">
      <Filter>gfx02</Filter>
    </ClInclude>
    <ClInclude Include="..\..\..\..\..\gdt\ui_core_gdt\ui.core.gdt\hmi.gfx.manager.02\src\hmi_gfx_mgr02_swrlib.h">
      <Filter>gfx02</Filter>
    </ClInclude>
    <ClInclude Include="..\..\..\..\..\gdt\ui_core_gdt\ui.core.gdt\hmi.gfx.manager.02\src\hmi_gfx_mgr02_test.h">
      <Filter>gfx02</Filter>
    </ClInclude>
    <ClInclude Include="..\..\..\..\..\gdt\ui_core_gdt\ui.core.gdt\hmi.gfx.manager.02\src\hmi_gfx_mgr02_text.h">
      <Filter>gfx02</Filter>
    </ClInclude>
    <ClInclude Include="..\..\..\..\..\gdt\ui_core_gdt\ui.core.gdt\hmi.gfx.manager.02\src\hmi_gfx_mgr02_types.h">
      <Filter>gfx02</Filter>
    </ClInclude>
  </ItemGroup>
  <ItemGroup>
    <ClCompile Include="..\..\..\..\ui.core.iceapple\view.manager.02\src\hmi_logic_state_handler.c">
      <Filter>iceapple</Filter>
    </ClCompile>
    <ClCompile Include="..\..\..\..\ui.core.iceapple\menu.core.01\src\hmi_menu_core_01_chart.c">
      <Filter>iceapple</Filter>
    </ClCompile>
    <ClCompile Include="..\..\..\..\ui.core.iceapple\menu.core.01\src\hmi_menu_core_01_logic.c">
      <Filter>iceapple</Filter>
    </ClCompile>
    <ClCompile Include="..\..\..\..\ui.core.iceapple\menu.core.01\src\hmi_menu_core_01_model_autocode.c">
      <Filter>iceapple</Filter>
    </ClCompile>
    <ClCompile Include="..\..\..\..\ui.core.iceapple\message.core.01\src\hmi_msgArbitrator.c">
      <Filter>iceapple</Filter>
    </ClCompile>
    <ClCompile Include="..\..\..\..\ui.core.iceapple\message.core.01\src\hmi_msgDefinition.c">
      <Filter>iceapple</Filter>
    </ClCompile>
    <ClCompile Include="..\..\..\..\ui.core.iceapple\message.core.01\src\hmi_msgSequencer.c">
      <Filter>iceapple</Filter>
    </ClCompile>
    <ClCompile Include="..\..\..\..\ui.core.iceapple\message.core.01\src\hmi_msgStore.c">
      <Filter>iceapple</Filter>
    </ClCompile>
    <ClCompile Include="..\..\..\..\ui.core.iceapple\message.core.01\src\hmi_msgTask.c">
      <Filter>iceapple</Filter>
    </ClCompile>
    <ClCompile Include="..\..\..\..\ui.core.iceapple\popup.core.02\src\hmi_popup_core.c">
      <Filter>iceapple</Filter>
    </ClCompile>
    <ClCompile Include="..\..\..\..\ui.core.iceapple\view.manager.02\src\hmi_view_manager_02.c">
      <Filter>iceapple</Filter>
    </ClCompile>
    <ClCompile Include="..\..\..\..\ui.core.iceapple\view.manager.02\src\hmi_view_manager_02_autocode.c">
      <Filter>iceapple</Filter>
    </ClCompile>
    <ClCompile Include="..\..\..\..\ui.core.gdt.test\hmi.gfx.manager.02\test.harness\dcu_win32\egl.c">
      <Filter>sim_framework</Filter>
    </ClCompile>
    <ClCompile Include="..\..\..\..\ui.core.gdt.test\hmi.gfx.manager.02\test.harness\dcu_win32\eglfsl.c">
      <Filter>sim_framework</Filter>
    </ClCompile>
    <ClCompile Include="..\common\hmi_gfx02_sim_main.c">
      <Filter>sim_framework</Filter>
    </ClCompile>
    <ClCompile Include="..\..\..\..\ui.core.gdt.test\hmi.gfx.manager.02\test.harness\dcu_win32\hmi_gfx_dcu_sim_w32.c">
      <Filter>sim_framework</Filter>
    </ClCompile>
    <ClCompile Include="..\autogen\Default_Font.c">
      <Filter>autogen</Filter>
    </ClCompile>
    <ClCompile Include="..\common\hmi_gfx02_image_data.c">
      <Filter>autogen</Filter>
    </ClCompile>
    <ClCompile Include="..\autogen\hmi_gfx_mgr02_clut_table.c">
      <Filter>autogen</Filter>
    </ClCompile>
    <ClCompile Include="..\autogen\hmi_gfx_mgr02_font.c">
      <Filter>autogen</Filter>
    </ClCompile>
    <ClCompile Include="..\autogen\hmi_gfx_mgr02_vgfont.c">
      <Filter>autogen</Filter>
    </ClCompile>
    <ClCompile Include="..\language\hmi_language_1.c">
      <Filter>autogen</Filter>
    </ClCompile>
    <ClCompile Include="..\popup\hmi_popup_core_if.c">
      <Filter>autogen</Filter>
    </ClCompile>
    <ClCompile Include="..\autogen\New_fonts_2.c">
      <Filter>autogen</Filter>
    </ClCompile>
    <ClCompile Include="..\common\hmi_button.c">
      <Filter>sim_app</Filter>
    </ClCompile>
    <ClCompile Include="..\common\hmi_default.c">
      <Filter>sim_app</Filter>
    </ClCompile>
    <ClCompile Include="..\menu\hmi_menu_presentation.c">
      <Filter>sim_app</Filter>
    </ClCompile>
    <ClCompile Include="..\common\hmi_opening_screen.c">
      <Filter>sim_app</Filter>
    </ClCompile>
    <ClCompile Include="..\common\hmi_popup_screen.c">
      <Filter>sim_app</Filter>
    </ClCompile>
    <ClCompile Include="..\common\hmi_startup_screen.c">
      <Filter>sim_app</Filter>
    </ClCompile>
    <ClCompile Include="..\common\hmi_timer_support.c">
      <Filter>sim_app</Filter>
    </ClCompile>
    <ClCompile Include="..\common\hmi_warning_screen.c">
      <Filter>sim_app</Filter>
    </ClCompile>
    <ClCompile Include="..\..\..\..\ui.core.services\switch.event.manager\src\dm_swch.c">
      <Filter>services</Filter>
    </ClCompile>
    <ClCompile Include="..\..\..\..\ui.core.services\hmi.bidi.algo.01\src\hmi_arabic_cursive_join.c">
      <Filter>services</Filter>
    </ClCompile>
    <ClCompile Include="..\..\..\..\ui.core.services\hmi.bidi.algo.01\src\hmi_bidi_algo.c">
      <Filter>services</Filter>
    </ClCompile>
    <ClCompile Include="..\..\..\..\ui.core.iceapple\language.core.01\src\hmi_language_interface.c">
      <Filter>iceapple</Filter>
    </ClCompile>
    <ClCompile Include="..\..\..\..\ui.core.iceapple\animation.core.02\src\hmi_gfx_anim_engine.c">
      <Filter>iceapple</Filter>
    </ClCompile>
    <ClCompile Include="..\..\..\..\ui.core.iceapple\animation.core.02\src\hmi_gfx_anim_vm02_if.c">
      <Filter>iceapple</Filter>
    </ClCompile>
    <ClCompile Include="..\..\..\..\..\gdt\ui_core_gdt\ui.core.gdt\hmi.gfx.manager.02\src\hmi_gfx_mgr02_amber.c">
      <Filter>gfx02</Filter>
    </ClCompile>
    <ClCompile Include="..\..\..\..\..\gdt\ui_core_gdt\ui.core.gdt\hmi.gfx.manager.02\src\hmi_gfx_mgr02_amber_iris.c">
      <Filter>gfx02</Filter>
    </ClCompile>
    <ClCompile Include="..\..\..\..\..\gdt\ui_core_gdt\ui.core.gdt\hmi.gfx.manager.02\src\hmi_gfx_mgr02_cache.c">
      <Filter>gfx02</Filter>
    </ClCompile>
    <ClCompile Include="..\..\..\..\..\gdt\ui_core_gdt\ui.core.gdt\hmi.gfx.manager.02\src\hmi_gfx_mgr02_context.c">
      <Filter>gfx02</Filter>
    </ClCompile>
    <ClCompile Include="..\..\..\..\..\gdt\ui_core_gdt\ui.core.gdt\hmi.gfx.manager.02\src\hmi_gfx_mgr02_dcu.c">
      <Filter>gfx02</Filter>
    </ClCompile>
    <ClCompile Include="..\..\..\..\..\gdt\ui_core_gdt\ui.core.gdt\hmi.gfx.manager.02\src\hmi_gfx_mgr02_dirty_area.c">
      <Filter>gfx02</Filter>
    </ClCompile>
    <ClCompile Include="..\..\..\..\..\gdt\ui_core_gdt\ui.core.gdt\hmi.gfx.manager.02\src\hmi_gfx_mgr02_driver.c">
      <Filter>gfx02</Filter>
    </ClCompile>
    <ClCompile Include="..\..\..\..\..\gdt\ui_core_gdt\ui.core.gdt\hmi.gfx.manager.02\error_log\hmi_gfx_mgr02_fault.c">
      <Filter>gfx02</Filter>
    </ClCompile>
    <ClCompile Include="..\..\..\..\..\gdt\ui_core_gdt\ui.core.gdt\hmi.gfx.manager.02\src\hmi_gfx_mgr02_generic.c">
      <Filter>gfx02</Filter>
    </ClCompile>
    <ClCompile Include="..\..\..\..\..\gdt\ui_core_gdt\ui.core.gdt\osal\sosa\hmi_gfx_mgr02_if.c">
      <Filter>gfx02</Filter>
    </ClCompile>
    <ClCompile Include="..\..\..\..\..\gdt\ui_core_gdt\ui.core.gdt\osal\sosa\hmi_gfx_mgr02_if_chart.c">
      <Filter>gfx02</Filter>
    </ClCompile>
    <ClCompile Include="..\..\..\..\..\gdt\ui_core_gdt\ui.core.gdt\osal\sosa\hmi_gfx_mgr02_if_model_autocode.c">
      <Filter>gfx02</Filter>
    </ClCompile>
    <ClCompile Include="..\..\..\..\..\gdt\ui_core_gdt\ui.core.gdt\hmi.gfx.manager.02\src\hmi_gfx_mgr02_irislib.c">
      <Filter>gfx02</Filter>
    </ClCompile>
    <ClCompile Include="..\..\..\..\..\gdt\ui_core_gdt\ui.core.gdt\hmi.gfx.manager.02\src\hmi_gfx_mgr02_layout.c">
      <Filter>gfx02</Filter>
    </ClCompile>
    <ClCompile Include="..\..\..\..\..\gdt\ui_core_gdt\ui.core.gdt\hmi.gfx.manager.02\src\hmi_gfx_mgr02_mem.c">
      <Filter>gfx02</Filter>
    </ClCompile>
    <ClCompile Include="..\..\..\..\..\gdt\ui_core_gdt\ui.core.gdt\hmi.gfx.manager.02\src\hmi_gfx_mgr02_monolib.c">
      <Filter>gfx02</Filter>
    </ClCompile>
    <ClCompile Include="..\..\..\..\..\gdt\ui_core_gdt\ui.core.gdt\hmi.gfx.manager.02\src\hmi_gfx_mgr02_ogllib.c">
      <Filter>gfx02</Filter>
    </ClCompile>
    <ClCompile Include="..\..\..\..\..\gdt\ui_core_gdt\ui.core.gdt\hmi.gfx.manager.02\src\hmi_gfx_mgr02_ovglib.c">
      <Filter>gfx02</Filter>
    </ClCompile>
    <ClCompile Include="..\..\..\..\..\gdt\ui_core_gdt\ui.core.gdt\hmi.gfx.manager.02\src\hmi_gfx_mgr02_perflog.c">
      <Filter>gfx02</Filter>
    </ClCompile>
    <ClCompile Include="..\..\..\..\..\gdt\ui_core_gdt\ui.core.gdt\hmi.gfx.manager.02\src\hmi_gfx_mgr02_swrlib.c">
      <Filter>gfx02</Filter>
    </ClCompile>
    <ClCompile Include="..\..\..\..\..\gdt\ui_core_gdt\ui.core.gdt\hmi.gfx.manager.02\src\hmi_gfx_mgr02_text.c">
      <Filter>gfx02</Filter>
    </ClCompile>
    <ClCompile Include="..\..\..\..\..\services\ui.core.services\hmi.bidi.algo.01\src\hmi_arabic_cursive_join.c">
      <Filter>services</Filter>
    </ClCompile>
  </ItemGroup>
  <ItemGroup>
    <None Include="..\..\..\..\..\gdt\ui_core_gdt\ui.core.gdt\gdt.gfx.driver.pflash.1bppv\src\hmi_gfx_driver_cp_image.inc" />
  </ItemGroup>
</Project>