
Microsoft Visual Studio Solution File, Format Version 9.00
# Visual Studio 2005
Project("{8BC9CEB8-8B4A-11D0-8D11-00A0C91BC942}") = "HMI", "HMI.vcproj", "{7EF3323D-E7A5-4233-A8FF-EC5F52232904}"
	ProjectSection(WebsiteProperties) = preProject
		Debug.AspNetCompiler.Debug = "True"
		Release.AspNetCompiler.Debug = "False"
	EndProjectSection
EndProject
Global
	GlobalSection(SolutionConfigurationPlatforms) = preSolution
		Debug|FiskerNavCardSDK (ARMV4I) = Debug|FiskerNavCardSDK (ARMV4I)
		Release|FiskerNavCardSDK (ARMV4I) = Release|FiskerNavCardSDK (ARMV4I)
		Target|FiskerNavCardSDK (ARMV4I) = Target|FiskerNavCardSDK (ARMV4I)
	EndGlobalSection
	GlobalSection(ProjectConfigurationPlatforms) = postSolution
		{7EF3323D-E7A5-4233-A8FF-EC5F52232904}.Debug|FiskerNavCardSDK (ARMV4I).ActiveCfg = Debug|FiskerNavCardSDK (ARMV4I)
		{7EF3323D-E7A5-4233-A8FF-EC5F52232904}.Debug|FiskerNavCardSDK (ARMV4I).Build.0 = Debug|FiskerNavCardSDK (ARMV4I)
		{7EF3323D-E7A5-4233-A8FF-EC5F52232904}.Debug|FiskerNavCardSDK (ARMV4I).Deploy.0 = Debug|FiskerNavCardSDK (ARMV4I)
		{7EF3323D-E7A5-4233-A8FF-EC5F52232904}.Release|FiskerNavCardSDK (ARMV4I).ActiveCfg = Release|FiskerNavCardSDK (ARMV4I)
		{7EF3323D-E7A5-4233-A8FF-EC5F52232904}.Release|FiskerNavCardSDK (ARMV4I).Build.0 = Release|FiskerNavCardSDK (ARMV4I)
		{7EF3323D-E7A5-4233-A8FF-EC5F52232904}.Release|FiskerNavCardSDK (ARMV4I).Deploy.0 = Release|FiskerNavCardSDK (ARMV4I)
		{7EF3323D-E7A5-4233-A8FF-EC5F52232904}.Target|FiskerNavCardSDK (ARMV4I).ActiveCfg = Target|FiskerNavCardSDK (ARMV4I)
		{7EF3323D-E7A5-4233-A8FF-EC5F52232904}.Target|FiskerNavCardSDK (ARMV4I).Build.0 = Target|FiskerNavCardSDK (ARMV4I)
		{7EF3323D-E7A5-4233-A8FF-EC5F52232904}.Target|FiskerNavCardSDK (ARMV4I).Deploy.0 = Target|FiskerNavCardSDK (ARMV4I)
	EndGlobalSection
	GlobalSection(SolutionProperties) = preSolution
		HideSolutionNode = FALSE
	EndGlobalSection
EndGlobal
