<?xml version="1.0" encoding="utf-8"?>
<Project ToolsVersion="4.0" xmlns="http://schemas.microsoft.com/developer/msbuild/2003">
  <ItemGroup>
    <Filter Include="Source Files">
      <UniqueIdentifier>{edb56f35-224e-42e5-b3a1-e327a717fe69}</UniqueIdentifier>
      <Extensions>cpp;c;cxx;rc;def;r;odl;idl;hpj;bat</Extensions>
    </Filter>
    <Filter Include="Header Files">
      <UniqueIdentifier>{1f6c8766-416b-483b-a017-6bc21a2fa339}</UniqueIdentifier>
      <Extensions>h;hpp;hxx;hm;inl</Extensions>
    </Filter>
    <Filter Include="Resource Files">
      <UniqueIdentifier>{d3fad91e-a121-4e07-bdea-a70962116fdd}</UniqueIdentifier>
      <Extensions>ico;cur;bmp;dlg;rc2;rct;bin;rgs;gif;jpg;jpeg;jpe</Extensions>
    </Filter>
  </ItemGroup>
  <ItemGroup>
    <ClCompile Include="..\..\..\..\..\..\services\ui.core.services\third_party\monotype\iType\product\source\adf\adf.c">
      <Filter>Source Files</Filter>
    </ClCompile>
    <ClCompile Include="..\..\..\..\..\..\services\ui.core.services\third_party\monotype\iType\product\source\adf\adfautohint_bazoutlines.c">
      <Filter>Source Files</Filter>
    </ClCompile>
    <ClCompile Include="..\..\..\..\..\..\services\ui.core.services\third_party\monotype\iType\product\source\adf\adfautohint_bazstrokes.c">
      <Filter>Source Files</Filter>
    </ClCompile>
    <ClCompile Include="..\..\..\..\..\..\services\ui.core.services\third_party\monotype\iType\product\source\adf\adfautohint_mazoutlines.c">
      <Filter>Source Files</Filter>
    </ClCompile>
    <ClCompile Include="..\..\..\..\..\..\services\ui.core.services\third_party\monotype\iType\product\source\adf\adfautohint_mazstrokes.c">
      <Filter>Source Files</Filter>
    </ClCompile>
    <ClCompile Include="..\..\..\..\..\..\services\ui.core.services\third_party\monotype\iType\product\source\adf\adfdensityimage.c">
      <Filter>Source Files</Filter>
    </ClCompile>
    <ClCompile Include="..\..\..\..\..\..\services\ui.core.services\third_party\monotype\iType\product\source\adf\adffixedmath.c">
      <Filter>Source Files</Filter>
    </ClCompile>
    <ClCompile Include="..\..\..\..\..\..\services\ui.core.services\third_party\monotype\iType\product\source\adf\adfgenerate.c">
      <Filter>Source Files</Filter>
    </ClCompile>
    <ClCompile Include="..\..\..\..\..\..\services\ui.core.services\third_party\monotype\iType\product\source\adf\adfimplicitfixed.c">
      <Filter>Source Files</Filter>
    </ClCompile>
    <ClCompile Include="..\..\..\..\..\..\services\ui.core.services\third_party\monotype\iType\product\source\adf\adfinittermsystem.c">
      <Filter>Source Files</Filter>
    </ClCompile>
    <ClCompile Include="..\..\..\..\..\..\services\ui.core.services\third_party\monotype\iType\product\source\adf\adfrender.c">
      <Filter>Source Files</Filter>
    </ClCompile>
    <ClCompile Include="..\..\..\..\..\..\services\ui.core.services\third_party\monotype\iType\product\source\common\fs_api.c">
      <Filter>Source Files</Filter>
    </ClCompile>
    <ClCompile Include="..\..\..\..\..\..\services\ui.core.services\third_party\monotype\iType\product\source\common\fs_autohint.c">
      <Filter>Source Files</Filter>
    </ClCompile>
    <ClCompile Include="..\..\..\..\..\..\services\ui.core.services\third_party\monotype\iType\product\source\common\fs_bestfit.c">
      <Filter>Source Files</Filter>
    </ClCompile>
    <ClCompile Include="..\..\..\..\..\..\services\ui.core.services\third_party\monotype\iType\product\source\common\fs_bitio.c">
      <Filter>Source Files</Filter>
    </ClCompile>
    <ClCompile Include="..\..\..\..\..\..\services\ui.core.services\third_party\monotype\iType\product\source\common\fs_bitmap.c">
      <Filter>Source Files</Filter>
    </ClCompile>
    <ClCompile Include="..\..\..\..\..\..\services\ui.core.services\third_party\monotype\iType\product\source\common\fs_cache.c">
      <Filter>Source Files</Filter>
    </ClCompile>
    <ClCompile Include="..\..\..\..\..\..\services\ui.core.services\third_party\monotype\iType\product\source\common\fs_canon.c">
      <Filter>Source Files</Filter>
    </ClCompile>
    <ClCompile Include="..\..\..\..\..\..\services\ui.core.services\third_party\monotype\iType\product\source\common\fs_cff.c">
      <Filter>Source Files</Filter>
    </ClCompile>
    <ClCompile Include="..\..\..\..\..\..\services\ui.core.services\third_party\monotype\iType\product\source\common\fs_cmap.c">
      <Filter>Source Files</Filter>
    </ClCompile>
    <ClCompile Include="..\..\..\..\..\..\services\ui.core.services\third_party\monotype\iType\product\source\common\fs_effects.c">
      <Filter>Source Files</Filter>
    </ClCompile>
    <ClCompile Include="..\..\..\..\..\..\services\ui.core.services\third_party\monotype\iType\product\source\common\fs_fio.c">
      <Filter>Source Files</Filter>
    </ClCompile>
    <ClCompile Include="..\..\..\..\..\..\services\ui.core.services\third_party\monotype\iType\product\source\common\fs_fixed.c">
      <Filter>Source Files</Filter>
    </ClCompile>
    <ClCompile Include="..\..\..\..\..\..\services\ui.core.services\third_party\monotype\iType\product\source\common\fs_fnt.c">
      <Filter>Source Files</Filter>
    </ClCompile>
    <ClCompile Include="..\..\..\..\..\..\services\ui.core.services\third_party\monotype\iType\product\source\common\fs_glue.c">
      <Filter>Source Files</Filter>
    </ClCompile>
    <ClCompile Include="..\..\..\..\..\..\services\ui.core.services\third_party\monotype\iType\product\source\common\fs_graymap.c">
      <Filter>Source Files</Filter>
    </ClCompile>
    <ClCompile Include="..\..\..\..\..\..\services\ui.core.services\third_party\monotype\iType\product\source\common\fs_icon.c">
      <Filter>Source Files</Filter>
    </ClCompile>
    <ClCompile Include="..\..\..\..\..\..\services\ui.core.services\third_party\monotype\iType\product\source\common\fs_kern.c">
      <Filter>Source Files</Filter>
    </ClCompile>
    <ClCompile Include="..\..\..\..\..\..\services\ui.core.services\third_party\monotype\iType\product\source\common\fs_line.c">
      <Filter>Source Files</Filter>
    </ClCompile>
    <ClCompile Include="..\..\..\..\..\..\services\ui.core.services\third_party\monotype\iType\product\source\common\fs_ltt.c">
      <Filter>Source Files</Filter>
    </ClCompile>
    <ClCompile Include="..\..\..\..\..\..\services\ui.core.services\third_party\monotype\iType\product\source\common\fs_ltt_i.c">
      <Filter>Source Files</Filter>
    </ClCompile>
    <ClCompile Include="..\..\..\..\..\..\services\ui.core.services\third_party\monotype\iType\product\source\common\fs_mapped.c">
      <Filter>Source Files</Filter>
    </ClCompile>
    <ClCompile Include="..\..\..\..\..\..\services\ui.core.services\third_party\monotype\iType\product\source\common\fs_multi.c">
      <Filter>Source Files</Filter>
    </ClCompile>
    <ClCompile Include="..\..\..\..\..\..\services\ui.core.services\third_party\monotype\iType\product\source\common\fs_outline.c">
      <Filter>Source Files</Filter>
    </ClCompile>
    <ClCompile Include="..\..\..\..\..\..\services\ui.core.services\third_party\monotype\iType\product\source\common\fs_pfr.c">
      <Filter>Source Files</Filter>
    </ClCompile>
    <ClCompile Include="..\..\..\..\..\..\services\ui.core.services\third_party\monotype\iType\product\source\common\fs_radecomp.c">
      <Filter>Source Files</Filter>
    </ClCompile>
    <ClCompile Include="..\..\..\..\..\..\services\ui.core.services\third_party\monotype\iType\product\source\common\fs_ra_ttf.c">
      <Filter>Source Files</Filter>
    </ClCompile>
    <ClCompile Include="..\..\..\..\..\..\services\ui.core.services\third_party\monotype\iType\product\source\common\fs_rtgah.c">
      <Filter>Source Files</Filter>
    </ClCompile>
    <ClCompile Include="..\..\..\..\..\..\services\ui.core.services\third_party\monotype\iType\product\source\common\fs_sbit.c">
      <Filter>Source Files</Filter>
    </ClCompile>
    <ClCompile Include="..\..\..\..\..\..\services\ui.core.services\third_party\monotype\iType\product\source\common\fs_scale.c">
      <Filter>Source Files</Filter>
    </ClCompile>
    <ClCompile Include="..\..\..\..\..\..\services\ui.core.services\third_party\monotype\iType\product\source\common\fs_scratch.c">
      <Filter>Source Files</Filter>
    </ClCompile>
    <ClCompile Include="..\..\..\..\..\..\services\ui.core.services\third_party\monotype\iType\product\source\common\fs_stik.c">
      <Filter>Source Files</Filter>
    </ClCompile>
    <ClCompile Include="..\..\..\..\..\..\services\ui.core.services\third_party\monotype\iType\product\source\common\fs_tablecmp.c">
      <Filter>Source Files</Filter>
    </ClCompile>
    <ClCompile Include="..\..\..\..\..\..\services\ui.core.services\third_party\monotype\iType\product\source\common\fs_tableptr.c">
      <Filter>Source Files</Filter>
    </ClCompile>
    <ClCompile Include="..\..\..\..\..\..\services\ui.core.services\third_party\monotype\iType\product\source\common\fs_tlist.c">
      <Filter>Source Files</Filter>
    </ClCompile>
    <ClCompile Include="..\..\..\..\..\..\services\ui.core.services\third_party\monotype\iType\product\source\common\fs_ttf.c">
      <Filter>Source Files</Filter>
    </ClCompile>
    <ClCompile Include="..\..\..\..\..\..\services\ui.core.services\third_party\monotype\iType\product\source\common\fs_ttf_conv.c">
      <Filter>Source Files</Filter>
    </ClCompile>
    <ClCompile Include="..\..\..\..\..\..\services\ui.core.services\third_party\monotype\iType\product\source\common\fs_typeset.c">
      <Filter>Source Files</Filter>
    </ClCompile>
    <ClCompile Include="..\..\..\..\..\..\services\ui.core.services\third_party\monotype\iType\product\source\common\fs_xmalloc.c">
      <Filter>Source Files</Filter>
    </ClCompile>
    <ClCompile Include="..\..\..\..\..\..\services\ui.core.services\third_party\monotype\iType\product\source\openvg\fs_openvg.c">
      <Filter>Source Files</Filter>
    </ClCompile>
    <ClCompile Include="..\..\..\..\..\..\services\ui.core.services\third_party\monotype\iType\product\source\port\win32\fs_callback.c">
      <Filter>Source Files</Filter>
    </ClCompile>
    <ClCompile Include="..\..\..\..\..\..\services\ui.core.services\third_party\monotype\iType\product\source\port\win32\fs_mfont.c">
      <Filter>Source Files</Filter>
    </ClCompile>
    <ClCompile Include="..\..\..\..\..\..\services\ui.core.services\third_party\monotype\iType\product\source\port\win32\fs_mutex.c">
      <Filter>Source Files</Filter>
    </ClCompile>
  </ItemGroup>
  <ItemGroup>
    <ClInclude Include="..\openvg\fs_openvg.h">
      <Filter>Header Files</Filter>
    </ClInclude>
    <ClInclude Include="fs_pfr.h">
      <Filter>Header Files</Filter>
    </ClInclude>
    <ClInclude Include="fs_ra_ttf.h">
      <Filter>Header Files</Filter>
    </ClInclude>
    <ClInclude Include="fs_radecomp.h">
      <Filter>Header Files</Filter>
    </ClInclude>
    <ClInclude Include="fs_rtgah.h">
      <Filter>Header Files</Filter>
    </ClInclude>
    <ClInclude Include="fs_scratch.h">
      <Filter>Header Files</Filter>
    </ClInclude>
    <ClInclude Include="fs_scratch_priv.h">
      <Filter>Header Files</Filter>
    </ClInclude>
    <ClInclude Include="fs_sfnt.h">
      <Filter>Header Files</Filter>
    </ClInclude>
    <ClInclude Include="fs_tablecmp.h">
      <Filter>Header Files</Filter>
    </ClInclude>
    <ClInclude Include="fs_ttf_conv.h">
      <Filter>Header Files</Filter>
    </ClInclude>
    <ClInclude Include="..\..\..\..\..\..\services\ui.core.services\third_party\monotype\iType\product\source\adf\adf.h">
      <Filter>Header Files</Filter>
    </ClInclude>
    <ClInclude Include="..\..\..\..\..\..\services\ui.core.services\third_party\monotype\iType\product\source\adf\adfalgnzonesmaz.h">
      <Filter>Header Files</Filter>
    </ClInclude>
    <ClInclude Include="..\..\..\..\..\..\services\ui.core.services\third_party\monotype\iType\product\source\adf\adffixedmath.h">
      <Filter>Header Files</Filter>
    </ClInclude>
    <ClInclude Include="..\..\..\..\..\..\services\ui.core.services\third_party\monotype\iType\product\source\adf\adfgenerate.h">
      <Filter>Header Files</Filter>
    </ClInclude>
    <ClInclude Include="..\..\..\..\..\..\services\ui.core.services\third_party\monotype\iType\product\source\adf\adfimplicit.h">
      <Filter>Header Files</Filter>
    </ClInclude>
    <ClInclude Include="..\..\..\..\..\..\services\ui.core.services\third_party\monotype\iType\product\source\adf\adfinittermsystem.h">
      <Filter>Header Files</Filter>
    </ClInclude>
    <ClInclude Include="..\..\..\..\..\..\services\ui.core.services\third_party\monotype\iType\product\source\adf\adftypesystem.h">
      <Filter>Header Files</Filter>
    </ClInclude>
    <ClInclude Include="..\..\..\..\..\..\services\ui.core.services\third_party\monotype\iType\product\source\common\fs_api.h">
      <Filter>Header Files</Filter>
    </ClInclude>
    <ClInclude Include="..\..\..\..\..\..\services\ui.core.services\third_party\monotype\iType\product\source\common\fs_bestfit.h">
      <Filter>Header Files</Filter>
    </ClInclude>
    <ClInclude Include="..\..\..\..\..\..\services\ui.core.services\third_party\monotype\iType\product\source\common\fs_bitio.h">
      <Filter>Header Files</Filter>
    </ClInclude>
    <ClInclude Include="..\..\..\..\..\..\services\ui.core.services\third_party\monotype\iType\product\source\common\fs_bitmap.h">
      <Filter>Header Files</Filter>
    </ClInclude>
    <ClInclude Include="..\..\..\..\..\..\services\ui.core.services\third_party\monotype\iType\product\source\common\fs_cff.h">
      <Filter>Header Files</Filter>
    </ClInclude>
    <ClInclude Include="..\..\..\..\..\..\services\ui.core.services\third_party\monotype\iType\product\source\common\fs_effects.h">
      <Filter>Header Files</Filter>
    </ClInclude>
    <ClInclude Include="..\..\..\..\..\..\services\ui.core.services\third_party\monotype\iType\product\source\common\fs_err.h">
      <Filter>Header Files</Filter>
    </ClInclude>
    <ClInclude Include="..\..\..\..\..\..\services\ui.core.services\third_party\monotype\iType\product\source\common\fs_fixed.h">
      <Filter>Header Files</Filter>
    </ClInclude>
    <ClInclude Include="..\..\..\..\..\..\services\ui.core.services\third_party\monotype\iType\product\source\common\fs_fnt.h">
      <Filter>Header Files</Filter>
    </ClInclude>
    <ClInclude Include="..\..\..\..\..\..\services\ui.core.services\third_party\monotype\iType\product\source\common\fs_fontscal.h">
      <Filter>Header Files</Filter>
    </ClInclude>
    <ClInclude Include="..\..\..\..\..\..\services\ui.core.services\third_party\monotype\iType\product\source\common\fs_function.h">
      <Filter>Header Files</Filter>
    </ClInclude>
    <ClInclude Include="..\..\..\..\..\..\services\ui.core.services\third_party\monotype\iType\product\source\common\fs_glue.h">
      <Filter>Header Files</Filter>
    </ClInclude>
    <ClInclude Include="..\..\..\..\..\..\services\ui.core.services\third_party\monotype\iType\product\source\common\fs_graymap.h">
      <Filter>Header Files</Filter>
    </ClInclude>
    <ClInclude Include="..\..\..\..\..\..\services\ui.core.services\third_party\monotype\iType\product\source\common\fs_itype.h">
      <Filter>Header Files</Filter>
    </ClInclude>
    <ClInclude Include="..\..\..\..\..\..\services\ui.core.services\third_party\monotype\iType\product\source\common\fs_ltt.h">
      <Filter>Header Files</Filter>
    </ClInclude>
    <ClInclude Include="..\..\..\..\..\..\services\ui.core.services\third_party\monotype\iType\product\source\common\fs_ltt_api.h">
      <Filter>Header Files</Filter>
    </ClInclude>
    <ClInclude Include="..\..\..\..\..\..\services\ui.core.services\third_party\monotype\iType\product\source\common\fs_ltt_i.h">
      <Filter>Header Files</Filter>
    </ClInclude>
    <ClInclude Include="..\..\..\..\..\..\services\ui.core.services\third_party\monotype\iType\product\source\common\fs_mutex.h">
      <Filter>Header Files</Filter>
    </ClInclude>
    <ClInclude Include="..\..\..\..\..\..\services\ui.core.services\third_party\monotype\iType\product\source\common\fs_object.h">
      <Filter>Header Files</Filter>
    </ClInclude>
    <ClInclude Include="..\..\..\..\..\..\services\ui.core.services\third_party\monotype\iType\product\source\common\fs_pfr.h">
      <Filter>Header Files</Filter>
    </ClInclude>
    <ClInclude Include="..\..\..\..\..\..\services\ui.core.services\third_party\monotype\iType\product\source\common\fs_radecomp.h">
      <Filter>Header Files</Filter>
    </ClInclude>
    <ClInclude Include="..\..\..\..\..\..\services\ui.core.services\third_party\monotype\iType\product\source\common\fs_ra_ttf.h">
      <Filter>Header Files</Filter>
    </ClInclude>
    <ClInclude Include="..\..\..\..\..\..\services\ui.core.services\third_party\monotype\iType\product\source\common\fs_rtgah.h">
      <Filter>Header Files</Filter>
    </ClInclude>
    <ClInclude Include="..\..\..\..\..\..\services\ui.core.services\third_party\monotype\iType\product\source\common\fs_scratch.h">
      <Filter>Header Files</Filter>
    </ClInclude>
    <ClInclude Include="..\..\..\..\..\..\services\ui.core.services\third_party\monotype\iType\product\source\common\fs_scratch_priv.h">
      <Filter>Header Files</Filter>
    </ClInclude>
    <ClInclude Include="..\..\..\..\..\..\services\ui.core.services\third_party\monotype\iType\product\source\common\fs_sfnt.h">
      <Filter>Header Files</Filter>
    </ClInclude>
    <ClInclude Include="..\..\..\..\..\..\services\ui.core.services\third_party\monotype\iType\product\source\common\fs_tablecmp.h">
      <Filter>Header Files</Filter>
    </ClInclude>
    <ClInclude Include="..\..\..\..\..\..\services\ui.core.services\third_party\monotype\iType\product\source\common\fs_ttf_conv.h">
      <Filter>Header Files</Filter>
    </ClInclude>
    <ClInclude Include="..\..\..\..\..\..\services\ui.core.services\third_party\monotype\iType\tools_ghs_multi\includes\fs_config.h">
      <Filter>Header Files</Filter>
    </ClInclude>
  </ItemGroup>
</Project>