<?xml version="1.0" encoding="utf-8"?>
<Project ToolsVersion="4.0" xmlns="http://schemas.microsoft.com/developer/msbuild/2003">
  <ItemGroup>
    <Filter Include="Source Files">
      <UniqueIdentifier>{4FC737F1-C7A5-4376-A066-2A32D752A2FF}</UniqueIdentifier>
      <Extensions>cpp;c;cc;cxx;def;odl;idl;hpj;bat;asm;asmx</Extensions>
    </Filter>
    <Filter Include="Header Files">
      <UniqueIdentifier>{93995380-89BD-4b04-88EB-625FBE52EBFB}</UniqueIdentifier>
      <Extensions>h;hpp;hxx;hm;inl;inc;xsd</Extensions>
    </Filter>
    <Filter Include="Resource Files">
      <UniqueIdentifier>{67DA6AB6-F800-4c08-8B7A-83BB121AAD01}</UniqueIdentifier>
      <Extensions>rc;ico;cur;bmp;dlg;rc2;rct;bin;rgs;gif;jpg;jpeg;jpe;resx;tiff;tif;png;wav</Extensions>
    </Filter>
  </ItemGroup>
  <ItemGroup>
    <ClCompile Include="..\..\..\..\..\..\services\ui.core.services\third_party\monotype\wtle\base\ts2d.c">
      <Filter>Source Files</Filter>
    </ClCompile>
    <ClCompile Include="..\..\..\..\..\..\services\ui.core.services\third_party\monotype\wtle\base\tsdynarr.c">
      <Filter>Source Files</Filter>
    </ClCompile>
    <ClCompile Include="..\..\..\..\..\..\services\ui.core.services\third_party\monotype\wtle\base\tsfixed.c">
      <Filter>Source Files</Filter>
    </ClCompile>
    <ClCompile Include="..\..\..\..\..\..\services\ui.core.services\third_party\monotype\wtle\base\tsintmem.c">
      <Filter>Source Files</Filter>
    </ClCompile>
    <ClCompile Include="..\..\..\..\..\..\services\ui.core.services\third_party\monotype\wtle\base\tsmem.c">
      <Filter>Source Files</Filter>
    </ClCompile>
    <ClCompile Include="..\..\..\..\..\..\services\ui.core.services\third_party\monotype\wtle\base\tspoly.c">
      <Filter>Source Files</Filter>
    </ClCompile>
    <ClCompile Include="..\..\..\..\..\..\services\ui.core.services\third_party\monotype\wtle\base\tsrsrc.c">
      <Filter>Source Files</Filter>
    </ClCompile>
    <ClCompile Include="..\..\..\..\..\..\services\ui.core.services\third_party\monotype\wtle\base\tstag.c">
      <Filter>Source Files</Filter>
    </ClCompile>
    <ClCompile Include="..\..\..\..\..\..\services\ui.core.services\third_party\monotype\wtle\opentype\otbase.c">
      <Filter>Source Files</Filter>
    </ClCompile>
    <ClCompile Include="..\..\..\..\..\..\services\ui.core.services\third_party\monotype\wtle\opentype\otcache.c">
      <Filter>Source Files</Filter>
    </ClCompile>
    <ClCompile Include="..\..\..\..\..\..\services\ui.core.services\third_party\monotype\wtle\opentype\otclassd.c">
      <Filter>Source Files</Filter>
    </ClCompile>
    <ClCompile Include="..\..\..\..\..\..\services\ui.core.services\third_party\monotype\wtle\opentype\otcommon.c">
      <Filter>Source Files</Filter>
    </ClCompile>
    <ClCompile Include="..\..\..\..\..\..\services\ui.core.services\third_party\monotype\wtle\opentype\otcoverg.c">
      <Filter>Source Files</Filter>
    </ClCompile>
    <ClCompile Include="..\..\..\..\..\..\services\ui.core.services\third_party\monotype\wtle\opentype\otgdef.c">
      <Filter>Source Files</Filter>
    </ClCompile>
    <ClCompile Include="..\..\..\..\..\..\services\ui.core.services\third_party\monotype\wtle\opentype\otgpos.c">
      <Filter>Source Files</Filter>
    </ClCompile>
    <ClCompile Include="..\..\..\..\..\..\services\ui.core.services\third_party\monotype\wtle\opentype\otgsub.c">
      <Filter>Source Files</Filter>
    </ClCompile>
    <ClCompile Include="..\..\..\..\..\..\services\ui.core.services\third_party\monotype\wtle\opentype\otgtyp.c">
      <Filter>Source Files</Filter>
    </ClCompile>
    <ClCompile Include="..\..\..\..\..\..\services\ui.core.services\third_party\monotype\wtle\opentype\otgtypac.c">
      <Filter>Source Files</Filter>
    </ClCompile>
    <ClCompile Include="..\..\..\..\..\..\services\ui.core.services\third_party\monotype\wtle\opentype\otjstf.c">
      <Filter>Source Files</Filter>
    </ClCompile>
    <ClCompile Include="..\..\..\..\..\..\services\ui.core.services\third_party\monotype\wtle\opentype\otlaymgr.c">
      <Filter>Source Files</Filter>
    </ClCompile>
    <ClCompile Include="..\..\..\..\..\..\services\ui.core.services\third_party\monotype\wtle\opentype\otlayout.c">
      <Filter>Source Files</Filter>
    </ClCompile>
    <ClCompile Include="..\..\..\..\..\..\services\ui.core.services\third_party\monotype\wtle\opentype\otlkumgr.c">
      <Filter>Source Files</Filter>
    </ClCompile>
    <ClCompile Include="..\..\..\..\..\..\services\ui.core.services\third_party\monotype\wtle\opentype\otutil.c">
      <Filter>Source Files</Filter>
    </ClCompile>
    <ClCompile Include="..\..\..\..\..\..\services\ui.core.services\third_party\monotype\wtle\opentype\otwbiter.c">
      <Filter>Source Files</Filter>
    </ClCompile>
    <ClCompile Include="..\..\..\..\..\..\services\ui.core.services\third_party\monotype\wtle\opentype\otwrdblk.c">
      <Filter>Source Files</Filter>
    </ClCompile>
    <ClCompile Include="..\..\..\..\..\..\services\ui.core.services\third_party\monotype\wtle\port\win32\tseudata.c">
      <Filter>Source Files</Filter>
    </ClCompile>
    <ClCompile Include="..\..\..\..\..\..\services\ui.core.services\third_party\monotype\wtle\port\win32\tsmmap.c">
      <Filter>Source Files</Filter>
    </ClCompile>
    <ClCompile Include="..\..\..\..\..\..\services\ui.core.services\third_party\monotype\wtle\shaper\tsshaper.c">
      <Filter>Source Files</Filter>
    </ClCompile>
    <ClCompile Include="..\..\..\..\..\..\services\ui.core.services\third_party\monotype\wtle\shaper\tsshaperapi.c">
      <Filter>Source Files</Filter>
    </ClCompile>
    <ClCompile Include="..\..\..\..\..\..\services\ui.core.services\third_party\monotype\wtle\shaper\tsshaperbidi.c">
      <Filter>Source Files</Filter>
    </ClCompile>
    <ClCompile Include="..\..\..\..\..\..\services\ui.core.services\third_party\monotype\wtle\shaper\tsshaperfont.c">
      <Filter>Source Files</Filter>
    </ClCompile>
    <ClCompile Include="..\..\..\..\..\..\services\ui.core.services\third_party\monotype\wtle\shaper\tsshaperoptions.c">
      <Filter>Source Files</Filter>
    </ClCompile>
    <ClCompile Include="..\..\..\..\..\..\services\ui.core.services\third_party\monotype\wtle\shaper\tsshapertext.c">
      <Filter>Source Files</Filter>
    </ClCompile>
    <ClCompile Include="..\..\..\..\..\..\services\ui.core.services\third_party\monotype\wtle\shaper\tsshp_aat.c">
      <Filter>Source Files</Filter>
    </ClCompile>
    <ClCompile Include="..\..\..\..\..\..\services\ui.core.services\third_party\monotype\wtle\shaper\tsshp_ar.c">
      <Filter>Source Files</Filter>
    </ClCompile>
    <ClCompile Include="..\..\..\..\..\..\services\ui.core.services\third_party\monotype\wtle\shaper\tsshp_bn.c">
      <Filter>Source Files</Filter>
    </ClCompile>
    <ClCompile Include="..\..\..\..\..\..\services\ui.core.services\third_party\monotype\wtle\shaper\tsshp_gu.c">
      <Filter>Source Files</Filter>
    </ClCompile>
    <ClCompile Include="..\..\..\..\..\..\services\ui.core.services\third_party\monotype\wtle\shaper\tsshp_hi.c">
      <Filter>Source Files</Filter>
    </ClCompile>
    <ClCompile Include="..\..\..\..\..\..\services\ui.core.services\third_party\monotype\wtle\shaper\tsshp_kerx.c">
      <Filter>Source Files</Filter>
    </ClCompile>
    <ClCompile Include="..\..\..\..\..\..\services\ui.core.services\third_party\monotype\wtle\shaper\tsshp_km.c">
      <Filter>Source Files</Filter>
    </ClCompile>
    <ClCompile Include="..\..\..\..\..\..\services\ui.core.services\third_party\monotype\wtle\shaper\tsshp_kn.c">
      <Filter>Source Files</Filter>
    </ClCompile>
    <ClCompile Include="..\..\..\..\..\..\services\ui.core.services\third_party\monotype\wtle\shaper\tsshp_ml.c">
      <Filter>Source Files</Filter>
    </ClCompile>
    <ClCompile Include="..\..\..\..\..\..\services\ui.core.services\third_party\monotype\wtle\shaper\tsshp_mn.c">
      <Filter>Source Files</Filter>
    </ClCompile>
    <ClCompile Include="..\..\..\..\..\..\services\ui.core.services\third_party\monotype\wtle\shaper\tsshp_morx.c">
      <Filter>Source Files</Filter>
    </ClCompile>
    <ClCompile Include="..\..\..\..\..\..\services\ui.core.services\third_party\monotype\wtle\shaper\tsshp_nk.c">
      <Filter>Source Files</Filter>
    </ClCompile>
    <ClCompile Include="..\..\..\..\..\..\services\ui.core.services\third_party\monotype\wtle\shaper\tsshp_or.c">
      <Filter>Source Files</Filter>
    </ClCompile>
    <ClCompile Include="..\..\..\..\..\..\services\ui.core.services\third_party\monotype\wtle\shaper\tsshp_pa.c">
      <Filter>Source Files</Filter>
    </ClCompile>
    <ClCompile Include="..\..\..\..\..\..\services\ui.core.services\third_party\monotype\wtle\shaper\tsshp_si.c">
      <Filter>Source Files</Filter>
    </ClCompile>
    <ClCompile Include="..\..\..\..\..\..\services\ui.core.services\third_party\monotype\wtle\shaper\tsshp_ta.c">
      <Filter>Source Files</Filter>
    </ClCompile>
    <ClCompile Include="..\..\..\..\..\..\services\ui.core.services\third_party\monotype\wtle\shaper\tsshp_te.c">
      <Filter>Source Files</Filter>
    </ClCompile>
    <ClCompile Include="..\..\..\..\..\..\services\ui.core.services\third_party\monotype\wtle\shaper\tsshp_th.c">
      <Filter>Source Files</Filter>
    </ClCompile>
    <ClCompile Include="..\..\..\..\..\..\services\ui.core.services\third_party\monotype\wtle\shaper\tsthaidi.c">
      <Filter>Source Files</Filter>
    </ClCompile>
    <ClCompile Include="..\..\..\..\..\..\services\ui.core.services\third_party\monotype\wtle\shaper\ts_indic.c">
      <Filter>Source Files</Filter>
    </ClCompile>
    <ClCompile Include="..\..\..\..\..\..\services\ui.core.services\third_party\monotype\wtle\unicode\tsbiddat.c">
      <Filter>Source Files</Filter>
    </ClCompile>
    <ClCompile Include="..\..\..\..\..\..\services\ui.core.services\third_party\monotype\wtle\unicode\tsbidi.c">
      <Filter>Source Files</Filter>
    </ClCompile>
    <ClCompile Include="..\..\..\..\..\..\services\ui.core.services\third_party\monotype\wtle\unicode\tscmb.c">
      <Filter>Source Files</Filter>
    </ClCompile>
    <ClCompile Include="..\..\..\..\..\..\services\ui.core.services\third_party\monotype\wtle\unicode\tsdlp.c">
      <Filter>Source Files</Filter>
    </ClCompile>
    <ClCompile Include="..\..\..\..\..\..\services\ui.core.services\third_party\monotype\wtle\unicode\tsdlpdat.c">
      <Filter>Source Files</Filter>
    </ClCompile>
    <ClCompile Include="..\..\..\..\..\..\services\ui.core.services\third_party\monotype\wtle\unicode\tsdpsdat.c">
      <Filter>Source Files</Filter>
    </ClCompile>
    <ClCompile Include="..\..\..\..\..\..\services\ui.core.services\third_party\monotype\wtle\unicode\tsnfc.c">
      <Filter>Source Files</Filter>
    </ClCompile>
    <ClCompile Include="..\..\..\..\..\..\services\ui.core.services\third_party\monotype\wtle\unicode\tsnfcdat.c">
      <Filter>Source Files</Filter>
    </ClCompile>
    <ClCompile Include="..\..\..\..\..\..\services\ui.core.services\third_party\monotype\wtle\unicode\tsnfd.c">
      <Filter>Source Files</Filter>
    </ClCompile>
    <ClCompile Include="..\..\..\..\..\..\services\ui.core.services\third_party\monotype\wtle\unicode\tsnfddat.c">
      <Filter>Source Files</Filter>
    </ClCompile>
    <ClCompile Include="..\..\..\..\..\..\services\ui.core.services\third_party\monotype\wtle\unicode\tsscrdat.c">
      <Filter>Source Files</Filter>
    </ClCompile>
    <ClCompile Include="..\..\..\..\..\..\services\ui.core.services\third_party\monotype\wtle\unicode\tsstring.c">
      <Filter>Source Files</Filter>
    </ClCompile>
    <ClCompile Include="..\..\..\..\..\..\services\ui.core.services\third_party\monotype\wtle\unicode\tsunicde.c">
      <Filter>Source Files</Filter>
    </ClCompile>
    <ClCompile Include="..\..\..\..\..\..\services\ui.core.services\third_party\monotype\wtle\unicode\tsunienc.c">
      <Filter>Source Files</Filter>
    </ClCompile>
    <ClCompile Include="..\..\..\..\..\..\services\ui.core.services\third_party\monotype\wtle\unicode\tsuniprp.c">
      <Filter>Source Files</Filter>
    </ClCompile>
  </ItemGroup>
  <ItemGroup>
    <ClInclude Include="..\..\..\..\..\..\services\ui.core.services\third_party\monotype\wtle\base\pvmem.h">
      <Filter>Header Files</Filter>
    </ClInclude>
    <ClInclude Include="..\..\..\..\..\..\services\ui.core.services\third_party\monotype\wtle\base\tsintmem.h">
      <Filter>Header Files</Filter>
    </ClInclude>
    <ClInclude Include="..\..\..\..\..\..\services\ui.core.services\third_party\monotype\wtle\include\openvgdc.h">
      <Filter>Header Files</Filter>
    </ClInclude>
    <ClInclude Include="..\..\..\..\..\..\services\ui.core.services\third_party\monotype\wtle\include\otfont.h">
      <Filter>Header Files</Filter>
    </ClInclude>
    <ClInclude Include="..\..\..\..\..\..\services\ui.core.services\third_party\monotype\wtle\include\otlangs.h">
      <Filter>Header Files</Filter>
    </ClInclude>
    <ClInclude Include="..\..\..\..\..\..\services\ui.core.services\third_party\monotype\wtle\include\otlaymgr.h">
      <Filter>Header Files</Filter>
    </ClInclude>
    <ClInclude Include="..\..\..\..\..\..\services\ui.core.services\third_party\monotype\wtle\include\otlayout.h">
      <Filter>Header Files</Filter>
    </ClInclude>
    <ClInclude Include="..\..\..\..\..\..\services\ui.core.services\third_party\monotype\wtle\include\otscript.h">
      <Filter>Header Files</Filter>
    </ClInclude>
    <ClInclude Include="..\..\..\..\..\..\services\ui.core.services\third_party\monotype\wtle\include\otwrdblk.h">
      <Filter>Header Files</Filter>
    </ClInclude>
    <ClInclude Include="..\..\..\..\..\..\services\ui.core.services\third_party\monotype\wtle\include\ts2d.h">
      <Filter>Header Files</Filter>
    </ClInclude>
    <ClInclude Include="..\..\..\..\..\..\services\ui.core.services\third_party\monotype\wtle\include\tsapi.h">
      <Filter>Header Files</Filter>
    </ClInclude>
    <ClInclude Include="..\..\..\..\..\..\services\ui.core.services\third_party\monotype\wtle\include\tsbase.h">
      <Filter>Header Files</Filter>
    </ClInclude>
    <ClInclude Include="..\..\..\..\..\..\services\ui.core.services\third_party\monotype\wtle\include\tsbidi.h">
      <Filter>Header Files</Filter>
    </ClInclude>
    <ClInclude Include="..\..\..\..\..\..\services\ui.core.services\third_party\monotype\wtle\include\tscmb.h">
      <Filter>Header Files</Filter>
    </ClInclude>
    <ClInclude Include="..\..\..\..\..\..\services\ui.core.services\third_party\monotype\wtle\include\tsdc.h">
      <Filter>Header Files</Filter>
    </ClInclude>
    <ClInclude Include="..\..\..\..\..\..\services\ui.core.services\third_party\monotype\wtle\include\tsdlist.h">
      <Filter>Header Files</Filter>
    </ClInclude>
    <ClInclude Include="..\..\..\..\..\..\services\ui.core.services\third_party\monotype\wtle\include\tsdlp.h">
      <Filter>Header Files</Filter>
    </ClInclude>
    <ClInclude Include="..\..\..\..\..\..\services\ui.core.services\third_party\monotype\wtle\include\tsdynarr.h">
      <Filter>Header Files</Filter>
    </ClInclude>
    <ClInclude Include="..\..\..\..\..\..\services\ui.core.services\third_party\monotype\wtle\include\tseudata.h">
      <Filter>Header Files</Filter>
    </ClInclude>
    <ClInclude Include="..\..\..\..\..\..\services\ui.core.services\third_party\monotype\wtle\include\tsevent.h">
      <Filter>Header Files</Filter>
    </ClInclude>
    <ClInclude Include="..\..\..\..\..\..\services\ui.core.services\third_party\monotype\wtle\include\tsfallbacklist.h">
      <Filter>Header Files</Filter>
    </ClInclude>
    <ClInclude Include="..\..\..\..\..\..\services\ui.core.services\third_party\monotype\wtle\include\tsfe_mgr.h">
      <Filter>Header Files</Filter>
    </ClInclude>
    <ClInclude Include="..\..\..\..\..\..\services\ui.core.services\third_party\monotype\wtle\include\tsfixed.h">
      <Filter>Header Files</Filter>
    </ClInclude>
    <ClInclude Include="..\..\..\..\..\..\services\ui.core.services\third_party\monotype\wtle\include\tsfnteng.h">
      <Filter>Header Files</Filter>
    </ClInclude>
    <ClInclude Include="..\..\..\..\..\..\services\ui.core.services\third_party\monotype\wtle\include\tsfntmgr.h">
      <Filter>Header Files</Filter>
    </ClInclude>
    <ClInclude Include="..\..\..\..\..\..\services\ui.core.services\third_party\monotype\wtle\include\tsfntref.h">
      <Filter>Header Files</Filter>
    </ClInclude>
    <ClInclude Include="..\..\..\..\..\..\services\ui.core.services\third_party\monotype\wtle\include\tsfont.h">
      <Filter>Header Files</Filter>
    </ClInclude>
    <ClInclude Include="..\..\..\..\..\..\services\ui.core.services\third_party\monotype\wtle\include\tsfontst.h">
      <Filter>Header Files</Filter>
    </ClInclude>
    <ClInclude Include="..\..\..\..\..\..\services\ui.core.services\third_party\monotype\wtle\include\tsfs_mgr.h">
      <Filter>Header Files</Filter>
    </ClInclude>
    <ClInclude Include="..\..\..\..\..\..\services\ui.core.services\third_party\monotype\wtle\include\tsglyph.h">
      <Filter>Header Files</Filter>
    </ClInclude>
    <ClInclude Include="..\..\..\..\..\..\services\ui.core.services\third_party\monotype\wtle\include\tsglypos.h">
      <Filter>Header Files</Filter>
    </ClInclude>
    <ClInclude Include="..\..\..\..\..\..\services\ui.core.services\third_party\monotype\wtle\include\tsimage.h">
      <Filter>Header Files</Filter>
    </ClInclude>
    <ClInclude Include="..\..\..\..\..\..\services\ui.core.services\third_party\monotype\wtle\include\tsimgbdc.h">
      <Filter>Header Files</Filter>
    </ClInclude>
    <ClInclude Include="..\..\..\..\..\..\services\ui.core.services\third_party\monotype\wtle\include\tsimgbuf.h">
      <Filter>Header Files</Filter>
    </ClInclude>
    <ClInclude Include="..\..\..\..\..\..\services\ui.core.services\third_party\monotype\wtle\include\tslayctl.h">
      <Filter>Header Files</Filter>
    </ClInclude>
    <ClInclude Include="..\..\..\..\..\..\services\ui.core.services\third_party\monotype\wtle\include\tslayopt.h">
      <Filter>Header Files</Filter>
    </ClInclude>
    <ClInclude Include="..\..\..\..\..\..\services\ui.core.services\third_party\monotype\wtle\include\tslayout.h">
      <Filter>Header Files</Filter>
    </ClInclude>
    <ClInclude Include="..\..\..\..\..\..\services\ui.core.services\third_party\monotype\wtle\include\tsmem.h">
      <Filter>Header Files</Filter>
    </ClInclude>
    <ClInclude Include="..\..\..\..\..\..\services\ui.core.services\third_party\monotype\wtle\include\tsnfc.h">
      <Filter>Header Files</Filter>
    </ClInclude>
    <ClInclude Include="..\..\..\..\..\..\services\ui.core.services\third_party\monotype\wtle\include\tsnfd.h">
      <Filter>Header Files</Filter>
    </ClInclude>
    <ClInclude Include="..\..\..\..\..\..\services\ui.core.services\third_party\monotype\wtle\include\tsnrmtxt.h">
      <Filter>Header Files</Filter>
    </ClInclude>
    <ClInclude Include="..\..\..\..\..\..\services\ui.core.services\third_party\monotype\wtle\include\tspoly.h">
      <Filter>Header Files</Filter>
    </ClInclude>
    <ClInclude Include="..\..\..\..\..\..\services\ui.core.services\third_party\monotype\wtle\include\tsproj.h">
      <Filter>Header Files</Filter>
    </ClInclude>
    <ClInclude Include="..\..\..\..\..\..\services\ui.core.services\third_party\monotype\wtle\include\tsresult.h">
      <Filter>Header Files</Filter>
    </ClInclude>
    <ClInclude Include="..\..\..\..\..\..\services\ui.core.services\third_party\monotype\wtle\include\tsrsrc.h">
      <Filter>Header Files</Filter>
    </ClInclude>
    <ClInclude Include="..\..\..\..\..\..\services\ui.core.services\third_party\monotype\wtle\include\tsshape.h">
      <Filter>Header Files</Filter>
    </ClInclude>
    <ClInclude Include="..\..\..\..\..\..\services\ui.core.services\third_party\monotype\wtle\include\tsshaper.h">
      <Filter>Header Files</Filter>
    </ClInclude>
    <ClInclude Include="..\..\..\..\..\..\services\ui.core.services\third_party\monotype\wtle\include\tsshaperapi.h">
      <Filter>Header Files</Filter>
    </ClInclude>
    <ClInclude Include="..\..\..\..\..\..\services\ui.core.services\third_party\monotype\wtle\include\tsshaperfont.h">
      <Filter>Header Files</Filter>
    </ClInclude>
    <ClInclude Include="..\..\..\..\..\..\services\ui.core.services\third_party\monotype\wtle\include\tsshapertext.h">
      <Filter>Header Files</Filter>
    </ClInclude>
    <ClInclude Include="..\..\..\..\..\..\services\ui.core.services\third_party\monotype\wtle\include\tsstring.h">
      <Filter>Header Files</Filter>
    </ClInclude>
    <ClInclude Include="..\..\..\..\..\..\services\ui.core.services\third_party\monotype\wtle\include\tsstubdc.h">
      <Filter>Header Files</Filter>
    </ClInclude>
    <ClInclude Include="..\..\..\..\..\..\services\ui.core.services\third_party\monotype\wtle\include\tssubsdi.h">
      <Filter>Header Files</Filter>
    </ClInclude>
    <ClInclude Include="..\..\..\..\..\..\services\ui.core.services\third_party\monotype\wtle\include\tssystem.h">
      <Filter>Header Files</Filter>
    </ClInclude>
    <ClInclude Include="..\..\..\..\..\..\services\ui.core.services\third_party\monotype\wtle\include\tstag.h">
      <Filter>Header Files</Filter>
    </ClInclude>
    <ClInclude Include="..\..\..\..\..\..\services\ui.core.services\third_party\monotype\wtle\include\tstext.h">
      <Filter>Header Files</Filter>
    </ClInclude>
    <ClInclude Include="..\..\..\..\..\..\services\ui.core.services\third_party\monotype\wtle\include\tstextat.h">
      <Filter>Header Files</Filter>
    </ClInclude>
    <ClInclude Include="..\..\..\..\..\..\services\ui.core.services\third_party\monotype\wtle\include\tstextcn.h">
      <Filter>Header Files</Filter>
    </ClInclude>
    <ClInclude Include="..\..\..\..\..\..\services\ui.core.services\third_party\monotype\wtle\include\tsthaidi.h">
      <Filter>Header Files</Filter>
    </ClInclude>
    <ClInclude Include="..\..\..\..\..\..\services\ui.core.services\third_party\monotype\wtle\include\tstxtinf.h">
      <Filter>Header Files</Filter>
    </ClInclude>
    <ClInclude Include="..\..\..\..\..\..\services\ui.core.services\third_party\monotype\wtle\include\tstypes.h">
      <Filter>Header Files</Filter>
    </ClInclude>
    <ClInclude Include="..\..\..\..\..\..\services\ui.core.services\third_party\monotype\wtle\include\tsunicde.h">
      <Filter>Header Files</Filter>
    </ClInclude>
    <ClInclude Include="..\..\..\..\..\..\services\ui.core.services\third_party\monotype\wtle\include\tsunienc.h">
      <Filter>Header Files</Filter>
    </ClInclude>
    <ClInclude Include="..\..\..\..\..\..\services\ui.core.services\third_party\monotype\wtle\opentype\otbase.h">
      <Filter>Header Files</Filter>
    </ClInclude>
    <ClInclude Include="..\..\..\..\..\..\services\ui.core.services\third_party\monotype\wtle\opentype\otclassd.h">
      <Filter>Header Files</Filter>
    </ClInclude>
    <ClInclude Include="..\..\..\..\..\..\services\ui.core.services\third_party\monotype\wtle\opentype\otcommon.h">
      <Filter>Header Files</Filter>
    </ClInclude>
    <ClInclude Include="..\..\..\..\..\..\services\ui.core.services\third_party\monotype\wtle\opentype\otcoverg.h">
      <Filter>Header Files</Filter>
    </ClInclude>
    <ClInclude Include="..\..\..\..\..\..\services\ui.core.services\third_party\monotype\wtle\opentype\otfeatur.h">
      <Filter>Header Files</Filter>
    </ClInclude>
    <ClInclude Include="..\..\..\..\..\..\services\ui.core.services\third_party\monotype\wtle\opentype\otgdef.h">
      <Filter>Header Files</Filter>
    </ClInclude>
    <ClInclude Include="..\..\..\..\..\..\services\ui.core.services\third_party\monotype\wtle\opentype\otgpos.h">
      <Filter>Header Files</Filter>
    </ClInclude>
    <ClInclude Include="..\..\..\..\..\..\services\ui.core.services\third_party\monotype\wtle\opentype\otgsub.h">
      <Filter>Header Files</Filter>
    </ClInclude>
    <ClInclude Include="..\..\..\..\..\..\services\ui.core.services\third_party\monotype\wtle\opentype\otgtyp.h">
      <Filter>Header Files</Filter>
    </ClInclude>
    <ClInclude Include="..\..\..\..\..\..\services\ui.core.services\third_party\monotype\wtle\opentype\otgtypac.h">
      <Filter>Header Files</Filter>
    </ClInclude>
    <ClInclude Include="..\..\..\..\..\..\services\ui.core.services\third_party\monotype\wtle\opentype\otjstf.h">
      <Filter>Header Files</Filter>
    </ClInclude>
    <ClInclude Include="..\..\..\..\..\..\services\ui.core.services\third_party\monotype\wtle\opentype\otlkumgr.h">
      <Filter>Header Files</Filter>
    </ClInclude>
    <ClInclude Include="..\..\..\..\..\..\services\ui.core.services\third_party\monotype\wtle\opentype\ottypes.h">
      <Filter>Header Files</Filter>
    </ClInclude>
    <ClInclude Include="..\..\..\..\..\..\services\ui.core.services\third_party\monotype\wtle\opentype\otutil.h">
      <Filter>Header Files</Filter>
    </ClInclude>
    <ClInclude Include="..\..\..\..\..\..\services\ui.core.services\third_party\monotype\wtle\opentype\otwbiter.h">
      <Filter>Header Files</Filter>
    </ClInclude>
    <ClInclude Include="..\..\..\..\..\..\services\ui.core.services\third_party\monotype\wtle\opentype\pvotlayo.h">
      <Filter>Header Files</Filter>
    </ClInclude>
    <ClInclude Include="..\..\..\..\..\..\services\ui.core.services\third_party\monotype\wtle\port\win32\tsconfig.h">
      <Filter>Header Files</Filter>
    </ClInclude>
    <ClInclude Include="..\..\..\..\..\..\services\ui.core.services\third_party\monotype\wtle\port\win32\tsport.h">
      <Filter>Header Files</Filter>
    </ClInclude>
    <ClInclude Include="..\..\..\..\..\..\services\ui.core.services\third_party\monotype\wtle\privincl\otcopy.h">
      <Filter>Header Files</Filter>
    </ClInclude>
    <ClInclude Include="..\..\..\..\..\..\services\ui.core.services\third_party\monotype\wtle\privincl\otreqtab.h">
      <Filter>Header Files</Filter>
    </ClInclude>
    <ClInclude Include="..\..\..\..\..\..\services\ui.core.services\third_party\monotype\wtle\privincl\pvfnteng.h">
      <Filter>Header Files</Filter>
    </ClInclude>
    <ClInclude Include="..\..\..\..\..\..\services\ui.core.services\third_party\monotype\wtle\privincl\pvfont.h">
      <Filter>Header Files</Filter>
    </ClInclude>
    <ClInclude Include="..\..\..\..\..\..\services\ui.core.services\third_party\monotype\wtle\privincl\tsmmap.h">
      <Filter>Header Files</Filter>
    </ClInclude>
    <ClInclude Include="..\..\..\..\..\..\services\ui.core.services\third_party\monotype\wtle\privincl\tsrender.h">
      <Filter>Header Files</Filter>
    </ClInclude>
    <ClInclude Include="..\..\..\..\..\..\services\ui.core.services\third_party\monotype\wtle\privincl\tsscrdat.h">
      <Filter>Header Files</Filter>
    </ClInclude>
    <ClInclude Include="..\..\..\..\..\..\services\ui.core.services\third_party\monotype\wtle\shaper\pvshaper.h">
      <Filter>Header Files</Filter>
    </ClInclude>
    <ClInclude Include="..\..\..\..\..\..\services\ui.core.services\third_party\monotype\wtle\shaper\pvshaperfont.h">
      <Filter>Header Files</Filter>
    </ClInclude>
    <ClInclude Include="..\..\..\..\..\..\services\ui.core.services\third_party\monotype\wtle\shaper\pvshaperoptions.h">
      <Filter>Header Files</Filter>
    </ClInclude>
    <ClInclude Include="..\..\..\..\..\..\services\ui.core.services\third_party\monotype\wtle\shaper\pvshapertext.h">
      <Filter>Header Files</Filter>
    </ClInclude>
    <ClInclude Include="..\..\..\..\..\..\services\ui.core.services\third_party\monotype\wtle\shaper\pvshaper_aat.h">
      <Filter>Header Files</Filter>
    </ClInclude>
    <ClInclude Include="..\..\..\..\..\..\services\ui.core.services\third_party\monotype\wtle\shaper\pv_indic.h">
      <Filter>Header Files</Filter>
    </ClInclude>
    <ClInclude Include="..\..\..\..\..\..\services\ui.core.services\third_party\monotype\wtle\shaper\tsshaperbidi.h">
      <Filter>Header Files</Filter>
    </ClInclude>
    <ClInclude Include="..\..\..\..\..\..\services\ui.core.services\third_party\monotype\wtle\unicode\tsbiddat.h">
      <Filter>Header Files</Filter>
    </ClInclude>
    <ClInclude Include="..\..\..\..\..\..\services\ui.core.services\third_party\monotype\wtle\unicode\tsdlpdat.h">
      <Filter>Header Files</Filter>
    </ClInclude>
    <ClInclude Include="..\..\..\..\..\..\services\ui.core.services\third_party\monotype\wtle\unicode\tsdpsdat.h">
      <Filter>Header Files</Filter>
    </ClInclude>
    <ClInclude Include="..\..\..\..\..\..\services\ui.core.services\third_party\monotype\wtle\unicode\tsnfcdat.h">
      <Filter>Header Files</Filter>
    </ClInclude>
    <ClInclude Include="..\..\..\..\..\..\services\ui.core.services\third_party\monotype\wtle\unicode\tsnfddat.h">
      <Filter>Header Files</Filter>
    </ClInclude>
    <ClInclude Include="..\..\..\..\..\..\services\ui.core.services\third_party\monotype\wtle\unicode\tsuniprp.h">
      <Filter>Header Files</Filter>
    </ClInclude>
  </ItemGroup>
  <ItemGroup>
    <Text Include="ReadMe.txt" />
  </ItemGroup>
</Project>