<?xml version="1.0" encoding="utf-8"?>
<Project ToolsVersion="4.0" xmlns="http://schemas.microsoft.com/developer/msbuild/2003">
  <ItemGroup>
    <Filter Include="ui.core.gdt">
      <UniqueIdentifier>{c6f83b4d-1dc1-4d7a-b734-45cc6342a59f}</UniqueIdentifier>
    </Filter>
    <Filter Include="sim_framework">
      <UniqueIdentifier>{2173ac03-eae6-463d-a76d-9417d37441a4}</UniqueIdentifier>
    </Filter>
    <Filter Include="autogen_gdt">
      <UniqueIdentifier>{93ec31a9-583a-457f-9c47-5c046c631a55}</UniqueIdentifier>
    </Filter>
    <Filter Include="ui.core.services">
      <UniqueIdentifier>{40c47c4b-534e-4fe5-b175-5e26f40db713}</UniqueIdentifier>
    </Filter>
    <Filter Include="sim_app">
      <UniqueIdentifier>{48eeb1c2-a69d-493d-aac2-dbc9c99c38a1}</UniqueIdentifier>
    </Filter>
    <Filter Include="autogen_language">
      <UniqueIdentifier>{0f4ff07e-a967-4998-b310-0302af92fc9b}</UniqueIdentifier>
    </Filter>
    <Filter Include="ui.core.iceapple">
      <UniqueIdentifier>{b255fe27-30e0-428d-bfe9-9ae5dbde413d}</UniqueIdentifier>
    </Filter>
  </ItemGroup>
  <ItemGroup>
    <ClInclude Include="..\language\hmi_language_identifiers.h">
      <Filter>autogen_language</Filter>
    </ClInclude>
    <ClInclude Include="..\..\..\..\ui.core.iceapple\view.manager.02\src\hmi_logic_state_handler.h">
      <Filter>ui.core.iceapple</Filter>
    </ClInclude>
    <ClInclude Include="..\..\..\..\ui.core.iceapple\view.manager.02\src\hmi_view_manager_02.h">
      <Filter>ui.core.iceapple</Filter>
    </ClInclude>
    <ClInclude Include="..\..\..\..\ui.core.iceapple\view.manager.02\src\hmi_view_manager_02_autocode.h">
      <Filter>ui.core.iceapple</Filter>
    </ClInclude>
    <ClInclude Include="..\..\..\..\..\gdt\ui_core_gdt\ui.core.gdt\hmi.gfx.manager.02\src\hmi_gfx_mgr02_types.h">
      <Filter>ui.core.gdt</Filter>
    </ClInclude>
    <ClInclude Include="..\..\..\..\..\gdt\ui_core_gdt\ui.core.gdt\hmi.gfx.manager.02\src\hmi_gfx_mgr02_amber.h">
      <Filter>ui.core.gdt</Filter>
    </ClInclude>
    <ClInclude Include="..\..\..\..\..\gdt\ui_core_gdt\ui.core.gdt\hmi.gfx.manager.02\src\hmi_gfx_mgr02_amber_iris.h">
      <Filter>ui.core.gdt</Filter>
    </ClInclude>
    <ClInclude Include="..\..\..\..\..\gdt\ui_core_gdt\ui.core.gdt\hmi.gfx.manager.02\src\hmi_gfx_mgr02_cache.h">
      <Filter>ui.core.gdt</Filter>
    </ClInclude>
    <ClInclude Include="..\..\..\..\..\gdt\ui_core_gdt\ui.core.gdt\hmi.gfx.manager.02\src\hmi_gfx_mgr02_context.h">
      <Filter>ui.core.gdt</Filter>
    </ClInclude>
    <ClInclude Include="..\..\..\..\..\gdt\ui_core_gdt\ui.core.gdt\hmi.gfx.manager.02\src\hmi_gfx_mgr02_dcu.h">
      <Filter>ui.core.gdt</Filter>
    </ClInclude>
    <ClInclude Include="..\..\..\..\..\gdt\ui_core_gdt\ui.core.gdt\hmi.gfx.manager.02\src\hmi_gfx_mgr02_defs.h">
      <Filter>ui.core.gdt</Filter>
    </ClInclude>
    <ClInclude Include="..\..\..\..\..\gdt\ui_core_gdt\ui.core.gdt\hmi.gfx.manager.02\src\hmi_gfx_mgr02_dirty_area.h">
      <Filter>ui.core.gdt</Filter>
    </ClInclude>
    <ClInclude Include="..\..\..\..\..\gdt\ui_core_gdt\ui.core.gdt\hmi.gfx.manager.02\src\hmi_gfx_mgr02_driver.h">
      <Filter>ui.core.gdt</Filter>
    </ClInclude>
    <ClInclude Include="..\..\..\..\..\gdt\ui_core_gdt\ui.core.gdt\hmi.gfx.manager.02\error_log\hmi_gfx_mgr02_fault.h">
      <Filter>ui.core.gdt</Filter>
    </ClInclude>
    <ClInclude Include="..\..\..\..\..\gdt\ui_core_gdt\ui.core.gdt\hmi.gfx.manager.02\src\hmi_gfx_mgr02_generic.h">
      <Filter>ui.core.gdt</Filter>
    </ClInclude>
    <ClInclude Include="..\..\..\..\..\gdt\ui_core_gdt\ui.core.gdt\osal\sosa\hmi_gfx_mgr02_if.h">
      <Filter>ui.core.gdt</Filter>
    </ClInclude>
    <ClInclude Include="..\..\..\..\..\gdt\ui_core_gdt\ui.core.gdt\osal\sosa\hmi_gfx_mgr02_if_chart.h">
      <Filter>ui.core.gdt</Filter>
    </ClInclude>
    <ClInclude Include="..\..\..\..\..\gdt\ui_core_gdt\ui.core.gdt\osal\sosa\hmi_gfx_mgr02_if_model_autocode.h">
      <Filter>ui.core.gdt</Filter>
    </ClInclude>
    <ClInclude Include="..\..\..\..\..\gdt\ui_core_gdt\ui.core.gdt\hmi.gfx.manager.02\src\hmi_gfx_mgr02_irislib.h">
      <Filter>ui.core.gdt</Filter>
    </ClInclude>
    <ClInclude Include="..\..\..\..\..\gdt\ui_core_gdt\ui.core.gdt\hmi.gfx.manager.02\src\hmi_gfx_mgr02_layout.h">
      <Filter>ui.core.gdt</Filter>
    </ClInclude>
    <ClInclude Include="..\..\..\..\..\gdt\ui_core_gdt\ui.core.gdt\hmi.gfx.manager.02\src\hmi_gfx_mgr02_mem.h">
      <Filter>ui.core.gdt</Filter>
    </ClInclude>
    <ClInclude Include="..\..\..\..\..\gdt\ui_core_gdt\ui.core.gdt\hmi.gfx.manager.02\src\hmi_gfx_mgr02_ogllib.h">
      <Filter>ui.core.gdt</Filter>
    </ClInclude>
    <ClInclude Include="..\..\..\..\..\gdt\ui_core_gdt\ui.core.gdt\hmi.gfx.manager.02\src\hmi_gfx_mgr02_ovglib.h">
      <Filter>ui.core.gdt</Filter>
    </ClInclude>
    <ClInclude Include="..\..\..\..\..\gdt\ui_core_gdt\ui.core.gdt\hmi.gfx.manager.02\src\hmi_gfx_mgr02_perflog.h">
      <Filter>ui.core.gdt</Filter>
    </ClInclude>
    <ClInclude Include="..\..\..\..\..\gdt\ui_core_gdt\ui.core.gdt\hmi.gfx.manager.02\src\hmi_gfx_mgr02_swrlib.h">
      <Filter>ui.core.gdt</Filter>
    </ClInclude>
    <ClInclude Include="..\..\..\..\..\gdt\ui_core_gdt\ui.core.gdt\hmi.gfx.manager.02\src\hmi_gfx_mgr02_test.h">
      <Filter>ui.core.gdt</Filter>
    </ClInclude>
    <ClInclude Include="..\..\..\..\..\gdt\ui_core_gdt\ui.core.gdt\hmi.gfx.manager.02\src\hmi_gfx_mgr02_text.h">
      <Filter>ui.core.gdt</Filter>
    </ClInclude>
    <ClInclude Include="..\..\..\..\ui.core.iceapple\animation.core.02\src\hmi_gfx_anim_engine.h">
      <Filter>ui.core.iceapple</Filter>
    </ClInclude>
    <ClInclude Include="..\..\..\..\ui.core.iceapple\animation.core.02\src\hmi_gfx_anim_engine_types.h">
      <Filter>ui.core.iceapple</Filter>
    </ClInclude>
    <ClInclude Include="..\..\..\..\ui.core.iceapple\language.core.01\src\hmi_language_interface.h">
      <Filter>ui.core.iceapple</Filter>
    </ClInclude>
  </ItemGroup>
  <ItemGroup>
    <ClCompile Include="..\common\hmi_gfx02_sim_main.c">
      <Filter>sim_framework</Filter>
    </ClCompile>
    <ClCompile Include="..\common\hmi_gfx02_image_data.c">
      <Filter>autogen_gdt</Filter>
    </ClCompile>
    <ClCompile Include="..\common\hmi_button.c">
      <Filter>sim_app</Filter>
    </ClCompile>
    <ClCompile Include="..\common\hmi_default.c">
      <Filter>sim_app</Filter>
    </ClCompile>
    <ClCompile Include="..\language\hmi_language_1.c">
      <Filter>autogen_language</Filter>
    </ClCompile>
    <ClCompile Include="..\..\..\..\ui.core.iceapple\view.manager.02\src\hmi_logic_state_handler.c">
      <Filter>ui.core.iceapple</Filter>
    </ClCompile>
    <ClCompile Include="..\..\..\..\ui.core.iceapple\view.manager.02\src\hmi_view_manager_02.c">
      <Filter>ui.core.iceapple</Filter>
    </ClCompile>
    <ClCompile Include="..\..\..\..\ui.core.iceapple\view.manager.02\src\hmi_view_manager_02_autocode.c">
      <Filter>ui.core.iceapple</Filter>
    </ClCompile>
    <ClCompile Include="..\common\hmi_startup_screen.c">
      <Filter>sim_app</Filter>
    </ClCompile>
    <ClCompile Include="..\autogen\Arabic.c">
      <Filter>autogen_gdt</Filter>
    </ClCompile>
    <ClCompile Include="..\autogen\hmi_gfx_mgr02_clut_table.c">
      <Filter>autogen_gdt</Filter>
    </ClCompile>
    <ClCompile Include="..\autogen\hmi_gfx_mgr02_font.c">
      <Filter>autogen_gdt</Filter>
    </ClCompile>
    <ClCompile Include="..\autogen\hmi_gfx_mgr02_vgfont.c">
      <Filter>autogen_gdt</Filter>
    </ClCompile>
    <ClCompile Include="..\..\..\..\..\gdt\ui_core_gdt\ui.core.gdt\hmi.gfx.manager.02\src\hmi_gfx_mgr02_amber.c">
      <Filter>ui.core.gdt</Filter>
    </ClCompile>
    <ClCompile Include="..\..\..\..\..\gdt\ui_core_gdt\ui.core.gdt\hmi.gfx.manager.02\src\hmi_gfx_mgr02_amber_iris.c">
      <Filter>ui.core.gdt</Filter>
    </ClCompile>
    <ClCompile Include="..\..\..\..\..\gdt\ui_core_gdt\ui.core.gdt\hmi.gfx.manager.02\src\hmi_gfx_mgr02_cache.c">
      <Filter>ui.core.gdt</Filter>
    </ClCompile>
    <ClCompile Include="..\..\..\..\..\gdt\ui_core_gdt\ui.core.gdt\hmi.gfx.manager.02\src\hmi_gfx_mgr02_context.c">
      <Filter>ui.core.gdt</Filter>
    </ClCompile>
    <ClCompile Include="..\..\..\..\..\gdt\ui_core_gdt\ui.core.gdt\hmi.gfx.manager.02\src\hmi_gfx_mgr02_dcu.c">
      <Filter>ui.core.gdt</Filter>
    </ClCompile>
    <ClCompile Include="..\..\..\..\..\gdt\ui_core_gdt\ui.core.gdt\hmi.gfx.manager.02\src\hmi_gfx_mgr02_dirty_area.c">
      <Filter>ui.core.gdt</Filter>
    </ClCompile>
    <ClCompile Include="..\..\..\..\..\gdt\ui_core_gdt\ui.core.gdt\hmi.gfx.manager.02\src\hmi_gfx_mgr02_driver.c">
      <Filter>ui.core.gdt</Filter>
    </ClCompile>
    <ClCompile Include="..\..\..\..\..\gdt\ui_core_gdt\ui.core.gdt\hmi.gfx.manager.02\error_log\hmi_gfx_mgr02_fault.c">
      <Filter>ui.core.gdt</Filter>
    </ClCompile>
    <ClCompile Include="..\..\..\..\..\gdt\ui_core_gdt\ui.core.gdt\hmi.gfx.manager.02\src\hmi_gfx_mgr02_generic.c">
      <Filter>ui.core.gdt</Filter>
    </ClCompile>
    <ClCompile Include="..\..\..\..\..\gdt\ui_core_gdt\ui.core.gdt\osal\sosa\hmi_gfx_mgr02_if.c">
      <Filter>ui.core.gdt</Filter>
    </ClCompile>
    <ClCompile Include="..\..\..\..\..\gdt\ui_core_gdt\ui.core.gdt\osal\sosa\hmi_gfx_mgr02_if_chart.c">
      <Filter>ui.core.gdt</Filter>
    </ClCompile>
    <ClCompile Include="..\..\..\..\..\gdt\ui_core_gdt\ui.core.gdt\osal\sosa\hmi_gfx_mgr02_if_model_autocode.c">
      <Filter>ui.core.gdt</Filter>
    </ClCompile>
    <ClCompile Include="..\..\..\..\..\gdt\ui_core_gdt\ui.core.gdt\hmi.gfx.manager.02\src\hmi_gfx_mgr02_irislib.c">
      <Filter>ui.core.gdt</Filter>
    </ClCompile>
    <ClCompile Include="..\..\..\..\..\gdt\ui_core_gdt\ui.core.gdt\hmi.gfx.manager.02\src\hmi_gfx_mgr02_layout.c">
      <Filter>ui.core.gdt</Filter>
    </ClCompile>
    <ClCompile Include="..\..\..\..\..\gdt\ui_core_gdt\ui.core.gdt\hmi.gfx.manager.02\src\hmi_gfx_mgr02_mem.c">
      <Filter>ui.core.gdt</Filter>
    </ClCompile>
    <ClCompile Include="..\..\..\..\..\gdt\ui_core_gdt\ui.core.gdt\hmi.gfx.manager.02\src\hmi_gfx_mgr02_ogllib.c">
      <Filter>ui.core.gdt</Filter>
    </ClCompile>
    <ClCompile Include="..\..\..\..\..\gdt\ui_core_gdt\ui.core.gdt\hmi.gfx.manager.02\src\hmi_gfx_mgr02_ovglib.c">
      <Filter>ui.core.gdt</Filter>
    </ClCompile>
    <ClCompile Include="..\..\..\..\..\gdt\ui_core_gdt\ui.core.gdt\hmi.gfx.manager.02\src\hmi_gfx_mgr02_perflog.c">
      <Filter>ui.core.gdt</Filter>
    </ClCompile>
    <ClCompile Include="..\..\..\..\..\gdt\ui_core_gdt\ui.core.gdt\hmi.gfx.manager.02\src\hmi_gfx_mgr02_swrlib.c">
      <Filter>ui.core.gdt</Filter>
    </ClCompile>
    <ClCompile Include="..\..\..\..\..\gdt\ui_core_gdt\ui.core.gdt\hmi.gfx.manager.02\src\hmi_gfx_mgr02_text.c">
      <Filter>ui.core.gdt</Filter>
    </ClCompile>
    <ClCompile Include="..\..\..\..\ui.core.iceapple\animation.core.02\src\hmi_gfx_anim_vm02_if.c">
      <Filter>ui.core.iceapple</Filter>
    </ClCompile>
    <ClCompile Include="..\..\..\..\ui.core.iceapple\animation.core.02\src\hmi_gfx_anim_engine.c">
      <Filter>ui.core.iceapple</Filter>
    </ClCompile>
    <ClCompile Include="..\..\..\..\..\gdt\ui_core_gdt\ui.core.gdt.test\hmi.gfx.manager.02\test.harness\dcu_win32\hmi_gfx_dcu_sim_w32.c">
      <Filter>sim_app</Filter>
    </ClCompile>
    <ClCompile Include="..\..\..\..\..\gdt\ui_core_gdt\ui.core.gdt.test\hmi.gfx.manager.02\test.harness\dcu_win32\egl.c">
      <Filter>sim_app</Filter>
    </ClCompile>
    <ClCompile Include="..\..\..\..\..\gdt\ui_core_gdt\ui.core.gdt.test\hmi.gfx.manager.02\test.harness\dcu_win32\eglfsl.c">
      <Filter>sim_app</Filter>
    </ClCompile>
    <ClCompile Include="..\..\..\..\ui.core.iceapple\language.core.01\src\hmi_language_interface.c">
      <Filter>ui.core.iceapple</Filter>
    </ClCompile>
    <ClCompile Include="..\..\..\..\..\services\ui.core.services\switch.event.manager\src\dm_swch.c">
      <Filter>ui.core.services</Filter>
    </ClCompile>
  </ItemGroup>
</Project>