
Microsoft Visual Studio Solution File, Format Version 9.00
# Visual Studio 2005
Project("{8BC9CEB8-8B4A-11D0-8D11-00A0C91BC942}") = "HMI", "HMI.vcproj", "{7EF3323D-E7A5-4233-A8FF-EC5F52232904}"
	ProjectSection(WebsiteProperties) = preProject
		Debug.AspNetCompiler.Debug = "True"
		Release.AspNetCompiler.Debug = "False"
	EndProjectSection
EndProject
Project("{8BC9CEB8-8B4A-11D0-8D11-00A0C91BC942}") = "ovg_lib", "..\ovg_lib\ovg_lib.vcproj", "{DD8DD463-2784-4008-806D-28D1CA83E795}"
	ProjectSection(WebsiteProperties) = preProject
		Debug.AspNetCompiler.Debug = "True"
		Release.AspNetCompiler.Debug = "False"
	EndProjectSection
EndProject
Global
	GlobalSection(SolutionConfigurationPlatforms) = preSolution
		Debug|FiskerNavCardSDK (ARMV4I) = Debug|FiskerNavCardSDK (ARMV4I)
		Debug|Mixed Platforms = Debug|Mixed Platforms
		Debug|Win32 = Debug|Win32
		Release|FiskerNavCardSDK (ARMV4I) = Release|FiskerNavCardSDK (ARMV4I)
		Release|Mixed Platforms = Release|Mixed Platforms
		Release|Win32 = Release|Win32
		Target|FiskerNavCardSDK (ARMV4I) = Target|FiskerNavCardSDK (ARMV4I)
		Target|Mixed Platforms = Target|Mixed Platforms
		Target|Win32 = Target|Win32
	EndGlobalSection
	GlobalSection(ProjectConfigurationPlatforms) = postSolution
		{7EF3323D-E7A5-4233-A8FF-EC5F52232904}.Debug|FiskerNavCardSDK (ARMV4I).ActiveCfg = Debug|FiskerNavCardSDK (ARMV4I)
		{7EF3323D-E7A5-4233-A8FF-EC5F52232904}.Debug|FiskerNavCardSDK (ARMV4I).Build.0 = Debug|FiskerNavCardSDK (ARMV4I)
		{7EF3323D-E7A5-4233-A8FF-EC5F52232904}.Debug|FiskerNavCardSDK (ARMV4I).Deploy.0 = Debug|FiskerNavCardSDK (ARMV4I)
		{7EF3323D-E7A5-4233-A8FF-EC5F52232904}.Debug|Mixed Platforms.ActiveCfg = Debug|FiskerNavCardSDK (ARMV4I)
		{7EF3323D-E7A5-4233-A8FF-EC5F52232904}.Debug|Mixed Platforms.Build.0 = Debug|FiskerNavCardSDK (ARMV4I)
		{7EF3323D-E7A5-4233-A8FF-EC5F52232904}.Debug|Mixed Platforms.Deploy.0 = Debug|FiskerNavCardSDK (ARMV4I)
		{7EF3323D-E7A5-4233-A8FF-EC5F52232904}.Debug|Win32.ActiveCfg = Debug|FiskerNavCardSDK (ARMV4I)
		{7EF3323D-E7A5-4233-A8FF-EC5F52232904}.Release|FiskerNavCardSDK (ARMV4I).ActiveCfg = Release|FiskerNavCardSDK (ARMV4I)
		{7EF3323D-E7A5-4233-A8FF-EC5F52232904}.Release|FiskerNavCardSDK (ARMV4I).Build.0 = Release|FiskerNavCardSDK (ARMV4I)
		{7EF3323D-E7A5-4233-A8FF-EC5F52232904}.Release|FiskerNavCardSDK (ARMV4I).Deploy.0 = Release|FiskerNavCardSDK (ARMV4I)
		{7EF3323D-E7A5-4233-A8FF-EC5F52232904}.Release|Mixed Platforms.ActiveCfg = Release|FiskerNavCardSDK (ARMV4I)
		{7EF3323D-E7A5-4233-A8FF-EC5F52232904}.Release|Mixed Platforms.Build.0 = Release|FiskerNavCardSDK (ARMV4I)
		{7EF3323D-E7A5-4233-A8FF-EC5F52232904}.Release|Mixed Platforms.Deploy.0 = Release|FiskerNavCardSDK (ARMV4I)
		{7EF3323D-E7A5-4233-A8FF-EC5F52232904}.Release|Win32.ActiveCfg = Release|FiskerNavCardSDK (ARMV4I)
		{7EF3323D-E7A5-4233-A8FF-EC5F52232904}.Target|FiskerNavCardSDK (ARMV4I).ActiveCfg = Target|FiskerNavCardSDK (ARMV4I)
		{7EF3323D-E7A5-4233-A8FF-EC5F52232904}.Target|FiskerNavCardSDK (ARMV4I).Build.0 = Target|FiskerNavCardSDK (ARMV4I)
		{7EF3323D-E7A5-4233-A8FF-EC5F52232904}.Target|FiskerNavCardSDK (ARMV4I).Deploy.0 = Target|FiskerNavCardSDK (ARMV4I)
		{7EF3323D-E7A5-4233-A8FF-EC5F52232904}.Target|Mixed Platforms.ActiveCfg = Target|FiskerNavCardSDK (ARMV4I)
		{7EF3323D-E7A5-4233-A8FF-EC5F52232904}.Target|Mixed Platforms.Build.0 = Target|FiskerNavCardSDK (ARMV4I)
		{7EF3323D-E7A5-4233-A8FF-EC5F52232904}.Target|Mixed Platforms.Deploy.0 = Target|FiskerNavCardSDK (ARMV4I)
		{7EF3323D-E7A5-4233-A8FF-EC5F52232904}.Target|Win32.ActiveCfg = Target|FiskerNavCardSDK (ARMV4I)
		{DD8DD463-2784-4008-806D-28D1CA83E795}.Debug|FiskerNavCardSDK (ARMV4I).ActiveCfg = Release|FiskerNavCardSDK (ARMV4I)
		{DD8DD463-2784-4008-806D-28D1CA83E795}.Debug|FiskerNavCardSDK (ARMV4I).Build.0 = Release|FiskerNavCardSDK (ARMV4I)
		{DD8DD463-2784-4008-806D-28D1CA83E795}.Debug|FiskerNavCardSDK (ARMV4I).Deploy.0 = Release|FiskerNavCardSDK (ARMV4I)
		{DD8DD463-2784-4008-806D-28D1CA83E795}.Debug|Mixed Platforms.ActiveCfg = Debug|FiskerNavCardSDK (ARMV4I)
		{DD8DD463-2784-4008-806D-28D1CA83E795}.Debug|Mixed Platforms.Build.0 = Debug|FiskerNavCardSDK (ARMV4I)
		{DD8DD463-2784-4008-806D-28D1CA83E795}.Debug|Mixed Platforms.Deploy.0 = Debug|FiskerNavCardSDK (ARMV4I)
		{DD8DD463-2784-4008-806D-28D1CA83E795}.Debug|Win32.ActiveCfg = Debug|FiskerNavCardSDK (ARMV4I)
		{DD8DD463-2784-4008-806D-28D1CA83E795}.Release|FiskerNavCardSDK (ARMV4I).ActiveCfg = Release|FiskerNavCardSDK (ARMV4I)
		{DD8DD463-2784-4008-806D-28D1CA83E795}.Release|FiskerNavCardSDK (ARMV4I).Build.0 = Release|FiskerNavCardSDK (ARMV4I)
		{DD8DD463-2784-4008-806D-28D1CA83E795}.Release|FiskerNavCardSDK (ARMV4I).Deploy.0 = Release|FiskerNavCardSDK (ARMV4I)
		{DD8DD463-2784-4008-806D-28D1CA83E795}.Release|Mixed Platforms.ActiveCfg = Release|FiskerNavCardSDK (ARMV4I)
		{DD8DD463-2784-4008-806D-28D1CA83E795}.Release|Mixed Platforms.Build.0 = Release|FiskerNavCardSDK (ARMV4I)
		{DD8DD463-2784-4008-806D-28D1CA83E795}.Release|Mixed Platforms.Deploy.0 = Release|FiskerNavCardSDK (ARMV4I)
		{DD8DD463-2784-4008-806D-28D1CA83E795}.Release|Win32.ActiveCfg = Release|FiskerNavCardSDK (ARMV4I)
		{DD8DD463-2784-4008-806D-28D1CA83E795}.Target|FiskerNavCardSDK (ARMV4I).ActiveCfg = Release|FiskerNavCardSDK (ARMV4I)
		{DD8DD463-2784-4008-806D-28D1CA83E795}.Target|FiskerNavCardSDK (ARMV4I).Build.0 = Release|FiskerNavCardSDK (ARMV4I)
		{DD8DD463-2784-4008-806D-28D1CA83E795}.Target|FiskerNavCardSDK (ARMV4I).Deploy.0 = Release|FiskerNavCardSDK (ARMV4I)
		{DD8DD463-2784-4008-806D-28D1CA83E795}.Target|Mixed Platforms.ActiveCfg = Release|FiskerNavCardSDK (ARMV4I)
		{DD8DD463-2784-4008-806D-28D1CA83E795}.Target|Mixed Platforms.Build.0 = Release|FiskerNavCardSDK (ARMV4I)
		{DD8DD463-2784-4008-806D-28D1CA83E795}.Target|Mixed Platforms.Deploy.0 = Release|FiskerNavCardSDK (ARMV4I)
		{DD8DD463-2784-4008-806D-28D1CA83E795}.Target|Win32.ActiveCfg = Release|FiskerNavCardSDK (ARMV4I)
	EndGlobalSection
	GlobalSection(SolutionProperties) = preSolution
		HideSolutionNode = FALSE
	EndGlobalSection
EndGlobal
