
Microsoft Visual Studio Solution File, Format Version 12.00
# Visual Studio Version 17
VisualStudioVersion = 17.5.33530.505
MinimumVisualStudioVersion = 10.0.40219.1
Project("{8BC9CEB8-8B4A-11D0-8D11-00A0C91BC942}") = "TV2_Windows", "Windows\TV2_Windows.vcxproj", "{8DA828A9-5FEA-4A75-BED5-3A409E964EE7}"
EndProject
Project("{8BC9CEB8-8B4A-11D0-8D11-00A0C91BC942}") = "TV2_Monotype", "Monotype\TV2_Monotype.vcxproj", "{65AB706E-9897-4FF2-8ACE-B9DF0C8D2F8C}"
EndProject
Project("{8BC9CEB8-8B4A-11D0-8D11-00A0C91BC942}") = "wtle_shaper_engine", "Monotype\wtle_shaper_engine.vcxproj", "{63E3CA31-D76E-4124-A33F-EB76FE8294BC}"
EndProject
Project("{8BC9CEB8-8B4A-11D0-8D11-00A0C91BC942}") = "itype", "Monotype\itype.vcxproj", "{CF1086E5-8ABE-4B75-B04A-8000AAEA0AEA}"
EndProject
Project("{8BC9CEB8-8B4A-11D0-8D11-00A0C91BC942}") = "TV2_Freetype", "Freetype2\TV2_Freetype2.vcxproj", "{C68D8E51-74BC-40B9-89CE-2BA81FD3D4F4}"
EndProject
Global
	GlobalSection(SolutionConfigurationPlatforms) = preSolution
		Debug|x86 = Debug|x86
		Freetype2_Debug|x86 = Freetype2_Debug|x86
		Monotype_Debug|x86 = Monotype_Debug|x86
		MT_Release|x86 = MT_Release|x86
		MTRelease|x86 = MTRelease|x86
		Release|x86 = Release|x86
		TextAutomation|x86 = TextAutomation|x86
		Windows_Debug|x86 = Windows_Debug|x86
	EndGlobalSection
	GlobalSection(ProjectConfigurationPlatforms) = postSolution
		{8DA828A9-5FEA-4A75-BED5-3A409E964EE7}.Debug|x86.ActiveCfg = Debug|Win32
		{8DA828A9-5FEA-4A75-BED5-3A409E964EE7}.Debug|x86.Build.0 = Debug|Win32
		{8DA828A9-5FEA-4A75-BED5-3A409E964EE7}.Freetype2_Debug|x86.ActiveCfg = Freetype2_Debug|Win32
		{8DA828A9-5FEA-4A75-BED5-3A409E964EE7}.Monotype_Debug|x86.ActiveCfg = Debug|Win32
		{8DA828A9-5FEA-4A75-BED5-3A409E964EE7}.MT_Release|x86.ActiveCfg = MT_Release|Win32
		{8DA828A9-5FEA-4A75-BED5-3A409E964EE7}.MTRelease|x86.ActiveCfg = MT_Release|Win32
		{8DA828A9-5FEA-4A75-BED5-3A409E964EE7}.Release|x86.ActiveCfg = Release|Win32
		{8DA828A9-5FEA-4A75-BED5-3A409E964EE7}.Release|x86.Build.0 = Release|Win32
		{8DA828A9-5FEA-4A75-BED5-3A409E964EE7}.TextAutomation|x86.ActiveCfg = TextAutomation|Win32
		{8DA828A9-5FEA-4A75-BED5-3A409E964EE7}.TextAutomation|x86.Build.0 = TextAutomation|Win32
		{8DA828A9-5FEA-4A75-BED5-3A409E964EE7}.Windows_Debug|x86.ActiveCfg = Debug|Win32
		{8DA828A9-5FEA-4A75-BED5-3A409E964EE7}.Windows_Debug|x86.Build.0 = Debug|Win32
		{65AB706E-9897-4FF2-8ACE-B9DF0C8D2F8C}.Debug|x86.ActiveCfg = Debug|Win32
		{65AB706E-9897-4FF2-8ACE-B9DF0C8D2F8C}.Debug|x86.Build.0 = Debug|Win32
		{65AB706E-9897-4FF2-8ACE-B9DF0C8D2F8C}.Freetype2_Debug|x86.ActiveCfg = Freetype2_Debug|Win32
		{65AB706E-9897-4FF2-8ACE-B9DF0C8D2F8C}.Monotype_Debug|x86.ActiveCfg = Debug|Win32
		{65AB706E-9897-4FF2-8ACE-B9DF0C8D2F8C}.Monotype_Debug|x86.Build.0 = Debug|Win32
		{65AB706E-9897-4FF2-8ACE-B9DF0C8D2F8C}.MT_Release|x86.ActiveCfg = MT_Release|Win32
		{65AB706E-9897-4FF2-8ACE-B9DF0C8D2F8C}.MT_Release|x86.Build.0 = MT_Release|Win32
		{65AB706E-9897-4FF2-8ACE-B9DF0C8D2F8C}.MTRelease|x86.ActiveCfg = MT_Release|Win32
		{65AB706E-9897-4FF2-8ACE-B9DF0C8D2F8C}.MTRelease|x86.Build.0 = MT_Release|Win32
		{65AB706E-9897-4FF2-8ACE-B9DF0C8D2F8C}.Release|x86.ActiveCfg = Release|Win32
		{65AB706E-9897-4FF2-8ACE-B9DF0C8D2F8C}.Release|x86.Build.0 = Release|Win32
		{65AB706E-9897-4FF2-8ACE-B9DF0C8D2F8C}.TextAutomation|x86.ActiveCfg = TextAutomation|Win32
		{65AB706E-9897-4FF2-8ACE-B9DF0C8D2F8C}.TextAutomation|x86.Build.0 = TextAutomation|Win32
		{65AB706E-9897-4FF2-8ACE-B9DF0C8D2F8C}.Windows_Debug|x86.ActiveCfg = Debug|Win32
		{63E3CA31-D76E-4124-A33F-EB76FE8294BC}.Debug|x86.ActiveCfg = Debug|Win32
		{63E3CA31-D76E-4124-A33F-EB76FE8294BC}.Debug|x86.Build.0 = Debug|Win32
		{63E3CA31-D76E-4124-A33F-EB76FE8294BC}.Freetype2_Debug|x86.ActiveCfg = Freetype2_Debug|Win32
		{63E3CA31-D76E-4124-A33F-EB76FE8294BC}.Monotype_Debug|x86.ActiveCfg = Debug|Win32
		{63E3CA31-D76E-4124-A33F-EB76FE8294BC}.Monotype_Debug|x86.Build.0 = Debug|Win32
		{63E3CA31-D76E-4124-A33F-EB76FE8294BC}.MT_Release|x86.ActiveCfg = MT_Release|Win32
		{63E3CA31-D76E-4124-A33F-EB76FE8294BC}.MT_Release|x86.Build.0 = MT_Release|Win32
		{63E3CA31-D76E-4124-A33F-EB76FE8294BC}.MTRelease|x86.ActiveCfg = Release|Win32
		{63E3CA31-D76E-4124-A33F-EB76FE8294BC}.MTRelease|x86.Build.0 = Release|Win32
		{63E3CA31-D76E-4124-A33F-EB76FE8294BC}.Release|x86.ActiveCfg = Release|Win32
		{63E3CA31-D76E-4124-A33F-EB76FE8294BC}.Release|x86.Build.0 = Release|Win32
		{63E3CA31-D76E-4124-A33F-EB76FE8294BC}.TextAutomation|x86.ActiveCfg = Debug|Win32
		{63E3CA31-D76E-4124-A33F-EB76FE8294BC}.TextAutomation|x86.Build.0 = Debug|Win32
		{63E3CA31-D76E-4124-A33F-EB76FE8294BC}.Windows_Debug|x86.ActiveCfg = Debug|Win32
		{CF1086E5-8ABE-4B75-B04A-8000AAEA0AEA}.Debug|x86.ActiveCfg = Debug|Win32
		{CF1086E5-8ABE-4B75-B04A-8000AAEA0AEA}.Debug|x86.Build.0 = Debug|Win32
		{CF1086E5-8ABE-4B75-B04A-8000AAEA0AEA}.Freetype2_Debug|x86.ActiveCfg = Freetype2_Debug|Win32
		{CF1086E5-8ABE-4B75-B04A-8000AAEA0AEA}.Monotype_Debug|x86.ActiveCfg = Debug|Win32
		{CF1086E5-8ABE-4B75-B04A-8000AAEA0AEA}.Monotype_Debug|x86.Build.0 = Debug|Win32
		{CF1086E5-8ABE-4B75-B04A-8000AAEA0AEA}.MT_Release|x86.ActiveCfg = MT_Release|Win32
		{CF1086E5-8ABE-4B75-B04A-8000AAEA0AEA}.MT_Release|x86.Build.0 = MT_Release|Win32
		{CF1086E5-8ABE-4B75-B04A-8000AAEA0AEA}.MTRelease|x86.ActiveCfg = MT_Release|Win32
		{CF1086E5-8ABE-4B75-B04A-8000AAEA0AEA}.MTRelease|x86.Build.0 = MT_Release|Win32
		{CF1086E5-8ABE-4B75-B04A-8000AAEA0AEA}.Release|x86.ActiveCfg = Debug|Win32
		{CF1086E5-8ABE-4B75-B04A-8000AAEA0AEA}.Release|x86.Build.0 = Debug|Win32
		{CF1086E5-8ABE-4B75-B04A-8000AAEA0AEA}.TextAutomation|x86.ActiveCfg = Debug|Win32
		{CF1086E5-8ABE-4B75-B04A-8000AAEA0AEA}.TextAutomation|x86.Build.0 = Debug|Win32
		{CF1086E5-8ABE-4B75-B04A-8000AAEA0AEA}.Windows_Debug|x86.ActiveCfg = Debug|Win32
		{C68D8E51-74BC-40B9-89CE-2BA81FD3D4F4}.Debug|x86.ActiveCfg = Debug|Win32
		{C68D8E51-74BC-40B9-89CE-2BA81FD3D4F4}.Debug|x86.Build.0 = Debug|Win32
		{C68D8E51-74BC-40B9-89CE-2BA81FD3D4F4}.Freetype2_Debug|x86.ActiveCfg = Debug|Win32
		{C68D8E51-74BC-40B9-89CE-2BA81FD3D4F4}.Freetype2_Debug|x86.Build.0 = Debug|Win32
		{C68D8E51-74BC-40B9-89CE-2BA81FD3D4F4}.Monotype_Debug|x86.ActiveCfg = Debug|Win32
		{C68D8E51-74BC-40B9-89CE-2BA81FD3D4F4}.MT_Release|x86.ActiveCfg = Debug|Win32
		{C68D8E51-74BC-40B9-89CE-2BA81FD3D4F4}.MTRelease|x86.ActiveCfg = Release|Win32
		{C68D8E51-74BC-40B9-89CE-2BA81FD3D4F4}.Release|x86.ActiveCfg = Release|Win32
		{C68D8E51-74BC-40B9-89CE-2BA81FD3D4F4}.Release|x86.Build.0 = Release|Win32
		{C68D8E51-74BC-40B9-89CE-2BA81FD3D4F4}.TextAutomation|x86.ActiveCfg = TextAutomation|Win32
		{C68D8E51-74BC-40B9-89CE-2BA81FD3D4F4}.Windows_Debug|x86.ActiveCfg = Debug|Win32
	EndGlobalSection
	GlobalSection(SolutionProperties) = preSolution
		HideSolutionNode = FALSE
	EndGlobalSection
	GlobalSection(ExtensibilityGlobals) = postSolution
		SolutionGuid = {F2FA2B4F-667B-429A-A4EF-4BABA4EAFFBF}
	EndGlobalSection
EndGlobal
